// !$*UTF8*$!
{
	archiveVersion = 1;
	classes = {
	};
	objectVersion = 55;
	objects = {

/* Begin PBXBuildFile section */
		0122A8161A1BCD4C0913260B /* ShopLiveShortformEditorConfiguration.swift in Sources */ = {isa = PBXBuildFile; fileRef = 530A72B828DB2B186AE69D28 /* ShopLiveShortformEditorConfiguration.swift */; };
		06FE5E6E5B2210EB04F8DA43 /* Bindable.swift in Sources */ = {isa = PBXBuildFile; fileRef = C872273218D13B636A4EE07B /* Bindable.swift */; };
		08B5F11F01AEE1AB74547FE6 /* SLImagePicker.storyboard in Resources */ = {isa = PBXBuildFile; fileRef = AE49EF998375245870684B9D /* SLImagePicker.storyboard */; };
		0BA7BD0A56E7963B06CC2BDF /* ShortsDetail.swift in Sources */ = {isa = PBXBuildFile; fileRef = 35C451480F59AFE68F0D9330 /* ShortsDetail.swift */; };
		127C37BC5B1015CFF696E13F /* ffmpegkit.xcframework in Frameworks */ = {isa = PBXBuildFile; fileRef = 00AFF93A687609DDC7A7F2BE /* ffmpegkit.xcframework */; };
		13394FD4FD1A1CDC5B7F8AAF /* ShortFormConfigurationInfoModel.swift in Sources */ = {isa = PBXBuildFile; fileRef = 88E4ED104BE1DDA8DE614A73 /* ShortFormConfigurationInfoModel.swift */; };
		1522D216354048CB63230CBA /* SLAssetsCollection.swift in Sources */ = {isa = PBXBuildFile; fileRef = F5678D66B14A2895F5DDCFB3 /* SLAssetsCollection.swift */; };
		153B83852B81EBD5E3691F8E /* SLVideoEditorViewController.swift in Sources */ = {isa = PBXBuildFile; fileRef = 437495992BB3CEE1EA49154D /* SLVideoEditorViewController.swift */; };
		161282A378715D83EA9A0653 /* SLPhotosPickerViewController.swift in Sources */ = {isa = PBXBuildFile; fileRef = 363C52681B5F3EC4925A3B4D /* SLPhotosPickerViewController.swift */; };
		16C0A81AC0A1BE8AA4880A9E /* SLShortformUploadCheckAPI.swift in Sources */ = {isa = PBXBuildFile; fileRef = 608E7A787F07D526499876E4 /* SLShortformUploadCheckAPI.swift */; };
		1736BE606263C4BD4E70F571 /* SLVideoEditorViewController2.swift in Sources */ = {isa = PBXBuildFile; fileRef = 5C637159A26C29DE56484623 /* SLVideoEditorViewController2.swift */; };
		19A80CB2FDE99F74F3D7E2BD /* SLVideoEditorPlayerCropView.swift in Sources */ = {isa = PBXBuildFile; fileRef = 955F52F4B07CA8594E0A36CB /* SLVideoEditorPlayerCropView.swift */; };
		1AA7A6F3CACA6B1452549894 /* SLBundle+SPM.swift in Sources */ = {isa = PBXBuildFile; fileRef = B73933BE590A66ED7908C4E8 /* SLBundle+SPM.swift */; };
		222EA9ABCFB8B77DE8809263 /* SLVideoEditorTrimFrameCell.swift in Sources */ = {isa = PBXBuildFile; fileRef = 4B02120289521471D5802F2D /* SLVideoEditorTrimFrameCell.swift */; };
		22C742AD4483D794F4473303 /* SLPhotopickerDataSourcesProtocol.swift in Sources */ = {isa = PBXBuildFile; fileRef = CCEE78D9FAD9E2EA7FF9B4AC /* SLPhotopickerDataSourcesProtocol.swift */; };
		264489B3C1B7F61374C199E5 /* Localizable.strings in Resources */ = {isa = PBXBuildFile; fileRef = EF11BBF4DEFF8E579390BA0F /* Localizable.strings */; };
		28FD38D354A529ADA68F6292 /* SLPhotosPickerViewController + FFMpeg.swift in Sources */ = {isa = PBXBuildFile; fileRef = 486C1FC43D08A52CDA9EED92 /* SLPhotosPickerViewController + FFMpeg.swift */; };
		29C205BAAAAAAF45E941BFED /* SLAssetCollection+Extension.swift in Sources */ = {isa = PBXBuildFile; fileRef = F3193CA4E191C6F580F44C39 /* SLAssetCollection+Extension.swift */; };
		2D29EB229C09F27479663074 /* TuistStrings+ShopLiveShortformEditorSDK.swift in Sources */ = {isa = PBXBuildFile; fileRef = A1E7FDA8C3343AA2ED70A74B /* TuistStrings+ShopLiveShortformEditorSDK.swift */; };
		34026872BD4FD382CB97059A /* SLVideoEditorSliderView.swift in Sources */ = {isa = PBXBuildFile; fileRef = B77D60190A402DDC7001ECE2 /* SLVideoEditorSliderView.swift */; };
		36BBBF65A085B33AABB36330 /* libavfilter.xcframework in Frameworks */ = {isa = PBXBuildFile; fileRef = 35086F77BD5FCAE8E4FD4221 /* libavfilter.xcframework */; };
		370B4E30D736754CE161EB93 /* TuistBundle+ShopLiveShortformEditorSDK.swift in Sources */ = {isa = PBXBuildFile; fileRef = 3136AF49DD4CFB5D891BA57B /* TuistBundle+ShopLiveShortformEditorSDK.swift */; };
		3A7F1FE291ECDE003DA156B6 /* TuistAssets+ShopLiveShortformEditorSDK.swift in Sources */ = {isa = PBXBuildFile; fileRef = 7D0C073F773D20EB12B292C9 /* TuistAssets+ShopLiveShortformEditorSDK.swift */; };
		3C06ADDD1F5439C77DF388DD /* SLShortformUploadAPI.swift in Sources */ = {isa = PBXBuildFile; fileRef = 4468F1F2093084E5A7229309 /* SLShortformUploadAPI.swift */; };
		3ED748EE2F1C30C0AFBE7746 /* SLUploadVideoPreviewController.swift in Sources */ = {isa = PBXBuildFile; fileRef = 61232525237C57823C7D4B2D /* SLUploadVideoPreviewController.swift */; };
		42EB086C80D099DA422ACE55 /* SLVideoEditorSliderHandleView.swift in Sources */ = {isa = PBXBuildFile; fileRef = 2F98F454B3D2CD93A5D076BA /* SLVideoEditorSliderHandleView.swift */; };
		46EED5A24A0045D39EE33AB9 /* VideoThumbnailBtn.swift in Sources */ = {isa = PBXBuildFile; fileRef = 991220923CD29F5B29CE3BEF /* VideoThumbnailBtn.swift */; };
		47814D032100482FFDCD2E94 /* String+extension.swift in Sources */ = {isa = PBXBuildFile; fileRef = D706BB037C6589011A04782B /* String+extension.swift */; };
		4E888F4054CF974E319B5FF3 /* SLVideoConverter.swift in Sources */ = {isa = PBXBuildFile; fileRef = 144738ECBA04185A6A8D9C89 /* SLVideoConverter.swift */; };
		4F0E7D66A3DE78DDA9A4E7E7 /* SLVideoEditorSliderView2.swift in Sources */ = {isa = PBXBuildFile; fileRef = C879BD0C21CD9F097C800757 /* SLVideoEditorSliderView2.swift */; };
		52A9D08BD85F592E84BF84BD /* libswresample.xcframework in Frameworks */ = {isa = PBXBuildFile; fileRef = EA23BA72E716FF31A1AEABB1 /* libswresample.xcframework */; };
		57B3871B50D4F201C1116FC6 /* ShopLiveShortformConfigurationManager.swift in Sources */ = {isa = PBXBuildFile; fileRef = 9E0DBA09EC15BF2E0FE4999C /* ShopLiveShortformConfigurationManager.swift */; };
		5912D640D3EE51FA23E2000E /* VideoPlayer.swift in Sources */ = {isa = PBXBuildFile; fileRef = 89ABE6C712AC92729726FA20 /* VideoPlayer.swift */; };
		5F0487C27CE926FB09F23BCB /* SLPhotosPickerViewController + permission.swift in Sources */ = {isa = PBXBuildFile; fileRef = 8CECF2CF486403AD3B0ED977 /* SLPhotosPickerViewController + permission.swift */; };
		5F7D85EB4F097852027EAFB5 /* ProductBannerModel.swift in Sources */ = {isa = PBXBuildFile; fileRef = 2657A5BAD15135B8941D4ED5 /* ProductBannerModel.swift */; };
		618392AF17AFD3BBA12B3C84 /* SLCollectionTableViewCell.xib in Resources */ = {isa = PBXBuildFile; fileRef = E329C36C96596B81BFE747DA /* SLCollectionTableViewCell.xib */; };
		62122575F6E08EC21EE5438F /* SLPhotosPickerViewController + LoadingDelegate.swift in Sources */ = {isa = PBXBuildFile; fileRef = 353A19D2F49BA141F5F0BABC /* SLPhotosPickerViewController + LoadingDelegate.swift */; };
		653F8BA0BE11C0D3AFE43477 /* SLPhotosPickerViewController.xib in Resources */ = {isa = PBXBuildFile; fileRef = 754A8376DDE15DD82AF14015 /* SLPhotosPickerViewController.xib */; };
		67DCB4790FC747962E496504 /* SLUploadResponse.swift in Sources */ = {isa = PBXBuildFile; fileRef = 28623AC7D3FCEC2254EC063F /* SLUploadResponse.swift */; };
		69E596A9A005D486271A2E31 /* SLUploadInfoController2.swift in Sources */ = {isa = PBXBuildFile; fileRef = 3D6092E84FA5A77C9791A9E5 /* SLUploadInfoController2.swift */; };
		6A64CF2104FA6ECB8EB2D1A9 /* ShortsSettingConfigJson.swift in Sources */ = {isa = PBXBuildFile; fileRef = E10C03F2AC001D94297F194C /* ShortsSettingConfigJson.swift */; };
		79C43005726F0EBED21F41B1 /* SLPhotoLibrary.swift in Sources */ = {isa = PBXBuildFile; fileRef = 7F693A5A942E98CBE43319F7 /* SLPhotoLibrary.swift */; };
		7BF9D301D6ABDA0088A221C7 /* SLBackspaceDetectingTextField.swift in Sources */ = {isa = PBXBuildFile; fileRef = 64F959A3B32F4C2894DBA28C /* SLBackspaceDetectingTextField.swift */; };
		810DE227605E11B612B200F0 /* SLSynchronizedDictionary.swift in Sources */ = {isa = PBXBuildFile; fileRef = 6770C234CBBEC3780C167980 /* SLSynchronizedDictionary.swift */; };
		87123FCBB15B5F0CCF4B9508 /* VideoPlayerView.swift in Sources */ = {isa = PBXBuildFile; fileRef = 01240F7BFF6BB06752FF7ACB /* VideoPlayerView.swift */; };
		8ADFF8EB4F677F1B7B79582C /* SLUpoadInfoController.swift in Sources */ = {isa = PBXBuildFile; fileRef = FC4787DCD8E382A95E8CAC65 /* SLUpoadInfoController.swift */; };
		8CCA1C3BF92E5452A08B4EAA /* libswscale.xcframework in Frameworks */ = {isa = PBXBuildFile; fileRef = 5212920877F8BF16B62F38B9 /* libswscale.xcframework */; };
		8F8AA81620841957C53D4829 /* ShopLiveShortformEditorDelegate.swift in Sources */ = {isa = PBXBuildFile; fileRef = 6404275C6982829CAD9462E0 /* ShopLiveShortformEditorDelegate.swift */; };
		926A59C54F2869044D011E61 /* SLVideoEditoTrimFrameFooterView.swift in Sources */ = {isa = PBXBuildFile; fileRef = 82D8A40BC6DC5BF72D847317 /* SLVideoEditoTrimFrameFooterView.swift */; };
		9305E173EA150A3D646604E6 /* ShortFormConfigurationInfos.swift in Sources */ = {isa = PBXBuildFile; fileRef = 2679A85EDC05E88CBBA1DF9F /* ShortFormConfigurationInfos.swift */; };
		943D7799E316D765F553CFAC /* ProductModel.swift in Sources */ = {isa = PBXBuildFile; fileRef = DFF333ACA2F222915AF3854E /* ProductModel.swift */; };
		96D2323D441652045E6F3E6B /* ActivityModel.swift in Sources */ = {isa = PBXBuildFile; fileRef = A8D70A082455794DADE0A059 /* ActivityModel.swift */; };
		970A3B845CA4959BA9B1FA13 /* SLUploadableResponse.swift in Sources */ = {isa = PBXBuildFile; fileRef = BA8DABCDBDB867A57224242B /* SLUploadableResponse.swift */; };
		99649506D1B38CEFF2FEF2C0 /* SLCropInnerGridView.swift in Sources */ = {isa = PBXBuildFile; fileRef = BFDAB834AF490072E7CB8BD0 /* SLCropInnerGridView.swift */; };
		9CDF296E4BF68A834C493F87 /* SLWSTagView.swift in Sources */ = {isa = PBXBuildFile; fileRef = FA1A98164CB0FDFA59B35A21 /* SLWSTagView.swift */; };
		9F47D46D90A772412287002D /* SLThumbnailManager.swift in Sources */ = {isa = PBXBuildFile; fileRef = FF4563C7F357D7EFC9C3EDB4 /* SLThumbnailManager.swift */; };
		A194C348B77768820E16DCE6 /* libavdevice.xcframework in Frameworks */ = {isa = PBXBuildFile; fileRef = A482F26B672356EE9E1C480F /* libavdevice.xcframework */; };
		A714CA9389C5E60F224F54B4 /* SLPickerManager.swift in Sources */ = {isa = PBXBuildFile; fileRef = 5856F3CB928231A6960AF25A /* SLPickerManager.swift */; };
		A7FF2339FEFA68405C31F25F /* ShopLiveShortformEditor.swift in Sources */ = {isa = PBXBuildFile; fileRef = 0DDF82BD23DFA1187C303E3F /* ShopLiveShortformEditor.swift */; };
		ACCD101C6D1EA54AFC80993C /* SLWSTagsField.swift in Sources */ = {isa = PBXBuildFile; fileRef = EAE5D889AB29113E640A300C /* SLWSTagsField.swift */; };
		B15EAD0F63B35263544E229D /* SLWSTag.swift in Sources */ = {isa = PBXBuildFile; fileRef = 1F66FFBAF0BBE2E52C40CEA7 /* SLWSTag.swift */; };
		B8859DB0B30ECF3A81C6FFF9 /* SLShortformRegisterAPI.swift in Sources */ = {isa = PBXBuildFile; fileRef = 12DAEB5F0447BD7BCA3C1CE9 /* SLShortformRegisterAPI.swift */; };
		BE9FC2D989B08B6EC109E403 /* SLConstants.swift in Sources */ = {isa = PBXBuildFile; fileRef = DE7C9893BC9EEA0232B3DEB7 /* SLConstants.swift */; };
		BFAF63CF7A10F10F0489667A /* SLUploadAttachmentInfo.swift in Sources */ = {isa = PBXBuildFile; fileRef = 41C67C5D7F22DA4099153D9D /* SLUploadAttachmentInfo.swift */; };
		C1ED23E18A6E43C13D8ACDCE /* libavcodec.xcframework in Frameworks */ = {isa = PBXBuildFile; fileRef = 65544D0770B470F457E36963 /* libavcodec.xcframework */; };
		C236465E863512B16DA2FCB8 /* SLVideoEditorSliderHandleView2.swift in Sources */ = {isa = PBXBuildFile; fileRef = 7591A60521EAB246ADF1DBE7 /* SLVideoEditorSliderHandleView2.swift */; };
		C7CFC6FDB939F89B8BA2D5F4 /* SLPasteInterceptTextView.swift in Sources */ = {isa = PBXBuildFile; fileRef = 84EFBF18B55203C775BE61D6 /* SLPasteInterceptTextView.swift */; };
		C9E4C3126A78FE30835B9DA5 /* SLAssetPreviewViewController.swift in Sources */ = {isa = PBXBuildFile; fileRef = EAB251A1C6AE64561BD06BB1 /* SLAssetPreviewViewController.swift */; };
		CBFF8CEE995483B0D51991F5 /* SLPhotoCollectionViewCell.swift in Sources */ = {isa = PBXBuildFile; fileRef = 31C54CC74B13A099F87E0E99 /* SLPhotoCollectionViewCell.swift */; };
		CEBF00248F80F5C5CED6ECAD /* UIColor+extension.swift in Sources */ = {isa = PBXBuildFile; fileRef = 580672D3724F224545D73241 /* UIColor+extension.swift */; };
		CFC1BD300E20639C0E110FAD /* SLPhotosPickerViewController + EditorViewDelegate.swift in Sources */ = {isa = PBXBuildFile; fileRef = 150F160353B0AFB37705EA94 /* SLPhotosPickerViewController + EditorViewDelegate.swift */; };
		D037A438A08D975A4C25014F /* SLVideoEditorScrollView.swift in Sources */ = {isa = PBXBuildFile; fileRef = C8B82CADF594E07BBA4C9482 /* SLVideoEditorScrollView.swift */; };
		D244EA3C99EC6064FD0CBCD5 /* ShortsVideo.swift in Sources */ = {isa = PBXBuildFile; fileRef = 2D0937DC46753C07F3764A2A /* ShortsVideo.swift */; };
		D4EE16383ACF5DE047AEBE25 /* SLVideoEditorPlayerView.swift in Sources */ = {isa = PBXBuildFile; fileRef = CEEB4D835DB35F4369999AE4 /* SLVideoEditorPlayerView.swift */; };
		DC3EA2A060CDC3D953EF3143 /* SLAlbumPopView.swift in Sources */ = {isa = PBXBuildFile; fileRef = 5C7F91A50569305CD37A2633 /* SLAlbumPopView.swift */; };
		DEA9160445B6CB65CDDB7CAC /* ShortsModel.swift in Sources */ = {isa = PBXBuildFile; fileRef = A47A08E3EC2411896BB650AE /* ShortsModel.swift */; };
		DFED2C9DA0EC38084AD9DFDD /* SLVideoEditorViewReactor.swift in Sources */ = {isa = PBXBuildFile; fileRef = 06994A201C06B0ADFD714430 /* SLVideoEditorViewReactor.swift */; };
		DFFBA698E006BD69BFAD9890 /* Assets.xcassets in Resources */ = {isa = PBXBuildFile; fileRef = DA1BF905892A55892CF51398 /* Assets.xcassets */; };
		E093E241D099523FA449B504 /* SLCollectionTableViewCell.swift in Sources */ = {isa = PBXBuildFile; fileRef = BD3256AD0BBCC0FF18D37DDA /* SLCollectionTableViewCell.swift */; };
		E187B033F51FC26B57859E3B /* libavformat.xcframework in Frameworks */ = {isa = PBXBuildFile; fileRef = 20282A0F658C2789295F0FC4 /* libavformat.xcframework */; };
		E7CBD6C3C45D02C001C50899 /* CardModel.swift in Sources */ = {isa = PBXBuildFile; fileRef = 2483D5D455682BC518B41026 /* CardModel.swift */; };
		E8ACB8AA72ED29E7988C5A57 /* BrandModel.swift in Sources */ = {isa = PBXBuildFile; fileRef = A3645A1B0B9C81DDC45F0762 /* BrandModel.swift */; };
		EBBA4421402F7FD5F7010372 /* libavutil.xcframework in Frameworks */ = {isa = PBXBuildFile; fileRef = B26A98FD38F37BD861A56956 /* libavutil.xcframework */; };
		ED737314FF849BE6C592D5FD /* SLUploadInfoReactor.swift in Sources */ = {isa = PBXBuildFile; fileRef = 83C8B203F54A8C3BF7B6E746 /* SLUploadInfoReactor.swift */; };
		F19A060B02494583B6EE7E45 /* SLVideoPlayTimeView.swift in Sources */ = {isa = PBXBuildFile; fileRef = F395D074444F945D92591430 /* SLVideoPlayTimeView.swift */; };
		F85EA57B9D528829870B2BD0 /* SLPhotoCollectionViewCell.xib in Resources */ = {isa = PBXBuildFile; fileRef = 1B87BC74A98429BF5AEE18C4 /* SLPhotoCollectionViewCell.xib */; };
		FD3BBC3AEE63D7F56DA5B6A9 /* ShopLiveSDKCommon.framework in Frameworks */ = {isa = PBXBuildFile; fileRef = AD9DBA95742EB4D8E9CD13C1 /* ShopLiveSDKCommon.framework */; };
/* End PBXBuildFile section */

/* Begin PBXContainerItemProxy section */
		24FDFC4A4D2C18D1AA2E8DDF /* PBXContainerItemProxy */ = {
			isa = PBXContainerItemProxy;
			containerPortal = EB50FDED77C097177F49FB37 /* Project object */;
			proxyType = 1;
			remoteGlobalIDString = CD0A8EEB5C6686386F2B2A16;
			remoteInfo = ShopLiveShortformEditorSDK_ShopLiveShortformEditorSDK;
		};
/* End PBXContainerItemProxy section */

/* Begin PBXCopyFilesBuildPhase section */
		565AD62EB554D51B314A7501 /* Embed Frameworks */ = {
			isa = PBXCopyFilesBuildPhase;
			buildActionMask = 2147483647;
			dstPath = "";
			dstSubfolderSpec = 10;
			files = (
			);
			name = "Embed Frameworks";
			runOnlyForDeploymentPostprocessing = 0;
		};
		76ED76417DDDE81A4F612A1E /* Embed Frameworks */ = {
			isa = PBXCopyFilesBuildPhase;
			buildActionMask = 2147483647;
			dstPath = "";
			dstSubfolderSpec = 10;
			files = (
			);
			name = "Embed Frameworks";
			runOnlyForDeploymentPostprocessing = 0;
		};
/* End PBXCopyFilesBuildPhase section */

/* Begin PBXFileReference section */
		00AFF93A687609DDC7A7F2BE /* ffmpegkit.xcframework */ = {isa = PBXFileReference; lastKnownFileType = wrapper.xcframework; path = ffmpegkit.xcframework; sourceTree = "<group>"; };
		01240F7BFF6BB06752FF7ACB /* VideoPlayerView.swift */ = {isa = PBXFileReference; lastKnownFileType = sourcecode.swift; path = VideoPlayerView.swift; sourceTree = "<group>"; };
		035A6D0B77C8F8FA4886F39E /* ShopLiveShortformEditorSDK.framework */ = {isa = PBXFileReference; explicitFileType = wrapper.framework; includeInIndex = 0; path = ShopLiveShortformEditorSDK.framework; sourceTree = BUILT_PRODUCTS_DIR; };
		06994A201C06B0ADFD714430 /* SLVideoEditorViewReactor.swift */ = {isa = PBXFileReference; lastKnownFileType = sourcecode.swift; path = SLVideoEditorViewReactor.swift; sourceTree = "<group>"; };
		0DDF82BD23DFA1187C303E3F /* ShopLiveShortformEditor.swift */ = {isa = PBXFileReference; lastKnownFileType = sourcecode.swift; path = ShopLiveShortformEditor.swift; sourceTree = "<group>"; };
		12DAEB5F0447BD7BCA3C1CE9 /* SLShortformRegisterAPI.swift */ = {isa = PBXFileReference; lastKnownFileType = sourcecode.swift; path = SLShortformRegisterAPI.swift; sourceTree = "<group>"; };
		144738ECBA04185A6A8D9C89 /* SLVideoConverter.swift */ = {isa = PBXFileReference; lastKnownFileType = sourcecode.swift; path = SLVideoConverter.swift; sourceTree = "<group>"; };
		150F160353B0AFB37705EA94 /* SLPhotosPickerViewController + EditorViewDelegate.swift */ = {isa = PBXFileReference; lastKnownFileType = sourcecode.swift; path = "SLPhotosPickerViewController + EditorViewDelegate.swift"; sourceTree = "<group>"; };
		1B3228ED6AF61BA346330FDA /* ShopLiveShortformEditorSDK_ShopLiveShortformEditorSDK-Info.plist */ = {isa = PBXFileReference; lastKnownFileType = text.plist; path = "ShopLiveShortformEditorSDK_ShopLiveShortformEditorSDK-Info.plist"; sourceTree = "<group>"; };
		1B87BC74A98429BF5AEE18C4 /* SLPhotoCollectionViewCell.xib */ = {isa = PBXFileReference; lastKnownFileType = file.xib; path = SLPhotoCollectionViewCell.xib; sourceTree = "<group>"; };
		1E0AA589148DC67EA872028B /* ShopLiveShortformEditorSDK_ShopLiveShortformEditorSDK.bundle */ = {isa = PBXFileReference; explicitFileType = wrapper.cfbundle; includeInIndex = 0; path = ShopLiveShortformEditorSDK_ShopLiveShortformEditorSDK.bundle; sourceTree = BUILT_PRODUCTS_DIR; };
		1F66FFBAF0BBE2E52C40CEA7 /* SLWSTag.swift */ = {isa = PBXFileReference; lastKnownFileType = sourcecode.swift; path = SLWSTag.swift; sourceTree = "<group>"; };
		20282A0F658C2789295F0FC4 /* libavformat.xcframework */ = {isa = PBXFileReference; lastKnownFileType = wrapper.xcframework; path = libavformat.xcframework; sourceTree = "<group>"; };
		2483D5D455682BC518B41026 /* CardModel.swift */ = {isa = PBXFileReference; lastKnownFileType = sourcecode.swift; path = CardModel.swift; sourceTree = "<group>"; };
		2657A5BAD15135B8941D4ED5 /* ProductBannerModel.swift */ = {isa = PBXFileReference; lastKnownFileType = sourcecode.swift; path = ProductBannerModel.swift; sourceTree = "<group>"; };
		2679A85EDC05E88CBBA1DF9F /* ShortFormConfigurationInfos.swift */ = {isa = PBXFileReference; lastKnownFileType = sourcecode.swift; path = ShortFormConfigurationInfos.swift; sourceTree = "<group>"; };
		28623AC7D3FCEC2254EC063F /* SLUploadResponse.swift */ = {isa = PBXFileReference; lastKnownFileType = sourcecode.swift; path = SLUploadResponse.swift; sourceTree = "<group>"; };
		2D0937DC46753C07F3764A2A /* ShortsVideo.swift */ = {isa = PBXFileReference; lastKnownFileType = sourcecode.swift; path = ShortsVideo.swift; sourceTree = "<group>"; };
		2F98F454B3D2CD93A5D076BA /* SLVideoEditorSliderHandleView.swift */ = {isa = PBXFileReference; lastKnownFileType = sourcecode.swift; path = SLVideoEditorSliderHandleView.swift; sourceTree = "<group>"; };
		3136AF49DD4CFB5D891BA57B /* TuistBundle+ShopLiveShortformEditorSDK.swift */ = {isa = PBXFileReference; lastKnownFileType = sourcecode.swift; path = "TuistBundle+ShopLiveShortformEditorSDK.swift"; sourceTree = "<group>"; };
		31C54CC74B13A099F87E0E99 /* SLPhotoCollectionViewCell.swift */ = {isa = PBXFileReference; lastKnownFileType = sourcecode.swift; path = SLPhotoCollectionViewCell.swift; sourceTree = "<group>"; };
		35086F77BD5FCAE8E4FD4221 /* libavfilter.xcframework */ = {isa = PBXFileReference; lastKnownFileType = wrapper.xcframework; path = libavfilter.xcframework; sourceTree = "<group>"; };
		353A19D2F49BA141F5F0BABC /* SLPhotosPickerViewController + LoadingDelegate.swift */ = {isa = PBXFileReference; lastKnownFileType = sourcecode.swift; path = "SLPhotosPickerViewController + LoadingDelegate.swift"; sourceTree = "<group>"; };
		35C451480F59AFE68F0D9330 /* ShortsDetail.swift */ = {isa = PBXFileReference; lastKnownFileType = sourcecode.swift; path = ShortsDetail.swift; sourceTree = "<group>"; };
		363C52681B5F3EC4925A3B4D /* SLPhotosPickerViewController.swift */ = {isa = PBXFileReference; lastKnownFileType = sourcecode.swift; path = SLPhotosPickerViewController.swift; sourceTree = "<group>"; };
		3D6092E84FA5A77C9791A9E5 /* SLUploadInfoController2.swift */ = {isa = PBXFileReference; lastKnownFileType = sourcecode.swift; path = SLUploadInfoController2.swift; sourceTree = "<group>"; };
		3EDF0F6BCBBC53BDBADCA083 /* ShopLiveShortformEditorSDK-Info.plist */ = {isa = PBXFileReference; lastKnownFileType = text.plist; path = "ShopLiveShortformEditorSDK-Info.plist"; sourceTree = "<group>"; };
		41C67C5D7F22DA4099153D9D /* SLUploadAttachmentInfo.swift */ = {isa = PBXFileReference; lastKnownFileType = sourcecode.swift; path = SLUploadAttachmentInfo.swift; sourceTree = "<group>"; };
		437495992BB3CEE1EA49154D /* SLVideoEditorViewController.swift */ = {isa = PBXFileReference; lastKnownFileType = sourcecode.swift; path = SLVideoEditorViewController.swift; sourceTree = "<group>"; };
		4468F1F2093084E5A7229309 /* SLShortformUploadAPI.swift */ = {isa = PBXFileReference; lastKnownFileType = sourcecode.swift; path = SLShortformUploadAPI.swift; sourceTree = "<group>"; };
		486C1FC43D08A52CDA9EED92 /* SLPhotosPickerViewController + FFMpeg.swift */ = {isa = PBXFileReference; lastKnownFileType = sourcecode.swift; path = "SLPhotosPickerViewController + FFMpeg.swift"; sourceTree = "<group>"; };
		4B02120289521471D5802F2D /* SLVideoEditorTrimFrameCell.swift */ = {isa = PBXFileReference; lastKnownFileType = sourcecode.swift; path = SLVideoEditorTrimFrameCell.swift; sourceTree = "<group>"; };
		5212920877F8BF16B62F38B9 /* libswscale.xcframework */ = {isa = PBXFileReference; lastKnownFileType = wrapper.xcframework; path = libswscale.xcframework; sourceTree = "<group>"; };
		530A72B828DB2B186AE69D28 /* ShopLiveShortformEditorConfiguration.swift */ = {isa = PBXFileReference; lastKnownFileType = sourcecode.swift; path = ShopLiveShortformEditorConfiguration.swift; sourceTree = "<group>"; };
		580672D3724F224545D73241 /* UIColor+extension.swift */ = {isa = PBXFileReference; lastKnownFileType = sourcecode.swift; path = "UIColor+extension.swift"; sourceTree = "<group>"; };
		5856F3CB928231A6960AF25A /* SLPickerManager.swift */ = {isa = PBXFileReference; lastKnownFileType = sourcecode.swift; path = SLPickerManager.swift; sourceTree = "<group>"; };
		5C637159A26C29DE56484623 /* SLVideoEditorViewController2.swift */ = {isa = PBXFileReference; lastKnownFileType = sourcecode.swift; path = SLVideoEditorViewController2.swift; sourceTree = "<group>"; };
		5C7F91A50569305CD37A2633 /* SLAlbumPopView.swift */ = {isa = PBXFileReference; lastKnownFileType = sourcecode.swift; path = SLAlbumPopView.swift; sourceTree = "<group>"; };
		608E7A787F07D526499876E4 /* SLShortformUploadCheckAPI.swift */ = {isa = PBXFileReference; lastKnownFileType = sourcecode.swift; path = SLShortformUploadCheckAPI.swift; sourceTree = "<group>"; };
		61232525237C57823C7D4B2D /* SLUploadVideoPreviewController.swift */ = {isa = PBXFileReference; lastKnownFileType = sourcecode.swift; path = SLUploadVideoPreviewController.swift; sourceTree = "<group>"; };
		6404275C6982829CAD9462E0 /* ShopLiveShortformEditorDelegate.swift */ = {isa = PBXFileReference; lastKnownFileType = sourcecode.swift; path = ShopLiveShortformEditorDelegate.swift; sourceTree = "<group>"; };
		64F959A3B32F4C2894DBA28C /* SLBackspaceDetectingTextField.swift */ = {isa = PBXFileReference; lastKnownFileType = sourcecode.swift; path = SLBackspaceDetectingTextField.swift; sourceTree = "<group>"; };
		65544D0770B470F457E36963 /* libavcodec.xcframework */ = {isa = PBXFileReference; lastKnownFileType = wrapper.xcframework; path = libavcodec.xcframework; sourceTree = "<group>"; };
		6770C234CBBEC3780C167980 /* SLSynchronizedDictionary.swift */ = {isa = PBXFileReference; lastKnownFileType = sourcecode.swift; path = SLSynchronizedDictionary.swift; sourceTree = "<group>"; };
		754A8376DDE15DD82AF14015 /* SLPhotosPickerViewController.xib */ = {isa = PBXFileReference; lastKnownFileType = file.xib; path = SLPhotosPickerViewController.xib; sourceTree = "<group>"; };
		7591A60521EAB246ADF1DBE7 /* SLVideoEditorSliderHandleView2.swift */ = {isa = PBXFileReference; lastKnownFileType = sourcecode.swift; path = SLVideoEditorSliderHandleView2.swift; sourceTree = "<group>"; };
		7D0C073F773D20EB12B292C9 /* TuistAssets+ShopLiveShortformEditorSDK.swift */ = {isa = PBXFileReference; lastKnownFileType = sourcecode.swift; path = "TuistAssets+ShopLiveShortformEditorSDK.swift"; sourceTree = "<group>"; };
		7EC45C32123824A34541CCC2 /* en */ = {isa = PBXFileReference; lastKnownFileType = text.plist.strings; name = en; path = en.lproj/Localizable.strings; sourceTree = "<group>"; };
		7F693A5A942E98CBE43319F7 /* SLPhotoLibrary.swift */ = {isa = PBXFileReference; lastKnownFileType = sourcecode.swift; path = SLPhotoLibrary.swift; sourceTree = "<group>"; };
		82D8A40BC6DC5BF72D847317 /* SLVideoEditoTrimFrameFooterView.swift */ = {isa = PBXFileReference; lastKnownFileType = sourcecode.swift; path = SLVideoEditoTrimFrameFooterView.swift; sourceTree = "<group>"; };
		83C8B203F54A8C3BF7B6E746 /* SLUploadInfoReactor.swift */ = {isa = PBXFileReference; lastKnownFileType = sourcecode.swift; path = SLUploadInfoReactor.swift; sourceTree = "<group>"; };
		84EFBF18B55203C775BE61D6 /* SLPasteInterceptTextView.swift */ = {isa = PBXFileReference; lastKnownFileType = sourcecode.swift; path = SLPasteInterceptTextView.swift; sourceTree = "<group>"; };
		88E4ED104BE1DDA8DE614A73 /* ShortFormConfigurationInfoModel.swift */ = {isa = PBXFileReference; lastKnownFileType = sourcecode.swift; path = ShortFormConfigurationInfoModel.swift; sourceTree = "<group>"; };
		89ABE6C712AC92729726FA20 /* VideoPlayer.swift */ = {isa = PBXFileReference; lastKnownFileType = sourcecode.swift; path = VideoPlayer.swift; sourceTree = "<group>"; };
		8CECF2CF486403AD3B0ED977 /* SLPhotosPickerViewController + permission.swift */ = {isa = PBXFileReference; lastKnownFileType = sourcecode.swift; path = "SLPhotosPickerViewController + permission.swift"; sourceTree = "<group>"; };
		955F52F4B07CA8594E0A36CB /* SLVideoEditorPlayerCropView.swift */ = {isa = PBXFileReference; lastKnownFileType = sourcecode.swift; path = SLVideoEditorPlayerCropView.swift; sourceTree = "<group>"; };
		991220923CD29F5B29CE3BEF /* VideoThumbnailBtn.swift */ = {isa = PBXFileReference; lastKnownFileType = sourcecode.swift; path = VideoThumbnailBtn.swift; sourceTree = "<group>"; };
		9E0DBA09EC15BF2E0FE4999C /* ShopLiveShortformConfigurationManager.swift */ = {isa = PBXFileReference; lastKnownFileType = sourcecode.swift; path = ShopLiveShortformConfigurationManager.swift; sourceTree = "<group>"; };
		A1E7FDA8C3343AA2ED70A74B /* TuistStrings+ShopLiveShortformEditorSDK.swift */ = {isa = PBXFileReference; lastKnownFileType = sourcecode.swift; path = "TuistStrings+ShopLiveShortformEditorSDK.swift"; sourceTree = "<group>"; };
		A3645A1B0B9C81DDC45F0762 /* BrandModel.swift */ = {isa = PBXFileReference; lastKnownFileType = sourcecode.swift; path = BrandModel.swift; sourceTree = "<group>"; };
		A47A08E3EC2411896BB650AE /* ShortsModel.swift */ = {isa = PBXFileReference; lastKnownFileType = sourcecode.swift; path = ShortsModel.swift; sourceTree = "<group>"; };
		A482F26B672356EE9E1C480F /* libavdevice.xcframework */ = {isa = PBXFileReference; lastKnownFileType = wrapper.xcframework; path = libavdevice.xcframework; sourceTree = "<group>"; };
		A8D70A082455794DADE0A059 /* ActivityModel.swift */ = {isa = PBXFileReference; lastKnownFileType = sourcecode.swift; path = ActivityModel.swift; sourceTree = "<group>"; };
		AD9DBA95742EB4D8E9CD13C1 /* ShopLiveSDKCommon.framework */ = {isa = PBXFileReference; explicitFileType = wrapper.framework; includeInIndex = 0; path = ShopLiveSDKCommon.framework; sourceTree = BUILT_PRODUCTS_DIR; };
		AE49EF998375245870684B9D /* SLImagePicker.storyboard */ = {isa = PBXFileReference; lastKnownFileType = file.storyboard; path = SLImagePicker.storyboard; sourceTree = "<group>"; };
		B26A98FD38F37BD861A56956 /* libavutil.xcframework */ = {isa = PBXFileReference; lastKnownFileType = wrapper.xcframework; path = libavutil.xcframework; sourceTree = "<group>"; };
		B73933BE590A66ED7908C4E8 /* SLBundle+SPM.swift */ = {isa = PBXFileReference; lastKnownFileType = sourcecode.swift; path = "SLBundle+SPM.swift"; sourceTree = "<group>"; };
		B77D60190A402DDC7001ECE2 /* SLVideoEditorSliderView.swift */ = {isa = PBXFileReference; lastKnownFileType = sourcecode.swift; path = SLVideoEditorSliderView.swift; sourceTree = "<group>"; };
		BA8DABCDBDB867A57224242B /* SLUploadableResponse.swift */ = {isa = PBXFileReference; lastKnownFileType = sourcecode.swift; path = SLUploadableResponse.swift; sourceTree = "<group>"; };
		BD3256AD0BBCC0FF18D37DDA /* SLCollectionTableViewCell.swift */ = {isa = PBXFileReference; lastKnownFileType = sourcecode.swift; path = SLCollectionTableViewCell.swift; sourceTree = "<group>"; };
		BFDAB834AF490072E7CB8BD0 /* SLCropInnerGridView.swift */ = {isa = PBXFileReference; lastKnownFileType = sourcecode.swift; path = SLCropInnerGridView.swift; sourceTree = "<group>"; };
		C7E5A4B325A5EA8DF0213B89 /* ko */ = {isa = PBXFileReference; lastKnownFileType = text.plist.strings; name = ko; path = ko.lproj/Localizable.strings; sourceTree = "<group>"; };
		C872273218D13B636A4EE07B /* Bindable.swift */ = {isa = PBXFileReference; lastKnownFileType = sourcecode.swift; path = Bindable.swift; sourceTree = "<group>"; };
		C879BD0C21CD9F097C800757 /* SLVideoEditorSliderView2.swift */ = {isa = PBXFileReference; lastKnownFileType = sourcecode.swift; path = SLVideoEditorSliderView2.swift; sourceTree = "<group>"; };
		C8B82CADF594E07BBA4C9482 /* SLVideoEditorScrollView.swift */ = {isa = PBXFileReference; lastKnownFileType = sourcecode.swift; path = SLVideoEditorScrollView.swift; sourceTree = "<group>"; };
		CCEE78D9FAD9E2EA7FF9B4AC /* SLPhotopickerDataSourcesProtocol.swift */ = {isa = PBXFileReference; lastKnownFileType = sourcecode.swift; path = SLPhotopickerDataSourcesProtocol.swift; sourceTree = "<group>"; };
		CEEB4D835DB35F4369999AE4 /* SLVideoEditorPlayerView.swift */ = {isa = PBXFileReference; lastKnownFileType = sourcecode.swift; path = SLVideoEditorPlayerView.swift; sourceTree = "<group>"; };
		D706BB037C6589011A04782B /* String+extension.swift */ = {isa = PBXFileReference; lastKnownFileType = sourcecode.swift; path = "String+extension.swift"; sourceTree = "<group>"; };
		DA1BF905892A55892CF51398 /* Assets.xcassets */ = {isa = PBXFileReference; lastKnownFileType = folder.assetcatalog; path = Assets.xcassets; sourceTree = "<group>"; };
		DE7C9893BC9EEA0232B3DEB7 /* SLConstants.swift */ = {isa = PBXFileReference; lastKnownFileType = sourcecode.swift; path = SLConstants.swift; sourceTree = "<group>"; };
		DFF333ACA2F222915AF3854E /* ProductModel.swift */ = {isa = PBXFileReference; lastKnownFileType = sourcecode.swift; path = ProductModel.swift; sourceTree = "<group>"; };
		E10C03F2AC001D94297F194C /* ShortsSettingConfigJson.swift */ = {isa = PBXFileReference; lastKnownFileType = sourcecode.swift; path = ShortsSettingConfigJson.swift; sourceTree = "<group>"; };
		E329C36C96596B81BFE747DA /* SLCollectionTableViewCell.xib */ = {isa = PBXFileReference; lastKnownFileType = file.xib; path = SLCollectionTableViewCell.xib; sourceTree = "<group>"; };
		EA23BA72E716FF31A1AEABB1 /* libswresample.xcframework */ = {isa = PBXFileReference; lastKnownFileType = wrapper.xcframework; path = libswresample.xcframework; sourceTree = "<group>"; };
		EAB251A1C6AE64561BD06BB1 /* SLAssetPreviewViewController.swift */ = {isa = PBXFileReference; lastKnownFileType = sourcecode.swift; path = SLAssetPreviewViewController.swift; sourceTree = "<group>"; };
		EAE5D889AB29113E640A300C /* SLWSTagsField.swift */ = {isa = PBXFileReference; lastKnownFileType = sourcecode.swift; path = SLWSTagsField.swift; sourceTree = "<group>"; };
		F3193CA4E191C6F580F44C39 /* SLAssetCollection+Extension.swift */ = {isa = PBXFileReference; lastKnownFileType = sourcecode.swift; path = "SLAssetCollection+Extension.swift"; sourceTree = "<group>"; };
		F395D074444F945D92591430 /* SLVideoPlayTimeView.swift */ = {isa = PBXFileReference; lastKnownFileType = sourcecode.swift; path = SLVideoPlayTimeView.swift; sourceTree = "<group>"; };
		F5678D66B14A2895F5DDCFB3 /* SLAssetsCollection.swift */ = {isa = PBXFileReference; lastKnownFileType = sourcecode.swift; path = SLAssetsCollection.swift; sourceTree = "<group>"; };
		FA1A98164CB0FDFA59B35A21 /* SLWSTagView.swift */ = {isa = PBXFileReference; lastKnownFileType = sourcecode.swift; path = SLWSTagView.swift; sourceTree = "<group>"; };
		FC4787DCD8E382A95E8CAC65 /* SLUpoadInfoController.swift */ = {isa = PBXFileReference; lastKnownFileType = sourcecode.swift; path = SLUpoadInfoController.swift; sourceTree = "<group>"; };
		FF4563C7F357D7EFC9C3EDB4 /* SLThumbnailManager.swift */ = {isa = PBXFileReference; lastKnownFileType = sourcecode.swift; path = SLThumbnailManager.swift; sourceTree = "<group>"; };
/* End PBXFileReference section */

/* Begin PBXFrameworksBuildPhase section */
		08F40C9DAB73AE7D4F11C08F /* Frameworks */ = {
			isa = PBXFrameworksBuildPhase;
			buildActionMask = 2147483647;
			files = (
			);
			runOnlyForDeploymentPostprocessing = 0;
		};
		8F6341D96C9D607D703ECE10 /* Frameworks */ = {
			isa = PBXFrameworksBuildPhase;
			buildActionMask = 2147483647;
			files = (
				FD3BBC3AEE63D7F56DA5B6A9 /* ShopLiveSDKCommon.framework in Frameworks */,
				127C37BC5B1015CFF696E13F /* ffmpegkit.xcframework in Frameworks */,
				C1ED23E18A6E43C13D8ACDCE /* libavcodec.xcframework in Frameworks */,
				A194C348B77768820E16DCE6 /* libavdevice.xcframework in Frameworks */,
				36BBBF65A085B33AABB36330 /* libavfilter.xcframework in Frameworks */,
				E187B033F51FC26B57859E3B /* libavformat.xcframework in Frameworks */,
				EBBA4421402F7FD5F7010372 /* libavutil.xcframework in Frameworks */,
				52A9D08BD85F592E84BF84BD /* libswresample.xcframework in Frameworks */,
				8CCA1C3BF92E5452A08B4EAA /* libswscale.xcframework in Frameworks */,
			);
			runOnlyForDeploymentPostprocessing = 0;
		};
/* End PBXFrameworksBuildPhase section */

/* Begin PBXGroup section */
		061197B4C38CAE03FA3D23E4 /* upload */ = {
			isa = PBXGroup;
			children = (
				84EFBF18B55203C775BE61D6 /* SLPasteInterceptTextView.swift */,
				61232525237C57823C7D4B2D /* SLUploadVideoPreviewController.swift */,
				FC4787DCD8E382A95E8CAC65 /* SLUpoadInfoController.swift */,
				F395D074444F945D92591430 /* SLVideoPlayTimeView.swift */,
			);
			path = upload;
			sourceTree = "<group>";
		};
		13ADB8389565263F2E4B7F3E /* InfoPlists */ = {
			isa = PBXGroup;
			children = (
				1B3228ED6AF61BA346330FDA /* ShopLiveShortformEditorSDK_ShopLiveShortformEditorSDK-Info.plist */,
				3EDF0F6BCBBC53BDBADCA083 /* ShopLiveShortformEditorSDK-Info.plist */,
			);
			path = InfoPlists;
			sourceTree = "<group>";
		};
		14524A9F8EEDFF696720ABB0 /* Configuration */ = {
			isa = PBXGroup;
			children = (
				9E0DBA09EC15BF2E0FE4999C /* ShopLiveShortformConfigurationManager.swift */,
				530A72B828DB2B186AE69D28 /* ShopLiveShortformEditorConfiguration.swift */,
			);
			path = Configuration;
			sourceTree = "<group>";
		};
		18D4D17C1B1805A930529284 /* View */ = {
			isa = PBXGroup;
			children = (
				D3DA5C4C32F9889B67DEABDF /* subview */,
				3D6092E84FA5A77C9791A9E5 /* SLUploadInfoController2.swift */,
			);
			path = View;
			sourceTree = "<group>";
		};
		1C6344C011C4D7BA73AA6970 /* TrimView */ = {
			isa = PBXGroup;
			children = (
				C8B82CADF594E07BBA4C9482 /* SLVideoEditorScrollView.swift */,
				2F98F454B3D2CD93A5D076BA /* SLVideoEditorSliderHandleView.swift */,
				7591A60521EAB246ADF1DBE7 /* SLVideoEditorSliderHandleView2.swift */,
				B77D60190A402DDC7001ECE2 /* SLVideoEditorSliderView.swift */,
				C879BD0C21CD9F097C800757 /* SLVideoEditorSliderView2.swift */,
				4B02120289521471D5802F2D /* SLVideoEditorTrimFrameCell.swift */,
				82D8A40BC6DC5BF72D847317 /* SLVideoEditoTrimFrameFooterView.swift */,
			);
			path = TrimView;
			sourceTree = "<group>";
		};
		1E81BC6EE76C7D16A3470D1C /* Sources */ = {
			isa = PBXGroup;
			children = (
				CFBA49361FA5DB5253CCB7E4 /* API */,
				5AA8F75AEF1B43E8B0834CBE /* APIResponse */,
				FAF8E93AA1B5E148CE1086A3 /* component */,
				A632B2C89073CB9CF55852A2 /* ConfigAndAuth */,
				3D9F01F07E8EB7D43FC211E9 /* extensions */,
				DF21D75EDB11291177C9B6E7 /* Manager */,
				DB26F6E70210F19673443993 /* Model */,
				DB1542D5177E6E98A890ED57 /* PublicDelegate */,
				6FB9F59B06DE838E1F55A42D /* PublicInterface */,
				252251DEA770EFA45798D5E3 /* thirdparty */,
				7207219F6AC08725DE5C2945 /* Utils */,
			);
			path = Sources;
			sourceTree = "<group>";
		};
		252251DEA770EFA45798D5E3 /* thirdparty */ = {
			isa = PBXGroup;
			children = (
				B060CD2A69D502125ED8D361 /* imagePicker */,
				D4D3C10AB7B5D5AFDD51099D /* tagView */,
			);
			path = thirdparty;
			sourceTree = "<group>";
		};
		26DE97AFB20DFD196C18D91D /* Converter */ = {
			isa = PBXGroup;
			children = (
				144738ECBA04185A6A8D9C89 /* SLVideoConverter.swift */,
			);
			path = Converter;
			sourceTree = "<group>";
		};
		2BECAF7AE634B7AB75CAE9F7 /* Resources */ = {
			isa = PBXGroup;
			children = (
				EF11BBF4DEFF8E579390BA0F /* Localizable.strings */,
				DA1BF905892A55892CF51398 /* Assets.xcassets */,
				E329C36C96596B81BFE747DA /* SLCollectionTableViewCell.xib */,
				AE49EF998375245870684B9D /* SLImagePicker.storyboard */,
				1B87BC74A98429BF5AEE18C4 /* SLPhotoCollectionViewCell.xib */,
				754A8376DDE15DD82AF14015 /* SLPhotosPickerViewController.xib */,
			);
			path = Resources;
			sourceTree = "<group>";
		};
		2F40BB43B2A3992CBBC3F115 /* Compiled */ = {
			isa = PBXGroup;
			children = (
			);
			name = Compiled;
			sourceTree = "<group>";
		};
		3D9F01F07E8EB7D43FC211E9 /* extensions */ = {
			isa = PBXGroup;
			children = (
				D706BB037C6589011A04782B /* String+extension.swift */,
				580672D3724F224545D73241 /* UIColor+extension.swift */,
			);
			path = extensions;
			sourceTree = "<group>";
		};
		3EB4FD3D16D1DEEFC45401CF /* EditorViewNew */ = {
			isa = PBXGroup;
			children = (
				7603049A7C2AA91280174219 /* CropView */,
				D7076524E6CB5466BA471945 /* Reactor */,
				1C6344C011C4D7BA73AA6970 /* TrimView */,
				8FDC8C82D9DBCA612B70A1E1 /* ViewController */,
			);
			path = EditorViewNew;
			sourceTree = "<group>";
		};
		40A29F3FC1818458DCFF3568 /* uploadNew */ = {
			isa = PBXGroup;
			children = (
				964961698C1CEB83AB63A40C /* reactor */,
				18D4D17C1B1805A930529284 /* View */,
			);
			path = uploadNew;
			sourceTree = "<group>";
		};
		4F39BA747B77F3604AF69470 /* Products */ = {
			isa = PBXGroup;
			children = (
				AD9DBA95742EB4D8E9CD13C1 /* ShopLiveSDKCommon.framework */,
				1E0AA589148DC67EA872028B /* ShopLiveShortformEditorSDK_ShopLiveShortformEditorSDK.bundle */,
				035A6D0B77C8F8FA4886F39E /* ShopLiveShortformEditorSDK.framework */,
			);
			name = Products;
			sourceTree = "<group>";
		};
		55B81EBCF066ED9EB50E09C1 = {
			isa = PBXGroup;
			children = (
				76B51D4C59FA3DDB51E51244 /* Project */,
				2F40BB43B2A3992CBBC3F115 /* Compiled */,
				4F39BA747B77F3604AF69470 /* Products */,
			);
			sourceTree = "<group>";
		};
		5AA8F75AEF1B43E8B0834CBE /* APIResponse */ = {
			isa = PBXGroup;
			children = (
				BA8DABCDBDB867A57224242B /* SLUploadableResponse.swift */,
				28623AC7D3FCEC2254EC063F /* SLUploadResponse.swift */,
			);
			path = APIResponse;
			sourceTree = "<group>";
		};
		5D60F0E19C69D753A73E1373 /* EditorView */ = {
			isa = PBXGroup;
			children = (
				437495992BB3CEE1EA49154D /* SLVideoEditorViewController.swift */,
			);
			path = EditorView;
			sourceTree = "<group>";
		};
		6FB9F59B06DE838E1F55A42D /* PublicInterface */ = {
			isa = PBXGroup;
			children = (
				14524A9F8EEDFF696720ABB0 /* Configuration */,
				0DDF82BD23DFA1187C303E3F /* ShopLiveShortformEditor.swift */,
			);
			path = PublicInterface;
			sourceTree = "<group>";
		};
		7207219F6AC08725DE5C2945 /* Utils */ = {
			isa = PBXGroup;
			children = (
				C872273218D13B636A4EE07B /* Bindable.swift */,
				2D0937DC46753C07F3764A2A /* ShortsVideo.swift */,
				89ABE6C712AC92729726FA20 /* VideoPlayer.swift */,
				01240F7BFF6BB06752FF7ACB /* VideoPlayerView.swift */,
			);
			path = Utils;
			sourceTree = "<group>";
		};
		7603049A7C2AA91280174219 /* CropView */ = {
			isa = PBXGroup;
			children = (
				BFDAB834AF490072E7CB8BD0 /* SLCropInnerGridView.swift */,
				955F52F4B07CA8594E0A36CB /* SLVideoEditorPlayerCropView.swift */,
				CEEB4D835DB35F4369999AE4 /* SLVideoEditorPlayerView.swift */,
			);
			path = CropView;
			sourceTree = "<group>";
		};
		76B51D4C59FA3DDB51E51244 /* Project */ = {
			isa = PBXGroup;
			children = (
				D7D74DAE2FC24F4277CDA654 /* Derived */,
				C8439EAA90BF16BB8DB6FA01 /* Framework */,
				2BECAF7AE634B7AB75CAE9F7 /* Resources */,
				1E81BC6EE76C7D16A3470D1C /* Sources */,
			);
			name = Project;
			sourceTree = "<group>";
		};
		8FDC8C82D9DBCA612B70A1E1 /* ViewController */ = {
			isa = PBXGroup;
			children = (
				5C637159A26C29DE56484623 /* SLVideoEditorViewController2.swift */,
			);
			path = ViewController;
			sourceTree = "<group>";
		};
		964961698C1CEB83AB63A40C /* reactor */ = {
			isa = PBXGroup;
			children = (
				83C8B203F54A8C3BF7B6E746 /* SLUploadInfoReactor.swift */,
			);
			path = reactor;
			sourceTree = "<group>";
		};
		A632B2C89073CB9CF55852A2 /* ConfigAndAuth */ = {
			isa = PBXGroup;
			children = (
				88E4ED104BE1DDA8DE614A73 /* ShortFormConfigurationInfoModel.swift */,
				2679A85EDC05E88CBBA1DF9F /* ShortFormConfigurationInfos.swift */,
				E10C03F2AC001D94297F194C /* ShortsSettingConfigJson.swift */,
			);
			path = ConfigAndAuth;
			sourceTree = "<group>";
		};
		B060CD2A69D502125ED8D361 /* imagePicker */ = {
			isa = PBXGroup;
			children = (
				5C7F91A50569305CD37A2633 /* SLAlbumPopView.swift */,
				F3193CA4E191C6F580F44C39 /* SLAssetCollection+Extension.swift */,
				EAB251A1C6AE64561BD06BB1 /* SLAssetPreviewViewController.swift */,
				F5678D66B14A2895F5DDCFB3 /* SLAssetsCollection.swift */,
				B73933BE590A66ED7908C4E8 /* SLBundle+SPM.swift */,
				BD3256AD0BBCC0FF18D37DDA /* SLCollectionTableViewCell.swift */,
				31C54CC74B13A099F87E0E99 /* SLPhotoCollectionViewCell.swift */,
				7F693A5A942E98CBE43319F7 /* SLPhotoLibrary.swift */,
				CCEE78D9FAD9E2EA7FF9B4AC /* SLPhotopickerDataSourcesProtocol.swift */,
				6770C234CBBEC3780C167980 /* SLSynchronizedDictionary.swift */,
			);
			path = imagePicker;
			sourceTree = "<group>";
		};
		C8439EAA90BF16BB8DB6FA01 /* Framework */ = {
			isa = PBXGroup;
			children = (
				00AFF93A687609DDC7A7F2BE /* ffmpegkit.xcframework */,
				65544D0770B470F457E36963 /* libavcodec.xcframework */,
				A482F26B672356EE9E1C480F /* libavdevice.xcframework */,
				35086F77BD5FCAE8E4FD4221 /* libavfilter.xcframework */,
				20282A0F658C2789295F0FC4 /* libavformat.xcframework */,
				B26A98FD38F37BD861A56956 /* libavutil.xcframework */,
				EA23BA72E716FF31A1AEABB1 /* libswresample.xcframework */,
				5212920877F8BF16B62F38B9 /* libswscale.xcframework */,
			);
			path = Framework;
			sourceTree = "<group>";
		};
		CFBA49361FA5DB5253CCB7E4 /* API */ = {
			isa = PBXGroup;
			children = (
				12DAEB5F0447BD7BCA3C1CE9 /* SLShortformRegisterAPI.swift */,
				4468F1F2093084E5A7229309 /* SLShortformUploadAPI.swift */,
				608E7A787F07D526499876E4 /* SLShortformUploadCheckAPI.swift */,
			);
			path = API;
			sourceTree = "<group>";
		};
		D3DA5C4C32F9889B67DEABDF /* subview */ = {
			isa = PBXGroup;
			children = (
				991220923CD29F5B29CE3BEF /* VideoThumbnailBtn.swift */,
			);
			path = subview;
			sourceTree = "<group>";
		};
		D4D3C10AB7B5D5AFDD51099D /* tagView */ = {
			isa = PBXGroup;
			children = (
				64F959A3B32F4C2894DBA28C /* SLBackspaceDetectingTextField.swift */,
				DE7C9893BC9EEA0232B3DEB7 /* SLConstants.swift */,
				1F66FFBAF0BBE2E52C40CEA7 /* SLWSTag.swift */,
				EAE5D889AB29113E640A300C /* SLWSTagsField.swift */,
				FA1A98164CB0FDFA59B35A21 /* SLWSTagView.swift */,
			);
			path = tagView;
			sourceTree = "<group>";
		};
		D7076524E6CB5466BA471945 /* Reactor */ = {
			isa = PBXGroup;
			children = (
				06994A201C06B0ADFD714430 /* SLVideoEditorViewReactor.swift */,
			);
			path = Reactor;
			sourceTree = "<group>";
		};
		D7D74DAE2FC24F4277CDA654 /* Derived */ = {
			isa = PBXGroup;
			children = (
				13ADB8389565263F2E4B7F3E /* InfoPlists */,
				E03EBD950F7C9F9967479CCF /* Sources */,
			);
			path = Derived;
			sourceTree = "<group>";
		};
		DB1542D5177E6E98A890ED57 /* PublicDelegate */ = {
			isa = PBXGroup;
			children = (
				6404275C6982829CAD9462E0 /* ShopLiveShortformEditorDelegate.swift */,
			);
			path = PublicDelegate;
			sourceTree = "<group>";
		};
		DB26F6E70210F19673443993 /* Model */ = {
			isa = PBXGroup;
			children = (
				A8D70A082455794DADE0A059 /* ActivityModel.swift */,
				A3645A1B0B9C81DDC45F0762 /* BrandModel.swift */,
				2483D5D455682BC518B41026 /* CardModel.swift */,
				2657A5BAD15135B8941D4ED5 /* ProductBannerModel.swift */,
				DFF333ACA2F222915AF3854E /* ProductModel.swift */,
				35C451480F59AFE68F0D9330 /* ShortsDetail.swift */,
				A47A08E3EC2411896BB650AE /* ShortsModel.swift */,
				41C67C5D7F22DA4099153D9D /* SLUploadAttachmentInfo.swift */,
			);
			path = Model;
			sourceTree = "<group>";
		};
		DF21D75EDB11291177C9B6E7 /* Manager */ = {
			isa = PBXGroup;
			children = (
				FF4563C7F357D7EFC9C3EDB4 /* SLThumbnailManager.swift */,
			);
			path = Manager;
			sourceTree = "<group>";
		};
		E03EBD950F7C9F9967479CCF /* Sources */ = {
			isa = PBXGroup;
			children = (
				7D0C073F773D20EB12B292C9 /* TuistAssets+ShopLiveShortformEditorSDK.swift */,
				3136AF49DD4CFB5D891BA57B /* TuistBundle+ShopLiveShortformEditorSDK.swift */,
				A1E7FDA8C3343AA2ED70A74B /* TuistStrings+ShopLiveShortformEditorSDK.swift */,
			);
			path = Sources;
			sourceTree = "<group>";
		};
		E3304A19B58EE475F9B7B662 /* PhotoPicker */ = {
			isa = PBXGroup;
			children = (
				150F160353B0AFB37705EA94 /* SLPhotosPickerViewController + EditorViewDelegate.swift */,
				486C1FC43D08A52CDA9EED92 /* SLPhotosPickerViewController + FFMpeg.swift */,
				353A19D2F49BA141F5F0BABC /* SLPhotosPickerViewController + LoadingDelegate.swift */,
				8CECF2CF486403AD3B0ED977 /* SLPhotosPickerViewController + permission.swift */,
				363C52681B5F3EC4925A3B4D /* SLPhotosPickerViewController.swift */,
			);
			path = PhotoPicker;
			sourceTree = "<group>";
		};
		F5831BE91EEE057710771240 /* SLNavigationController */ = {
			isa = PBXGroup;
			children = (
				5856F3CB928231A6960AF25A /* SLPickerManager.swift */,
			);
			path = SLNavigationController;
			sourceTree = "<group>";
		};
		FAF8E93AA1B5E148CE1086A3 /* component */ = {
			isa = PBXGroup;
			children = (
				26DE97AFB20DFD196C18D91D /* Converter */,
				5D60F0E19C69D753A73E1373 /* EditorView */,
				3EB4FD3D16D1DEEFC45401CF /* EditorViewNew */,
				E3304A19B58EE475F9B7B662 /* PhotoPicker */,
				F5831BE91EEE057710771240 /* SLNavigationController */,
				061197B4C38CAE03FA3D23E4 /* upload */,
				40A29F3FC1818458DCFF3568 /* uploadNew */,
			);
			path = component;
			sourceTree = "<group>";
		};
/* End PBXGroup section */

/* Begin PBXNativeTarget section */
		CD0A8EEB5C6686386F2B2A16 /* ShopLiveShortformEditorSDK_ShopLiveShortformEditorSDK */ = {
			isa = PBXNativeTarget;
			buildConfigurationList = 1420814D7B2DE79037AA30B9 /* Build configuration list for PBXNativeTarget "ShopLiveShortformEditorSDK_ShopLiveShortformEditorSDK" */;
			buildPhases = (
				7F05FA0D92B85552239EDA28 /* Resources */,
				565AD62EB554D51B314A7501 /* Embed Frameworks */,
				08F40C9DAB73AE7D4F11C08F /* Frameworks */,
			);
			buildRules = (
			);
			dependencies = (
			);
			name = ShopLiveShortformEditorSDK_ShopLiveShortformEditorSDK;
			productName = ShopLiveShortformEditorSDK_ShopLiveShortformEditorSDK;
			productReference = 1E0AA589148DC67EA872028B /* ShopLiveShortformEditorSDK_ShopLiveShortformEditorSDK.bundle */;
			productType = "com.apple.product-type.bundle";
		};
		E8C6ED68865C3D0B1D40EF2F /* ShopLiveShortformEditorSDK */ = {
			isa = PBXNativeTarget;
			buildConfigurationList = 0BD64E2975C16ABDD4A48560 /* Build configuration list for PBXNativeTarget "ShopLiveShortformEditorSDK" */;
			buildPhases = (
				7ADF2585219CC177C7AB1156 /* Sources */,
				9D4C6264DD81666B1956AE28 /* Resources */,
				76ED76417DDDE81A4F612A1E /* Embed Frameworks */,
				8F6341D96C9D607D703ECE10 /* Frameworks */,
			);
			buildRules = (
			);
			dependencies = (
				62916488B6F609D21FC1C53F /* PBXTargetDependency */,
			);
			name = ShopLiveShortformEditorSDK;
			productName = ShopLiveShortformEditorSDK;
			productReference = 035A6D0B77C8F8FA4886F39E /* ShopLiveShortformEditorSDK.framework */;
			productType = "com.apple.product-type.framework";
		};
/* End PBXNativeTarget section */

/* Begin PBXProject section */
		EB50FDED77C097177F49FB37 /* Project object */ = {
			isa = PBXProject;
			attributes = {
				BuildIndependentTargetsInParallel = YES;
				ORGANIZATIONNAME = com.app;
				TargetAttributes = {
				};
			};
			buildConfigurationList = 4236E7B687EDFF2493711806 /* Build configuration list for PBXProject "ShopLiveShortformEditorSDK" */;
			compatibilityVersion = "Xcode 14.0";
			developmentRegion = en;
			hasScannedForEncodings = 0;
			knownRegions = (
				Base,
				en,
				ko,
			);
			mainGroup = 55B81EBCF066ED9EB50E09C1;
			productRefGroup = 4F39BA747B77F3604AF69470 /* Products */;
			projectDirPath = "";
			projectRoot = "";
			targets = (
				E8C6ED68865C3D0B1D40EF2F /* ShopLiveShortformEditorSDK */,
				CD0A8EEB5C6686386F2B2A16 /* ShopLiveShortformEditorSDK_ShopLiveShortformEditorSDK */,
			);
		};
/* End PBXProject section */

/* Begin PBXResourcesBuildPhase section */
		7F05FA0D92B85552239EDA28 /* Resources */ = {
			isa = PBXResourcesBuildPhase;
			buildActionMask = 2147483647;
			files = (
				DFFBA698E006BD69BFAD9890 /* Assets.xcassets in Resources */,
				618392AF17AFD3BBA12B3C84 /* SLCollectionTableViewCell.xib in Resources */,
				08B5F11F01AEE1AB74547FE6 /* SLImagePicker.storyboard in Resources */,
				F85EA57B9D528829870B2BD0 /* SLPhotoCollectionViewCell.xib in Resources */,
				653F8BA0BE11C0D3AFE43477 /* SLPhotosPickerViewController.xib in Resources */,
				264489B3C1B7F61374C199E5 /* Localizable.strings in Resources */,
			);
			runOnlyForDeploymentPostprocessing = 0;
		};
		9D4C6264DD81666B1956AE28 /* Resources */ = {
			isa = PBXResourcesBuildPhase;
			buildActionMask = 2147483647;
			files = (
			);
			runOnlyForDeploymentPostprocessing = 0;
		};
/* End PBXResourcesBuildPhase section */

/* Begin PBXSourcesBuildPhase section */
		7ADF2585219CC177C7AB1156 /* Sources */ = {
			isa = PBXSourcesBuildPhase;
			buildActionMask = 2147483647;
			files = (
				3A7F1FE291ECDE003DA156B6 /* TuistAssets+ShopLiveShortformEditorSDK.swift in Sources */,
				370B4E30D736754CE161EB93 /* TuistBundle+ShopLiveShortformEditorSDK.swift in Sources */,
				2D29EB229C09F27479663074 /* TuistStrings+ShopLiveShortformEditorSDK.swift in Sources */,
				B8859DB0B30ECF3A81C6FFF9 /* SLShortformRegisterAPI.swift in Sources */,
				3C06ADDD1F5439C77DF388DD /* SLShortformUploadAPI.swift in Sources */,
				16C0A81AC0A1BE8AA4880A9E /* SLShortformUploadCheckAPI.swift in Sources */,
				67DCB4790FC747962E496504 /* SLUploadResponse.swift in Sources */,
				970A3B845CA4959BA9B1FA13 /* SLUploadableResponse.swift in Sources */,
				13394FD4FD1A1CDC5B7F8AAF /* ShortFormConfigurationInfoModel.swift in Sources */,
				9305E173EA150A3D646604E6 /* ShortFormConfigurationInfos.swift in Sources */,
				6A64CF2104FA6ECB8EB2D1A9 /* ShortsSettingConfigJson.swift in Sources */,
				9F47D46D90A772412287002D /* SLThumbnailManager.swift in Sources */,
				96D2323D441652045E6F3E6B /* ActivityModel.swift in Sources */,
				E8ACB8AA72ED29E7988C5A57 /* BrandModel.swift in Sources */,
				E7CBD6C3C45D02C001C50899 /* CardModel.swift in Sources */,
				5F7D85EB4F097852027EAFB5 /* ProductBannerModel.swift in Sources */,
				943D7799E316D765F553CFAC /* ProductModel.swift in Sources */,
				BFAF63CF7A10F10F0489667A /* SLUploadAttachmentInfo.swift in Sources */,
				0BA7BD0A56E7963B06CC2BDF /* ShortsDetail.swift in Sources */,
				DEA9160445B6CB65CDDB7CAC /* ShortsModel.swift in Sources */,
				8F8AA81620841957C53D4829 /* ShopLiveShortformEditorDelegate.swift in Sources */,
				57B3871B50D4F201C1116FC6 /* ShopLiveShortformConfigurationManager.swift in Sources */,
				0122A8161A1BCD4C0913260B /* ShopLiveShortformEditorConfiguration.swift in Sources */,
				A7FF2339FEFA68405C31F25F /* ShopLiveShortformEditor.swift in Sources */,
				06FE5E6E5B2210EB04F8DA43 /* Bindable.swift in Sources */,
				D244EA3C99EC6064FD0CBCD5 /* ShortsVideo.swift in Sources */,
				5912D640D3EE51FA23E2000E /* VideoPlayer.swift in Sources */,
				87123FCBB15B5F0CCF4B9508 /* VideoPlayerView.swift in Sources */,
				4E888F4054CF974E319B5FF3 /* SLVideoConverter.swift in Sources */,
				153B83852B81EBD5E3691F8E /* SLVideoEditorViewController.swift in Sources */,
				99649506D1B38CEFF2FEF2C0 /* SLCropInnerGridView.swift in Sources */,
				19A80CB2FDE99F74F3D7E2BD /* SLVideoEditorPlayerCropView.swift in Sources */,
				D4EE16383ACF5DE047AEBE25 /* SLVideoEditorPlayerView.swift in Sources */,
				DFED2C9DA0EC38084AD9DFDD /* SLVideoEditorViewReactor.swift in Sources */,
				926A59C54F2869044D011E61 /* SLVideoEditoTrimFrameFooterView.swift in Sources */,
				D037A438A08D975A4C25014F /* SLVideoEditorScrollView.swift in Sources */,
				42EB086C80D099DA422ACE55 /* SLVideoEditorSliderHandleView.swift in Sources */,
				C236465E863512B16DA2FCB8 /* SLVideoEditorSliderHandleView2.swift in Sources */,
				34026872BD4FD382CB97059A /* SLVideoEditorSliderView.swift in Sources */,
				4F0E7D66A3DE78DDA9A4E7E7 /* SLVideoEditorSliderView2.swift in Sources */,
				222EA9ABCFB8B77DE8809263 /* SLVideoEditorTrimFrameCell.swift in Sources */,
				1736BE606263C4BD4E70F571 /* SLVideoEditorViewController2.swift in Sources */,
				CFC1BD300E20639C0E110FAD /* SLPhotosPickerViewController + EditorViewDelegate.swift in Sources */,
				28FD38D354A529ADA68F6292 /* SLPhotosPickerViewController + FFMpeg.swift in Sources */,
				62122575F6E08EC21EE5438F /* SLPhotosPickerViewController + LoadingDelegate.swift in Sources */,
				5F0487C27CE926FB09F23BCB /* SLPhotosPickerViewController + permission.swift in Sources */,
				161282A378715D83EA9A0653 /* SLPhotosPickerViewController.swift in Sources */,
				A714CA9389C5E60F224F54B4 /* SLPickerManager.swift in Sources */,
				C7CFC6FDB939F89B8BA2D5F4 /* SLPasteInterceptTextView.swift in Sources */,
				3ED748EE2F1C30C0AFBE7746 /* SLUploadVideoPreviewController.swift in Sources */,
				8ADFF8EB4F677F1B7B79582C /* SLUpoadInfoController.swift in Sources */,
				F19A060B02494583B6EE7E45 /* SLVideoPlayTimeView.swift in Sources */,
				69E596A9A005D486271A2E31 /* SLUploadInfoController2.swift in Sources */,
				46EED5A24A0045D39EE33AB9 /* VideoThumbnailBtn.swift in Sources */,
				ED737314FF849BE6C592D5FD /* SLUploadInfoReactor.swift in Sources */,
				47814D032100482FFDCD2E94 /* String+extension.swift in Sources */,
				CEBF00248F80F5C5CED6ECAD /* UIColor+extension.swift in Sources */,
				DC3EA2A060CDC3D953EF3143 /* SLAlbumPopView.swift in Sources */,
				29C205BAAAAAAF45E941BFED /* SLAssetCollection+Extension.swift in Sources */,
				C9E4C3126A78FE30835B9DA5 /* SLAssetPreviewViewController.swift in Sources */,
				1522D216354048CB63230CBA /* SLAssetsCollection.swift in Sources */,
				1AA7A6F3CACA6B1452549894 /* SLBundle+SPM.swift in Sources */,
				E093E241D099523FA449B504 /* SLCollectionTableViewCell.swift in Sources */,
				CBFF8CEE995483B0D51991F5 /* SLPhotoCollectionViewCell.swift in Sources */,
				79C43005726F0EBED21F41B1 /* SLPhotoLibrary.swift in Sources */,
				22C742AD4483D794F4473303 /* SLPhotopickerDataSourcesProtocol.swift in Sources */,
				810DE227605E11B612B200F0 /* SLSynchronizedDictionary.swift in Sources */,
				7BF9D301D6ABDA0088A221C7 /* SLBackspaceDetectingTextField.swift in Sources */,
				BE9FC2D989B08B6EC109E403 /* SLConstants.swift in Sources */,
				B15EAD0F63B35263544E229D /* SLWSTag.swift in Sources */,
				9CDF296E4BF68A834C493F87 /* SLWSTagView.swift in Sources */,
				ACCD101C6D1EA54AFC80993C /* SLWSTagsField.swift in Sources */,
			);
			runOnlyForDeploymentPostprocessing = 0;
		};
/* End PBXSourcesBuildPhase section */

/* Begin PBXTargetDependency section */
		62916488B6F609D21FC1C53F /* PBXTargetDependency */ = {
			isa = PBXTargetDependency;
			name = ShopLiveShortformEditorSDK_ShopLiveShortformEditorSDK;
			target = CD0A8EEB5C6686386F2B2A16 /* ShopLiveShortformEditorSDK_ShopLiveShortformEditorSDK */;
			targetProxy = 24FDFC4A4D2C18D1AA2E8DDF /* PBXContainerItemProxy */;
		};
/* End PBXTargetDependency section */

/* Begin PBXVariantGroup section */
		EF11BBF4DEFF8E579390BA0F /* Localizable.strings */ = {
			isa = PBXVariantGroup;
			children = (
				7EC45C32123824A34541CCC2 /* en */,
				C7E5A4B325A5EA8DF0213B89 /* ko */,
			);
			name = Localizable.strings;
			sourceTree = "<group>";
		};
/* End PBXVariantGroup section */

/* Begin XCBuildConfiguration section */
		03B9C7736AC2850DB7CC427C /* Release */ = {
			isa = XCBuildConfiguration;
			buildSettings = {
				CODE_SIGN_IDENTITY = "";
				CURRENT_PROJECT_VERSION = 1;
				DEFINES_MODULE = YES;
				DYLIB_COMPATIBILITY_VERSION = 1;
				DYLIB_CURRENT_VERSION = 1;
				DYLIB_INSTALL_NAME_BASE = "@rpath";
				FRAMEWORK_SEARCH_PATHS = (
					"$(inherited)",
					"$(SRCROOT)/Framework",
				);
				INFOPLIST_FILE = "Derived/InfoPlists/ShopLiveShortformEditorSDK-Info.plist";
				INSTALL_PATH = "$(LOCAL_LIBRARY_DIR)/Frameworks";
				IPHONEOS_DEPLOYMENT_TARGET = 12.0;
				LD_RUNPATH_SEARCH_PATHS = (
					"$(inherited)",
					"@executable_path/Frameworks",
					"@loader_path/Frameworks",
				);
				MACH_O_TYPE = staticlib;
				PRODUCT_BUNDLE_IDENTIFIER = com.app.shoplive.shortform.editor.sdk;
				PRODUCT_NAME = ShopLiveShortformEditorSDK;
				SDKROOT = iphoneos;
				SKIP_INSTALL = YES;
				SUPPORTS_MACCATALYST = NO;
				SUPPORTS_MAC_DESIGNED_FOR_IPHONE_IPAD = YES;
				SUPPORTS_XR_DESIGNED_FOR_IPHONE_IPAD = NO;
				SWIFT_COMPILATION_MODE = wholemodule;
				SWIFT_OPTIMIZATION_LEVEL = "-Owholemodule";
				SWIFT_VERSION = 5.0;
				TARGETED_DEVICE_FAMILY = 1;
				VERSIONING_SYSTEM = "apple-generic";
				VERSION_INFO_PREFIX = "";
			};
			name = Release;
		};
		1A68DC5CD5915FFE75AF560E /* Debug */ = {
			isa = XCBuildConfiguration;
			buildSettings = {
				CODE_SIGNING_ALLOWED = NO;
				CODE_SIGN_IDENTITY = "iPhone Developer";
				INFOPLIST_FILE = "Derived/InfoPlists/ShopLiveShortformEditorSDK_ShopLiveShortformEditorSDK-Info.plist";
				IPHONEOS_DEPLOYMENT_TARGET = 12.0;
				PRODUCT_BUNDLE_IDENTIFIER = com.app.shoplive.shortform.editor.sdk.resources;
				PRODUCT_NAME = ShopLiveShortformEditorSDK_ShopLiveShortformEditorSDK;
				SDKROOT = iphoneos;
				SUPPORTS_MACCATALYST = NO;
				SUPPORTS_MAC_DESIGNED_FOR_IPHONE_IPAD = YES;
				SUPPORTS_XR_DESIGNED_FOR_IPHONE_IPAD = NO;
				SWIFT_ACTIVE_COMPILATION_CONDITIONS = DEBUG;
				SWIFT_COMPILATION_MODE = singlefile;
				SWIFT_OPTIMIZATION_LEVEL = "-Onone";
				SWIFT_VERSION = 5.0;
				TARGETED_DEVICE_FAMILY = 1;
			};
			name = Debug;
		};
		49B6B3848C0E1185FA1F1DAF /* Release */ = {
			isa = XCBuildConfiguration;
			buildSettings = {
				CODE_SIGNING_ALLOWED = NO;
				CODE_SIGN_IDENTITY = "iPhone Developer";
				INFOPLIST_FILE = "Derived/InfoPlists/ShopLiveShortformEditorSDK_ShopLiveShortformEditorSDK-Info.plist";
				IPHONEOS_DEPLOYMENT_TARGET = 12.0;
				PRODUCT_BUNDLE_IDENTIFIER = com.app.shoplive.shortform.editor.sdk.resources;
				PRODUCT_NAME = ShopLiveShortformEditorSDK_ShopLiveShortformEditorSDK;
				SDKROOT = iphoneos;
				SUPPORTS_MACCATALYST = NO;
				SUPPORTS_MAC_DESIGNED_FOR_IPHONE_IPAD = YES;
				SUPPORTS_XR_DESIGNED_FOR_IPHONE_IPAD = NO;
				SWIFT_COMPILATION_MODE = wholemodule;
				SWIFT_OPTIMIZATION_LEVEL = "-Owholemodule";
				SWIFT_VERSION = 5.0;
				TARGETED_DEVICE_FAMILY = 1;
			};
			name = Release;
		};
		5F0C9E3B12707C92343166F0 /* Release */ = {
			isa = XCBuildConfiguration;
			buildSettings = {
				ALWAYS_SEARCH_USER_PATHS = NO;
				CLANG_ANALYZER_LOCALIZABILITY_NONLOCALIZED = YES;
				CLANG_ANALYZER_NONNULL = YES;
				CLANG_ANALYZER_NUMBER_OBJECT_CONVERSION = YES_AGGRESSIVE;
				CLANG_CXX_LANGUAGE_STANDARD = "gnu++14";
				CLANG_CXX_LIBRARY = "libc++";
				CLANG_ENABLE_MODULES = YES;
				CLANG_ENABLE_OBJC_ARC = YES;
				CLANG_ENABLE_OBJC_WEAK = YES;
				CLANG_WARN_BLOCK_CAPTURE_AUTORELEASING = YES;
				CLANG_WARN_BOOL_CONVERSION = YES;
				CLANG_WARN_COMMA = YES;
				CLANG_WARN_CONSTANT_CONVERSION = YES;
				CLANG_WARN_DEPRECATED_OBJC_IMPLEMENTATIONS = YES;
				CLANG_WARN_DIRECT_OBJC_ISA_USAGE = YES_ERROR;
				CLANG_WARN_DOCUMENTATION_COMMENTS = YES;
				CLANG_WARN_EMPTY_BODY = YES;
				CLANG_WARN_ENUM_CONVERSION = YES;
				CLANG_WARN_INFINITE_RECURSION = YES;
				CLANG_WARN_INT_CONVERSION = YES;
				CLANG_WARN_NON_LITERAL_NULL_CONVERSION = YES;
				CLANG_WARN_OBJC_IMPLICIT_RETAIN_SELF = YES;
				CLANG_WARN_OBJC_LITERAL_CONVERSION = YES;
				CLANG_WARN_OBJC_ROOT_CLASS = YES_ERROR;
				CLANG_WARN_QUOTED_INCLUDE_IN_FRAMEWORK_HEADER = YES;
				CLANG_WARN_RANGE_LOOP_ANALYSIS = YES;
				CLANG_WARN_STRICT_PROTOTYPES = YES;
				CLANG_WARN_SUSPICIOUS_MOVE = YES;
				CLANG_WARN_UNGUARDED_AVAILABILITY = YES_AGGRESSIVE;
				CLANG_WARN_UNREACHABLE_CODE = YES;
				CLANG_WARN__DUPLICATE_METHOD_MATCH = YES;
				COPY_PHASE_STRIP = NO;
				DEAD_CODE_STRIPPING = YES;
				DEBUG_INFORMATION_FORMAT = "dwarf-with-dsym";
				ENABLE_NS_ASSERTIONS = NO;
				ENABLE_STRICT_OBJC_MSGSEND = YES;
				GCC_C_LANGUAGE_STANDARD = gnu11;
				GCC_NO_COMMON_BLOCKS = YES;
				GCC_WARN_64_TO_32_BIT_CONVERSION = YES;
				GCC_WARN_ABOUT_RETURN_TYPE = YES_ERROR;
				GCC_WARN_UNDECLARED_SELECTOR = YES;
				GCC_WARN_UNINITIALIZED_AUTOS = YES_AGGRESSIVE;
				GCC_WARN_UNUSED_FUNCTION = YES;
				GCC_WARN_UNUSED_VARIABLE = YES;
				MTL_ENABLE_DEBUG_INFO = NO;
				PRODUCT_NAME = "$(TARGET_NAME)";
				VALIDATE_PRODUCT = YES;
			};
			name = Release;
		};
		64D5346F5B82ABFD6E6A1241 /* Debug */ = {
			isa = XCBuildConfiguration;
			buildSettings = {
				CODE_SIGN_IDENTITY = "";
				CURRENT_PROJECT_VERSION = 1;
				DEFINES_MODULE = YES;
				DYLIB_COMPATIBILITY_VERSION = 1;
				DYLIB_CURRENT_VERSION = 1;
				DYLIB_INSTALL_NAME_BASE = "@rpath";
				FRAMEWORK_SEARCH_PATHS = (
					"$(inherited)",
					"$(SRCROOT)/Framework",
				);
				INFOPLIST_FILE = "Derived/InfoPlists/ShopLiveShortformEditorSDK-Info.plist";
				INSTALL_PATH = "$(LOCAL_LIBRARY_DIR)/Frameworks";
				IPHONEOS_DEPLOYMENT_TARGET = 12.0;
				LD_RUNPATH_SEARCH_PATHS = (
					"$(inherited)",
					"@executable_path/Frameworks",
					"@loader_path/Frameworks",
				);
				MACH_O_TYPE = staticlib;
				PRODUCT_BUNDLE_IDENTIFIER = com.app.shoplive.shortform.editor.sdk;
				PRODUCT_NAME = ShopLiveShortformEditorSDK;
				SDKROOT = iphoneos;
				SKIP_INSTALL = YES;
				SUPPORTS_MACCATALYST = NO;
				SUPPORTS_MAC_DESIGNED_FOR_IPHONE_IPAD = YES;
				SUPPORTS_XR_DESIGNED_FOR_IPHONE_IPAD = NO;
				SWIFT_ACTIVE_COMPILATION_CONDITIONS = DEBUG;
				SWIFT_COMPILATION_MODE = singlefile;
				SWIFT_OPTIMIZATION_LEVEL = "-Onone";
				SWIFT_VERSION = 5.0;
				TARGETED_DEVICE_FAMILY = 1;
				VERSIONING_SYSTEM = "apple-generic";
				VERSION_INFO_PREFIX = "";
			};
			name = Debug;
		};
		FE7CDF82D011A2FA3C951501 /* Debug */ = {
			isa = XCBuildConfiguration;
			buildSettings = {
				ALWAYS_SEARCH_USER_PATHS = NO;
				CLANG_ANALYZER_LOCALIZABILITY_NONLOCALIZED = YES;
				CLANG_ANALYZER_NONNULL = YES;
				CLANG_ANALYZER_NUMBER_OBJECT_CONVERSION = YES_AGGRESSIVE;
				CLANG_CXX_LANGUAGE_STANDARD = "gnu++14";
				CLANG_CXX_LIBRARY = "libc++";
				CLANG_ENABLE_MODULES = YES;
				CLANG_ENABLE_OBJC_ARC = YES;
				CLANG_ENABLE_OBJC_WEAK = YES;
				CLANG_WARN_BLOCK_CAPTURE_AUTORELEASING = YES;
				CLANG_WARN_BOOL_CONVERSION = YES;
				CLANG_WARN_COMMA = YES;
				CLANG_WARN_CONSTANT_CONVERSION = YES;
				CLANG_WARN_DEPRECATED_OBJC_IMPLEMENTATIONS = YES;
				CLANG_WARN_DIRECT_OBJC_ISA_USAGE = YES_ERROR;
				CLANG_WARN_DOCUMENTATION_COMMENTS = YES;
				CLANG_WARN_EMPTY_BODY = YES;
				CLANG_WARN_ENUM_CONVERSION = YES;
				CLANG_WARN_INFINITE_RECURSION = YES;
				CLANG_WARN_INT_CONVERSION = YES;
				CLANG_WARN_NON_LITERAL_NULL_CONVERSION = YES;
				CLANG_WARN_OBJC_IMPLICIT_RETAIN_SELF = YES;
				CLANG_WARN_OBJC_LITERAL_CONVERSION = YES;
				CLANG_WARN_OBJC_ROOT_CLASS = YES_ERROR;
				CLANG_WARN_QUOTED_INCLUDE_IN_FRAMEWORK_HEADER = YES;
				CLANG_WARN_RANGE_LOOP_ANALYSIS = YES;
				CLANG_WARN_STRICT_PROTOTYPES = YES;
				CLANG_WARN_SUSPICIOUS_MOVE = YES;
				CLANG_WARN_UNGUARDED_AVAILABILITY = YES_AGGRESSIVE;
				CLANG_WARN_UNREACHABLE_CODE = YES;
				CLANG_WARN__DUPLICATE_METHOD_MATCH = YES;
				COPY_PHASE_STRIP = NO;
				DEAD_CODE_STRIPPING = YES;
				DEBUG_INFORMATION_FORMAT = dwarf;
				ENABLE_STRICT_OBJC_MSGSEND = YES;
				ENABLE_TESTABILITY = YES;
				GCC_C_LANGUAGE_STANDARD = gnu11;
				GCC_DYNAMIC_NO_PIC = NO;
				GCC_NO_COMMON_BLOCKS = YES;
				GCC_OPTIMIZATION_LEVEL = 0;
				GCC_PREPROCESSOR_DEFINITIONS = (
					"DEBUG=1",
					"$(inherited)",
				);
				GCC_WARN_64_TO_32_BIT_CONVERSION = YES;
				GCC_WARN_ABOUT_RETURN_TYPE = YES_ERROR;
				GCC_WARN_UNDECLARED_SELECTOR = YES;
				GCC_WARN_UNINITIALIZED_AUTOS = YES_AGGRESSIVE;
				GCC_WARN_UNUSED_FUNCTION = YES;
				GCC_WARN_UNUSED_VARIABLE = YES;
				MTL_ENABLE_DEBUG_INFO = YES;
				ONLY_ACTIVE_ARCH = YES;
				PRODUCT_NAME = "$(TARGET_NAME)";
			};
			name = Debug;
		};
/* End XCBuildConfiguration section */

/* Begin XCConfigurationList section */
		0BD64E2975C16ABDD4A48560 /* Build configuration list for PBXNativeTarget "ShopLiveShortformEditorSDK" */ = {
			isa = XCConfigurationList;
			buildConfigurations = (
				64D5346F5B82ABFD6E6A1241 /* Debug */,
				03B9C7736AC2850DB7CC427C /* Release */,
			);
			defaultConfigurationIsVisible = 0;
			defaultConfigurationName = Release;
		};
		1420814D7B2DE79037AA30B9 /* Build configuration list for PBXNativeTarget "ShopLiveShortformEditorSDK_ShopLiveShortformEditorSDK" */ = {
			isa = XCConfigurationList;
			buildConfigurations = (
				1A68DC5CD5915FFE75AF560E /* Debug */,
				49B6B3848C0E1185FA1F1DAF /* Release */,
			);
			defaultConfigurationIsVisible = 0;
			defaultConfigurationName = Release;
		};
		4236E7B687EDFF2493711806 /* Build configuration list for PBXProject "ShopLiveShortformEditorSDK" */ = {
			isa = XCConfigurationList;
			buildConfigurations = (
				FE7CDF82D011A2FA3C951501 /* Debug */,
				5F0C9E3B12707C92343166F0 /* Release */,
			);
			defaultConfigurationIsVisible = 0;
			defaultConfigurationName = Release;
		};
/* End XCConfigurationList section */
	};
	rootObject = EB50FDED77C097177F49FB37 /* Project object */;
}
