// !$*UTF8*$!
{
	archiveVersion = 1;
	classes = {
	};
	objectVersion = 55;
	objects = {

/* Begin PBXBuildFile section */
		018859CD5CE1CE0248397E31 /* ShortsCollectionModel.swift in Sources */ = {isa = PBXBuildFile; fileRef = DF9688ABAA87EFC19073C70B /* ShortsCollectionModel.swift */; };
		033193A244FA41A357C47CB1 /* TuistBundle+ShopLiveShortformSDK.swift in Sources */ = {isa = PBXBuildFile; fileRef = 00B08195D2DCA33A9B5943B8 /* TuistBundle+ShopLiveShortformSDK.swift */; };
		04E5648D5D45ED3BA0834D42 /* ShortsCollectionBaseView + ShortsCellDelegate.swift in Sources */ = {isa = PBXBuildFile; fileRef = F3C8362B8C4BAAE4042B21B9 /* ShortsCollectionBaseView + ShortsCellDelegate.swift */; };
		0695C57BDC3CCEA086CE494E /* ShopLiveShortformBaseListTypeViewCell.swift in Sources */ = {isa = PBXBuildFile; fileRef = 751DC1D1FA63D0DFA5746F88 /* ShopLiveShortformBaseListTypeViewCell.swift */; };
		0A43058264B2F08417A4D50C /* ShortsConfiguration.swift in Sources */ = {isa = PBXBuildFile; fileRef = BF289623B8E406004BED1E7A /* ShortsConfiguration.swift */; };
		0A46FA4028D932BFB67FBAFC /* ShopLiveShortformBaseTypeCardView.swift in Sources */ = {isa = PBXBuildFile; fileRef = 448975E9955BC1B82C808B08 /* ShopLiveShortformBaseTypeCardView.swift */; };
		0B0A37C2758CC4C468065E53 /* Card.swift in Sources */ = {isa = PBXBuildFile; fileRef = CFDC6966AEBD26B914AF4CF4 /* Card.swift */; };
		174669B8985B55ADE8D3B07C /* ShopLiveShortformVisibleFullTypeData.swift in Sources */ = {isa = PBXBuildFile; fileRef = B09639E560716F80672C51DC /* ShopLiveShortformVisibleFullTypeData.swift */; };
		17D11624059466E1AB726254 /* ShortsReceiveInterface.swift in Sources */ = {isa = PBXBuildFile; fileRef = B49BB4265C7699ACDF65318B /* ShortsReceiveInterface.swift */; };
		18926C2E3C154C3CA991F4A9 /* AudioRouteObserver.swift in Sources */ = {isa = PBXBuildFile; fileRef = 121C83500E119F03B99AA965 /* AudioRouteObserver.swift */; };
		19FF966177C1E0805FFD206A /* FullTypeErrorView.swift in Sources */ = {isa = PBXBuildFile; fileRef = 24A6ADA9494ACD3EBE5DA6DF /* FullTypeErrorView.swift */; };
		1A9C66E545A86E48E6555EB7 /* LatestShortsCell.swift in Sources */ = {isa = PBXBuildFile; fileRef = DCC9B0D60EDCA0D6C855F6D1 /* LatestShortsCell.swift */; };
		1ABA98C8AACDC43FE05EC0D9 /* ShopLiveShortCardTypeViewReactor.swift in Sources */ = {isa = PBXBuildFile; fileRef = BA98725F9327449A23B4EF26 /* ShopLiveShortCardTypeViewReactor.swift */; };
		1C0FFDDD137CFC8B81ED1030 /* ShopLiveShortformSDKOptionsData.swift in Sources */ = {isa = PBXBuildFile; fileRef = 4335BE6BABAD81BA71AE38BF /* ShopLiveShortformSDKOptionsData.swift */; };
		1CFA7C774919D3BCE773FB01 /* ShopLiveShortformCollectionData.swift in Sources */ = {isa = PBXBuildFile; fileRef = E31CB198F422C2E057B1D0F2 /* ShopLiveShortformCollectionData.swift */; };
		22826157225C1A59D4C8E406 /* ShopLiveShortformBaseBuilder.swift in Sources */ = {isa = PBXBuildFile; fileRef = 52BE0C8588109EFA4DAABE25 /* ShopLiveShortformBaseBuilder.swift */; };
		23B7E3AE95019BE63C289902 /* ShopLiveShortformIdsData.swift in Sources */ = {isa = PBXBuildFile; fileRef = 2BB36D65BFA0F8CE5AFF275C /* ShopLiveShortformIdsData.swift */; };
		2A365E6658E3BAF429409DAA /* ShortsCell.swift in Sources */ = {isa = PBXBuildFile; fileRef = 6033D0695B535A11098CD011 /* ShortsCell.swift */; };
		302256C8BA27EA7387C91415 /* VideoCardView.swift in Sources */ = {isa = PBXBuildFile; fileRef = 81307B4C11050A67CAA14424 /* VideoCardView.swift */; };
		337BA9E688A7F1BC97E67412 /* CardViewInterface.swift in Sources */ = {isa = PBXBuildFile; fileRef = FBC7775828A05A8AB119A443 /* CardViewInterface.swift */; };
		37ABB9B0F14D82A40B416217 /* PreloadWebView.swift in Sources */ = {isa = PBXBuildFile; fileRef = 2FCB40A26C48E7A7E3DD6494 /* PreloadWebView.swift */; };
		384C1FE779849FAF7FFF0469 /* ShortFormConfigurationInfos.swift in Sources */ = {isa = PBXBuildFile; fileRef = 4FE5DD484ACAED930E42E1FE /* ShortFormConfigurationInfos.swift */; };
		3BEDFB2E5270656DE4F05701 /* ShopLiveShortformBaseEmptyDataView.swift in Sources */ = {isa = PBXBuildFile; fileRef = 606026C33CE505547B4AB365 /* ShopLiveShortformBaseEmptyDataView.swift */; };
		3DB17F41E205AD7DA6D66651 /* ShopLiveShortform.swift in Sources */ = {isa = PBXBuildFile; fileRef = 8A25BEDF519B4F7E6158E0CF /* ShopLiveShortform.swift */; };
		3E77A0E4233E88050CBF5AD3 /* ShortsCollectionBaseView + rotation.swift in Sources */ = {isa = PBXBuildFile; fileRef = 27D3E78CE7A65EE618D65579 /* ShortsCollectionBaseView + rotation.swift */; };
		41F6C253F54345309503F3D8 /* ShortsType.swift in Sources */ = {isa = PBXBuildFile; fileRef = BA5770B258E7187520E0D97A /* ShortsType.swift */; };
		42614CC2BAABD8CF0CB5D37D /* BrandModel.swift in Sources */ = {isa = PBXBuildFile; fileRef = 40EDFED9A9A3D4E2A5AF5637 /* BrandModel.swift */; };
		43AA42EDDCB95E1687242BB5 /* ProductBanner.swift in Sources */ = {isa = PBXBuildFile; fileRef = BD0688FFE389D34E5C63F338 /* ProductBanner.swift */; };
		46F887594601FC1B20D41C52 /* ShopLiveShortformCardTypeView.swift in Sources */ = {isa = PBXBuildFile; fileRef = 4868F9D48B8F35DB3E969E3C /* ShopLiveShortformCardTypeView.swift */; };
		484B520960DB46600B7CE702 /* TuistAssets+ShopLiveShortformSDK.swift in Sources */ = {isa = PBXBuildFile; fileRef = 5F250ABF5E77CB5B5C1F7A83 /* TuistAssets+ShopLiveShortformSDK.swift */; };
		4E62450C72360744BE0D7B69 /* ShopLiveShortformListViewInterface.swift in Sources */ = {isa = PBXBuildFile; fileRef = 9181ADE7FB93F919B6E79400 /* ShopLiveShortformListViewInterface.swift */; };
		4FABE1BE7FBF9053EC459CC4 /* ShopLiveShortformOverlayCardViewType0.swift in Sources */ = {isa = PBXBuildFile; fileRef = 15B23A53A12AED8394098770 /* ShopLiveShortformOverlayCardViewType0.swift */; };
		51629E86B3FA30EA6A7959C1 /* ShortsCollectionAPI.swift in Sources */ = {isa = PBXBuildFile; fileRef = 262AE1BBC59C266CFCFF569E /* ShortsCollectionAPI.swift */; };
		5283A5D92C7FBB2AD9510410 /* Product.swift in Sources */ = {isa = PBXBuildFile; fileRef = F7DED72281A9AF050112630C /* Product.swift */; };
		53F45CB69E1C50F6342FF4A7 /* AppStateNotificationObserver.swift in Sources */ = {isa = PBXBuildFile; fileRef = 0F25FCDCDB679BAD6C43596E /* AppStateNotificationObserver.swift */; };
		55E855414C3F644CC82FF317 /* Test.xib in Resources */ = {isa = PBXBuildFile; fileRef = EF684FCF1D49CFE2CBEB6A40 /* Test.xib */; };
		58F26C101431C032F9685C68 /* ShortsDetail.swift in Sources */ = {isa = PBXBuildFile; fileRef = 08B6BAD35CBF4FA97B11BAD0 /* ShortsDetail.swift */; };
		5CD18437ABF8B02041FDE626 /* JWTTool.swift in Sources */ = {isa = PBXBuildFile; fileRef = 43562A06714756B2BE452757 /* JWTTool.swift */; };
		660634FC86C2738453687BDB /* UIColor + extension.swift in Sources */ = {isa = PBXBuildFile; fileRef = 8053592A5575DA1C549434F6 /* UIColor + extension.swift */; };
		6DC2671489281C170BA5AA1D /* SLCollectionView.swift in Sources */ = {isa = PBXBuildFile; fileRef = D87B08EF2EAF9141FEAF321E /* SLCollectionView.swift */; };
		6FD7384A8269FB065F61FA3C /* ShopLiveShortBaseTypeView.swift in Sources */ = {isa = PBXBuildFile; fileRef = 2B6353DF03F5B9134E63FB70 /* ShopLiveShortBaseTypeView.swift */; };
		72E37FCA2562128DCA384FF9 /* ShopLiveShortformRelatedData.swift in Sources */ = {isa = PBXBuildFile; fileRef = 928E4EBCBEDB2D5FEB1229DB /* ShopLiveShortformRelatedData.swift */; };
		72FE5313EFEB2D5CBE7E9F7E /* SLShortFormWindow.swift in Sources */ = {isa = PBXBuildFile; fileRef = 6B5D545E2DFCAEF81FE8DF2A /* SLShortFormWindow.swift */; };
		7CF4ED758808EE0DF274211C /* UserObject.swift in Sources */ = {isa = PBXBuildFile; fileRef = 3C5E60EF496D787E5949917B /* UserObject.swift */; };
		7DC31A1044082513689F32AA /* FullTypeEmptyDataView.swift in Sources */ = {isa = PBXBuildFile; fileRef = BB07D6DDC188F15B5E034DF2 /* FullTypeEmptyDataView.swift */; };
		81B150B7FA22B14F1EFFA602 /* ShortformEventTraceManager.swift in Sources */ = {isa = PBXBuildFile; fileRef = B23041AD97F3FA3B350F803E /* ShortformEventTraceManager.swift */; };
		826D1DCA05B6F3EB07B9F718 /* ShortsCollectionBaseView.swift in Sources */ = {isa = PBXBuildFile; fileRef = DCA5E1B4F9ECF14F87E13C09 /* ShortsCollectionBaseView.swift */; };
		83B1418FFC2B84C986E9CEB6 /* FullTypeRootViewController.swift in Sources */ = {isa = PBXBuildFile; fileRef = 10E93368CE5E67DF6E3CE3E7 /* FullTypeRootViewController.swift */; };
		87090531B78E6757BF970BB4 /* ShortFormConfigurationInfoModel.swift in Sources */ = {isa = PBXBuildFile; fileRef = 7A6EA2FEAE029BEE899AE256 /* ShortFormConfigurationInfoModel.swift */; };
		8729ACCFF97D92611B766DD7 /* ShopLiveShortformOverlayCardViewType1.swift in Sources */ = {isa = PBXBuildFile; fileRef = 389D6D44B12C38EC86D461F3 /* ShopLiveShortformOverlayCardViewType1.swift */; };
		88DF459106687EDA8630371B /* ShopLiveChattingWriteView.swift in Sources */ = {isa = PBXBuildFile; fileRef = F1E46FD5D60452E076603917 /* ShopLiveChattingWriteView.swift */; };
		8B778F90BEC739280C6CDF28 /* ShortsCollectionBaseView + Observer.swift in Sources */ = {isa = PBXBuildFile; fileRef = 6635417210FE4AE55EC466E5 /* ShortsCollectionBaseView + Observer.swift */; };
		913B5E367D0DDB958F5D80A8 /* ShortsVideo.swift in Sources */ = {isa = PBXBuildFile; fileRef = C36C0474B29A796C66F12D39 /* ShortsVideo.swift */; };
		935F6BC1DF63000E5A2E148E /* ShopLiveShortformHorizontalTypeViewReactor.swift in Sources */ = {isa = PBXBuildFile; fileRef = C0F64194934F8B57FE013032 /* ShopLiveShortformHorizontalTypeViewReactor.swift */; };
		9570827F61015E329B1D82B7 /* String + extension.swift in Sources */ = {isa = PBXBuildFile; fileRef = 8416978CD2275F79EA580BAC /* String + extension.swift */; };
		9A590552330ABB00E32B63BA /* ShopLiveShortformBaseTypePlayerView.swift in Sources */ = {isa = PBXBuildFile; fileRef = 1551B08EA0D63DA6CA3FC5E8 /* ShopLiveShortformBaseTypePlayerView.swift */; };
		9A84DACB57EFA314CE1262D7 /* V1ShortsCollectionView.swift in Sources */ = {isa = PBXBuildFile; fileRef = 6AF2F0E324F012A9EC747028 /* V1ShortsCollectionView.swift */; };
		9D3BC20FB12C935CAB0293A4 /* Double + Extension.swift in Sources */ = {isa = PBXBuildFile; fileRef = C71D86DC430DCF20167BD12A /* Double + Extension.swift */; };
		9E4EB0E331ECE073DB995670 /* SLAVLoopPlayer.swift in Sources */ = {isa = PBXBuildFile; fileRef = B42B3EEF59B306DA70A79C82 /* SLAVLoopPlayer.swift */; };
		9FF294F809C4E08C838FEED9 /* ShopLiveShortformHorizontalTypeView.swift in Sources */ = {isa = PBXBuildFile; fileRef = FCDC6DE3593E09694903BC28 /* ShopLiveShortformHorizontalTypeView.swift */; };
		A03281C56F59C361FCF8767F /* Assets.xcassets in Resources */ = {isa = PBXBuildFile; fileRef = 6846687957BAA35E8FAE872A /* Assets.xcassets */; };
		A21CB9AFA103F41965296D13 /* ShortsIdsListAPI.swift in Sources */ = {isa = PBXBuildFile; fileRef = A2B4B43194E7775C870AF57B /* ShortsIdsListAPI.swift */; };
		A39EDF1CC83A55581A07A684 /* ShopLiveShortformVerticalTypeViewReactor.swift in Sources */ = {isa = PBXBuildFile; fileRef = 086F9B5CE58A1A34C90A6965 /* ShopLiveShortformVerticalTypeViewReactor.swift */; };
		A3E487483F84DE073366B6D8 /* ShortsModel.swift in Sources */ = {isa = PBXBuildFile; fileRef = EC0D4C01E8E8D9DDDACBA3E4 /* ShortsModel.swift */; };
		A6E66EF401C200C649247E5A /* ShortsRelatedCollectionAPI.swift in Sources */ = {isa = PBXBuildFile; fileRef = 918FB28246AC33361AAD1696 /* ShortsRelatedCollectionAPI.swift */; };
		AB899952045F69491CE68E5E /* CardModel+extension.swift in Sources */ = {isa = PBXBuildFile; fileRef = 41317E26462A3744AAEEA565 /* CardModel+extension.swift */; };
		AF926C295BB124494A837B13 /* ShopLiveChatView.swift in Sources */ = {isa = PBXBuildFile; fileRef = EAA7EFD481244C7D1994BBEF /* ShopLiveChatView.swift */; };
		B0446A20B809530F28C7577B /* ShopLiveShareMetaData.swift in Sources */ = {isa = PBXBuildFile; fileRef = 79F50D191E896B12E6368D1C /* ShopLiveShareMetaData.swift */; };
		B0B301D71BC59274A4C8877F /* ShortFormAuthManager.swift in Sources */ = {isa = PBXBuildFile; fileRef = 411BC1835EE5ED78356DB192 /* ShortFormAuthManager.swift */; };
		B45A2B21D48FFC157471B240 /* ShopLiveShortformVerticalTypeView.swift in Sources */ = {isa = PBXBuildFile; fileRef = DCE11E282C266633F8DE0893 /* ShopLiveShortformVerticalTypeView.swift */; };
		B52F0AD180CEE043C72C3082 /* Activity.swift in Sources */ = {isa = PBXBuildFile; fileRef = 1542A09E6D42418BF3886B21 /* Activity.swift */; };
		B595AA35731252736668AAB4 /* ShopLiveShortformBaseListTypeOverlayType2.swift in Sources */ = {isa = PBXBuildFile; fileRef = 464AD053E1C3E62B5BE118CB /* ShopLiveShortformBaseListTypeOverlayType2.swift */; };
		B5B2ECBBDD2B247C6882133E /* ShortsWebInterface.swift in Sources */ = {isa = PBXBuildFile; fileRef = E20477141BCB3A7F47750EE8 /* ShortsWebInterface.swift */; };
		BA400F7D2E2B0535DCAAEB0B /* ImageCardView.swift in Sources */ = {isa = PBXBuildFile; fileRef = 73692AD0E8DCD57A8DC58CB5 /* ImageCardView.swift */; };
		BA66F1916DE1D8C0AFE86A14 /* CardModel.swift in Sources */ = {isa = PBXBuildFile; fileRef = 032B64BB87E1819A503F33D9 /* CardModel.swift */; };
		BC19B7983AB7C5CD39A3AC4B /* ShopLiveShortformIdsMoreData.swift in Sources */ = {isa = PBXBuildFile; fileRef = 57329EDC70374B1ED0335B72 /* ShopLiveShortformIdsMoreData.swift */; };
		C34F28C6E649902BD1408454 /* ShopliveSDKCommon.framework in Frameworks */ = {isa = PBXBuildFile; fileRef = 08AE97A817BCE7781A1C704A /* ShopliveSDKCommon.framework */; };
		CBC624D4C777404DC8ED9890 /* ShortformNativeOnEventsManager.swift in Sources */ = {isa = PBXBuildFile; fileRef = 95ED0B65E0CEAAFE8650DB32 /* ShortformNativeOnEventsManager.swift */; };
		CC8F31D30721D2B87BDFEA66 /* ShortsVideoPlayer.swift in Sources */ = {isa = PBXBuildFile; fileRef = 3740B9984F461B2577A97004 /* ShortsVideoPlayer.swift */; };
		CCD8B683AE78495BD8A4DC38 /* ShopliveShortformListViewCellDelegate.swift in Sources */ = {isa = PBXBuildFile; fileRef = CDD61871322C21F7620C4ECD /* ShopliveShortformListViewCellDelegate.swift */; };
		D3C77A1859B042BCA644481E /* ShopLiveShortformOverlayCardViewType2.swift in Sources */ = {isa = PBXBuildFile; fileRef = 1DA6AA2440BA48ADD14F524C /* ShopLiveShortformOverlayCardViewType2.swift */; };
		D7AFC63DC38F02C1D26192C0 /* TuistStrings+ShopLiveShortformSDK.swift in Sources */ = {isa = PBXBuildFile; fileRef = 3E1E62669443334F0B927550 /* TuistStrings+ShopLiveShortformSDK.swift */; };
		DB726CB175394BEC285D01DA /* ListViewHideOptionModel.swift in Sources */ = {isa = PBXBuildFile; fileRef = 82FAAC26A95F29DA4989CAA3 /* ListViewHideOptionModel.swift */; };
		DB9E61E8395F28E6BB96AACE /* ShopLiveShortformCardViewCell.swift in Sources */ = {isa = PBXBuildFile; fileRef = C369DD6FBD360A9924371997 /* ShopLiveShortformCardViewCell.swift */; };
		E0693EDDD3D5F6E8F28F0E8A /* ShortsCollectionBaseViewModel.swift in Sources */ = {isa = PBXBuildFile; fileRef = 6E9847928370D5728D94A868 /* ShortsCollectionBaseViewModel.swift */; };
		E556BE938CFC5679A7F69EC8 /* V2ShortsCollectionViewModel.swift in Sources */ = {isa = PBXBuildFile; fileRef = 1ACC2C7914921C275D1A161E /* V2ShortsCollectionViewModel.swift */; };
		E596214670A0E69CE3C70360 /* ShopLiveShortformBaseListTypeOverlayType1.swift in Sources */ = {isa = PBXBuildFile; fileRef = EA685F00092DAF2BF0D482A4 /* ShopLiveShortformBaseListTypeOverlayType1.swift */; };
		E597C3F943B4B8DDA0D58ACF /* Throttle.swift in Sources */ = {isa = PBXBuildFile; fileRef = B30D0A0A75AD58F82CC96CF2 /* Throttle.swift */; };
		E72FA7E7A6EE175FE9A6DB1A /* V1ShortsCollectionViewModel.swift in Sources */ = {isa = PBXBuildFile; fileRef = 24695457F6F0ECDB19F6C520 /* V1ShortsCollectionViewModel.swift */; };
		E8E1AC908CEF63A37B757375 /* Localizable.strings in Resources */ = {isa = PBXBuildFile; fileRef = A5BA3B3EB798D29541E7A9BD /* Localizable.strings */; };
		E952AA857BF38958DBF75E4F /* UIFont + extension.swift in Sources */ = {isa = PBXBuildFile; fileRef = AB9DC6CFEF2222A983CA6A8D /* UIFont + extension.swift */; };
		EA372DE3C7631E99C80B4239 /* V2ShortsCollectionView.swift in Sources */ = {isa = PBXBuildFile; fileRef = 3E7057B6ECF1508B67DFF373 /* V2ShortsCollectionView.swift */; };
		EE0919E211C85BFA67538F43 /* ShortsSettingConfigJson.swift in Sources */ = {isa = PBXBuildFile; fileRef = 00E9AB1872B375F49476A3BB /* ShortsSettingConfigJson.swift */; };
		F2E165AC00FD35F8D9A38AED /* ShortsEventTraceAPI.swift in Sources */ = {isa = PBXBuildFile; fileRef = 931EFF2389266B7A467299AE /* ShortsEventTraceAPI.swift */; };
		F63DE56E33180840D17571A3 /* ShopLiveBridgeInterface.swift in Sources */ = {isa = PBXBuildFile; fileRef = E15F994B950B11A820D2DE87 /* ShopLiveBridgeInterface.swift */; };
		FA258A922E957231ADABEF35 /* ShortsView.swift in Sources */ = {isa = PBXBuildFile; fileRef = E87AEB7D533823DFD95ADD82 /* ShortsView.swift */; };
		FD1A24D20EE21DF057644487 /* Author.swift in Sources */ = {isa = PBXBuildFile; fileRef = FF9531B21DE04AADB7E00553 /* Author.swift */; };
/* End PBXBuildFile section */

/* Begin PBXContainerItemProxy section */
		AEB6C51764015182669D6BF5 /* PBXContainerItemProxy */ = {
			isa = PBXContainerItemProxy;
			containerPortal = 694983368A64303CB65AA393 /* Project object */;
			proxyType = 1;
			remoteGlobalIDString = 39EF557508BA9A1F6538964D;
			remoteInfo = ShopLiveShortformSDK_ShopLiveShortformSDK;
		};
/* End PBXContainerItemProxy section */

/* Begin PBXCopyFilesBuildPhase section */
		3F0FE5796E5651B2EFD86901 /* Embed Frameworks */ = {
			isa = PBXCopyFilesBuildPhase;
			buildActionMask = 2147483647;
			dstPath = "";
			dstSubfolderSpec = 10;
			files = (
			);
			name = "Embed Frameworks";
			runOnlyForDeploymentPostprocessing = 0;
		};
		E6D5AEA3C0FD1F33D85C488A /* Embed Frameworks */ = {
			isa = PBXCopyFilesBuildPhase;
			buildActionMask = 2147483647;
			dstPath = "";
			dstSubfolderSpec = 10;
			files = (
			);
			name = "Embed Frameworks";
			runOnlyForDeploymentPostprocessing = 0;
		};
/* End PBXCopyFilesBuildPhase section */

/* Begin PBXFileReference section */
		00B08195D2DCA33A9B5943B8 /* TuistBundle+ShopLiveShortformSDK.swift */ = {isa = PBXFileReference; lastKnownFileType = sourcecode.swift; path = "TuistBundle+ShopLiveShortformSDK.swift"; sourceTree = "<group>"; };
		00E9AB1872B375F49476A3BB /* ShortsSettingConfigJson.swift */ = {isa = PBXFileReference; lastKnownFileType = sourcecode.swift; path = ShortsSettingConfigJson.swift; sourceTree = "<group>"; };
		032B64BB87E1819A503F33D9 /* CardModel.swift */ = {isa = PBXFileReference; lastKnownFileType = sourcecode.swift; path = CardModel.swift; sourceTree = "<group>"; };
		086F9B5CE58A1A34C90A6965 /* ShopLiveShortformVerticalTypeViewReactor.swift */ = {isa = PBXFileReference; lastKnownFileType = sourcecode.swift; path = ShopLiveShortformVerticalTypeViewReactor.swift; sourceTree = "<group>"; };
		08AE97A817BCE7781A1C704A /* ShopliveSDKCommon.framework */ = {isa = PBXFileReference; explicitFileType = wrapper.framework; includeInIndex = 0; path = ShopliveSDKCommon.framework; sourceTree = BUILT_PRODUCTS_DIR; };
		08B6BAD35CBF4FA97B11BAD0 /* ShortsDetail.swift */ = {isa = PBXFileReference; lastKnownFileType = sourcecode.swift; path = ShortsDetail.swift; sourceTree = "<group>"; };
		0F25FCDCDB679BAD6C43596E /* AppStateNotificationObserver.swift */ = {isa = PBXFileReference; lastKnownFileType = sourcecode.swift; path = AppStateNotificationObserver.swift; sourceTree = "<group>"; };
		10E93368CE5E67DF6E3CE3E7 /* FullTypeRootViewController.swift */ = {isa = PBXFileReference; lastKnownFileType = sourcecode.swift; path = FullTypeRootViewController.swift; sourceTree = "<group>"; };
		121C83500E119F03B99AA965 /* AudioRouteObserver.swift */ = {isa = PBXFileReference; lastKnownFileType = sourcecode.swift; path = AudioRouteObserver.swift; sourceTree = "<group>"; };
		1461494AFA7D6D55669087E7 /* ShopLiveShortformSDK_ShopLiveShortformSDK-Info.plist */ = {isa = PBXFileReference; lastKnownFileType = text.plist; path = "ShopLiveShortformSDK_ShopLiveShortformSDK-Info.plist"; sourceTree = "<group>"; };
		1542A09E6D42418BF3886B21 /* Activity.swift */ = {isa = PBXFileReference; lastKnownFileType = sourcecode.swift; path = Activity.swift; sourceTree = "<group>"; };
		1551B08EA0D63DA6CA3FC5E8 /* ShopLiveShortformBaseTypePlayerView.swift */ = {isa = PBXFileReference; lastKnownFileType = sourcecode.swift; path = ShopLiveShortformBaseTypePlayerView.swift; sourceTree = "<group>"; };
		15B23A53A12AED8394098770 /* ShopLiveShortformOverlayCardViewType0.swift */ = {isa = PBXFileReference; lastKnownFileType = sourcecode.swift; path = ShopLiveShortformOverlayCardViewType0.swift; sourceTree = "<group>"; };
		1ACC2C7914921C275D1A161E /* V2ShortsCollectionViewModel.swift */ = {isa = PBXFileReference; lastKnownFileType = sourcecode.swift; path = V2ShortsCollectionViewModel.swift; sourceTree = "<group>"; };
		1DA6AA2440BA48ADD14F524C /* ShopLiveShortformOverlayCardViewType2.swift */ = {isa = PBXFileReference; lastKnownFileType = sourcecode.swift; path = ShopLiveShortformOverlayCardViewType2.swift; sourceTree = "<group>"; };
		24695457F6F0ECDB19F6C520 /* V1ShortsCollectionViewModel.swift */ = {isa = PBXFileReference; lastKnownFileType = sourcecode.swift; path = V1ShortsCollectionViewModel.swift; sourceTree = "<group>"; };
		24A6ADA9494ACD3EBE5DA6DF /* FullTypeErrorView.swift */ = {isa = PBXFileReference; lastKnownFileType = sourcecode.swift; path = FullTypeErrorView.swift; sourceTree = "<group>"; };
		262AE1BBC59C266CFCFF569E /* ShortsCollectionAPI.swift */ = {isa = PBXFileReference; lastKnownFileType = sourcecode.swift; path = ShortsCollectionAPI.swift; sourceTree = "<group>"; };
		27D3E78CE7A65EE618D65579 /* ShortsCollectionBaseView + rotation.swift */ = {isa = PBXFileReference; lastKnownFileType = sourcecode.swift; path = "ShortsCollectionBaseView + rotation.swift"; sourceTree = "<group>"; };
		2B6353DF03F5B9134E63FB70 /* ShopLiveShortBaseTypeView.swift */ = {isa = PBXFileReference; lastKnownFileType = sourcecode.swift; path = ShopLiveShortBaseTypeView.swift; sourceTree = "<group>"; };
		2BB36D65BFA0F8CE5AFF275C /* ShopLiveShortformIdsData.swift */ = {isa = PBXFileReference; lastKnownFileType = sourcecode.swift; path = ShopLiveShortformIdsData.swift; sourceTree = "<group>"; };
		2FCB40A26C48E7A7E3DD6494 /* PreloadWebView.swift */ = {isa = PBXFileReference; lastKnownFileType = sourcecode.swift; path = PreloadWebView.swift; sourceTree = "<group>"; };
		34FE9B8E6B0060F3DDBCE4C9 /* ko */ = {isa = PBXFileReference; lastKnownFileType = text.plist.strings; name = ko; path = ko.lproj/Localizable.strings; sourceTree = "<group>"; };
		3740B9984F461B2577A97004 /* ShortsVideoPlayer.swift */ = {isa = PBXFileReference; lastKnownFileType = sourcecode.swift; path = ShortsVideoPlayer.swift; sourceTree = "<group>"; };
		389D6D44B12C38EC86D461F3 /* ShopLiveShortformOverlayCardViewType1.swift */ = {isa = PBXFileReference; lastKnownFileType = sourcecode.swift; path = ShopLiveShortformOverlayCardViewType1.swift; sourceTree = "<group>"; };
		3B8D5F143A9863A0DDAA6EAF /* ShopLiveShortformSDK.framework */ = {isa = PBXFileReference; explicitFileType = wrapper.framework; includeInIndex = 0; path = ShopLiveShortformSDK.framework; sourceTree = BUILT_PRODUCTS_DIR; };
		3C5E60EF496D787E5949917B /* UserObject.swift */ = {isa = PBXFileReference; lastKnownFileType = sourcecode.swift; path = UserObject.swift; sourceTree = "<group>"; };
		3E1E62669443334F0B927550 /* TuistStrings+ShopLiveShortformSDK.swift */ = {isa = PBXFileReference; lastKnownFileType = sourcecode.swift; path = "TuistStrings+ShopLiveShortformSDK.swift"; sourceTree = "<group>"; };
		3E7057B6ECF1508B67DFF373 /* V2ShortsCollectionView.swift */ = {isa = PBXFileReference; lastKnownFileType = sourcecode.swift; path = V2ShortsCollectionView.swift; sourceTree = "<group>"; };
		40EDFED9A9A3D4E2A5AF5637 /* BrandModel.swift */ = {isa = PBXFileReference; lastKnownFileType = sourcecode.swift; path = BrandModel.swift; sourceTree = "<group>"; };
		411BC1835EE5ED78356DB192 /* ShortFormAuthManager.swift */ = {isa = PBXFileReference; lastKnownFileType = sourcecode.swift; path = ShortFormAuthManager.swift; sourceTree = "<group>"; };
		41317E26462A3744AAEEA565 /* CardModel+extension.swift */ = {isa = PBXFileReference; lastKnownFileType = sourcecode.swift; path = "CardModel+extension.swift"; sourceTree = "<group>"; };
		4335BE6BABAD81BA71AE38BF /* ShopLiveShortformSDKOptionsData.swift */ = {isa = PBXFileReference; lastKnownFileType = sourcecode.swift; path = ShopLiveShortformSDKOptionsData.swift; sourceTree = "<group>"; };
		43562A06714756B2BE452757 /* JWTTool.swift */ = {isa = PBXFileReference; lastKnownFileType = sourcecode.swift; path = JWTTool.swift; sourceTree = "<group>"; };
		448975E9955BC1B82C808B08 /* ShopLiveShortformBaseTypeCardView.swift */ = {isa = PBXFileReference; lastKnownFileType = sourcecode.swift; path = ShopLiveShortformBaseTypeCardView.swift; sourceTree = "<group>"; };
		464AD053E1C3E62B5BE118CB /* ShopLiveShortformBaseListTypeOverlayType2.swift */ = {isa = PBXFileReference; lastKnownFileType = sourcecode.swift; path = ShopLiveShortformBaseListTypeOverlayType2.swift; sourceTree = "<group>"; };
		4868F9D48B8F35DB3E969E3C /* ShopLiveShortformCardTypeView.swift */ = {isa = PBXFileReference; lastKnownFileType = sourcecode.swift; path = ShopLiveShortformCardTypeView.swift; sourceTree = "<group>"; };
		4FE5DD484ACAED930E42E1FE /* ShortFormConfigurationInfos.swift */ = {isa = PBXFileReference; lastKnownFileType = sourcecode.swift; path = ShortFormConfigurationInfos.swift; sourceTree = "<group>"; };
		52BE0C8588109EFA4DAABE25 /* ShopLiveShortformBaseBuilder.swift */ = {isa = PBXFileReference; lastKnownFileType = sourcecode.swift; path = ShopLiveShortformBaseBuilder.swift; sourceTree = "<group>"; };
		57329EDC70374B1ED0335B72 /* ShopLiveShortformIdsMoreData.swift */ = {isa = PBXFileReference; lastKnownFileType = sourcecode.swift; path = ShopLiveShortformIdsMoreData.swift; sourceTree = "<group>"; };
		5F250ABF5E77CB5B5C1F7A83 /* TuistAssets+ShopLiveShortformSDK.swift */ = {isa = PBXFileReference; lastKnownFileType = sourcecode.swift; path = "TuistAssets+ShopLiveShortformSDK.swift"; sourceTree = "<group>"; };
		6033D0695B535A11098CD011 /* ShortsCell.swift */ = {isa = PBXFileReference; lastKnownFileType = sourcecode.swift; path = ShortsCell.swift; sourceTree = "<group>"; };
		606026C33CE505547B4AB365 /* ShopLiveShortformBaseEmptyDataView.swift */ = {isa = PBXFileReference; lastKnownFileType = sourcecode.swift; path = ShopLiveShortformBaseEmptyDataView.swift; sourceTree = "<group>"; };
		6635417210FE4AE55EC466E5 /* ShortsCollectionBaseView + Observer.swift */ = {isa = PBXFileReference; lastKnownFileType = sourcecode.swift; path = "ShortsCollectionBaseView + Observer.swift"; sourceTree = "<group>"; };
		6846687957BAA35E8FAE872A /* Assets.xcassets */ = {isa = PBXFileReference; lastKnownFileType = folder.assetcatalog; path = Assets.xcassets; sourceTree = "<group>"; };
		689C08DE47C12BA36D04D78B /* ShopLiveShortformSDK_ShopLiveShortformSDK.bundle */ = {isa = PBXFileReference; explicitFileType = wrapper.cfbundle; includeInIndex = 0; path = ShopLiveShortformSDK_ShopLiveShortformSDK.bundle; sourceTree = BUILT_PRODUCTS_DIR; };
		6AF2F0E324F012A9EC747028 /* V1ShortsCollectionView.swift */ = {isa = PBXFileReference; lastKnownFileType = sourcecode.swift; path = V1ShortsCollectionView.swift; sourceTree = "<group>"; };
		6B5D545E2DFCAEF81FE8DF2A /* SLShortFormWindow.swift */ = {isa = PBXFileReference; lastKnownFileType = sourcecode.swift; path = SLShortFormWindow.swift; sourceTree = "<group>"; };
		6E9847928370D5728D94A868 /* ShortsCollectionBaseViewModel.swift */ = {isa = PBXFileReference; lastKnownFileType = sourcecode.swift; path = ShortsCollectionBaseViewModel.swift; sourceTree = "<group>"; };
		73692AD0E8DCD57A8DC58CB5 /* ImageCardView.swift */ = {isa = PBXFileReference; lastKnownFileType = sourcecode.swift; path = ImageCardView.swift; sourceTree = "<group>"; };
		751DC1D1FA63D0DFA5746F88 /* ShopLiveShortformBaseListTypeViewCell.swift */ = {isa = PBXFileReference; lastKnownFileType = sourcecode.swift; path = ShopLiveShortformBaseListTypeViewCell.swift; sourceTree = "<group>"; };
		79F50D191E896B12E6368D1C /* ShopLiveShareMetaData.swift */ = {isa = PBXFileReference; lastKnownFileType = sourcecode.swift; path = ShopLiveShareMetaData.swift; sourceTree = "<group>"; };
		7A6EA2FEAE029BEE899AE256 /* ShortFormConfigurationInfoModel.swift */ = {isa = PBXFileReference; lastKnownFileType = sourcecode.swift; path = ShortFormConfigurationInfoModel.swift; sourceTree = "<group>"; };
		8053592A5575DA1C549434F6 /* UIColor + extension.swift */ = {isa = PBXFileReference; lastKnownFileType = sourcecode.swift; path = "UIColor + extension.swift"; sourceTree = "<group>"; };
		81307B4C11050A67CAA14424 /* VideoCardView.swift */ = {isa = PBXFileReference; lastKnownFileType = sourcecode.swift; path = VideoCardView.swift; sourceTree = "<group>"; };
		82FAAC26A95F29DA4989CAA3 /* ListViewHideOptionModel.swift */ = {isa = PBXFileReference; lastKnownFileType = sourcecode.swift; path = ListViewHideOptionModel.swift; sourceTree = "<group>"; };
		8416978CD2275F79EA580BAC /* String + extension.swift */ = {isa = PBXFileReference; lastKnownFileType = sourcecode.swift; path = "String + extension.swift"; sourceTree = "<group>"; };
		8A25BEDF519B4F7E6158E0CF /* ShopLiveShortform.swift */ = {isa = PBXFileReference; lastKnownFileType = sourcecode.swift; path = ShopLiveShortform.swift; sourceTree = "<group>"; };
		910E646A5CC25FBED49C3CD9 /* en */ = {isa = PBXFileReference; lastKnownFileType = text.plist.strings; name = en; path = en.lproj/Localizable.strings; sourceTree = "<group>"; };
		9181ADE7FB93F919B6E79400 /* ShopLiveShortformListViewInterface.swift */ = {isa = PBXFileReference; lastKnownFileType = sourcecode.swift; path = ShopLiveShortformListViewInterface.swift; sourceTree = "<group>"; };
		918FB28246AC33361AAD1696 /* ShortsRelatedCollectionAPI.swift */ = {isa = PBXFileReference; lastKnownFileType = sourcecode.swift; path = ShortsRelatedCollectionAPI.swift; sourceTree = "<group>"; };
		928E4EBCBEDB2D5FEB1229DB /* ShopLiveShortformRelatedData.swift */ = {isa = PBXFileReference; lastKnownFileType = sourcecode.swift; path = ShopLiveShortformRelatedData.swift; sourceTree = "<group>"; };
		931EFF2389266B7A467299AE /* ShortsEventTraceAPI.swift */ = {isa = PBXFileReference; lastKnownFileType = sourcecode.swift; path = ShortsEventTraceAPI.swift; sourceTree = "<group>"; };
		95ED0B65E0CEAAFE8650DB32 /* ShortformNativeOnEventsManager.swift */ = {isa = PBXFileReference; lastKnownFileType = sourcecode.swift; path = ShortformNativeOnEventsManager.swift; sourceTree = "<group>"; };
		A2B4B43194E7775C870AF57B /* ShortsIdsListAPI.swift */ = {isa = PBXFileReference; lastKnownFileType = sourcecode.swift; path = ShortsIdsListAPI.swift; sourceTree = "<group>"; };
		AB9DC6CFEF2222A983CA6A8D /* UIFont + extension.swift */ = {isa = PBXFileReference; lastKnownFileType = sourcecode.swift; path = "UIFont + extension.swift"; sourceTree = "<group>"; };
		B09639E560716F80672C51DC /* ShopLiveShortformVisibleFullTypeData.swift */ = {isa = PBXFileReference; lastKnownFileType = sourcecode.swift; path = ShopLiveShortformVisibleFullTypeData.swift; sourceTree = "<group>"; };
		B23041AD97F3FA3B350F803E /* ShortformEventTraceManager.swift */ = {isa = PBXFileReference; lastKnownFileType = sourcecode.swift; path = ShortformEventTraceManager.swift; sourceTree = "<group>"; };
		B30D0A0A75AD58F82CC96CF2 /* Throttle.swift */ = {isa = PBXFileReference; lastKnownFileType = sourcecode.swift; path = Throttle.swift; sourceTree = "<group>"; };
		B42B3EEF59B306DA70A79C82 /* SLAVLoopPlayer.swift */ = {isa = PBXFileReference; lastKnownFileType = sourcecode.swift; path = SLAVLoopPlayer.swift; sourceTree = "<group>"; };
		B49BB4265C7699ACDF65318B /* ShortsReceiveInterface.swift */ = {isa = PBXFileReference; lastKnownFileType = sourcecode.swift; path = ShortsReceiveInterface.swift; sourceTree = "<group>"; };
		BA5770B258E7187520E0D97A /* ShortsType.swift */ = {isa = PBXFileReference; lastKnownFileType = sourcecode.swift; path = ShortsType.swift; sourceTree = "<group>"; };
		BA98725F9327449A23B4EF26 /* ShopLiveShortCardTypeViewReactor.swift */ = {isa = PBXFileReference; lastKnownFileType = sourcecode.swift; path = ShopLiveShortCardTypeViewReactor.swift; sourceTree = "<group>"; };
		BB07D6DDC188F15B5E034DF2 /* FullTypeEmptyDataView.swift */ = {isa = PBXFileReference; lastKnownFileType = sourcecode.swift; path = FullTypeEmptyDataView.swift; sourceTree = "<group>"; };
		BD0688FFE389D34E5C63F338 /* ProductBanner.swift */ = {isa = PBXFileReference; lastKnownFileType = sourcecode.swift; path = ProductBanner.swift; sourceTree = "<group>"; };
		BF289623B8E406004BED1E7A /* ShortsConfiguration.swift */ = {isa = PBXFileReference; lastKnownFileType = sourcecode.swift; path = ShortsConfiguration.swift; sourceTree = "<group>"; };
		C0F64194934F8B57FE013032 /* ShopLiveShortformHorizontalTypeViewReactor.swift */ = {isa = PBXFileReference; lastKnownFileType = sourcecode.swift; path = ShopLiveShortformHorizontalTypeViewReactor.swift; sourceTree = "<group>"; };
		C369DD6FBD360A9924371997 /* ShopLiveShortformCardViewCell.swift */ = {isa = PBXFileReference; lastKnownFileType = sourcecode.swift; path = ShopLiveShortformCardViewCell.swift; sourceTree = "<group>"; };
		C36C0474B29A796C66F12D39 /* ShortsVideo.swift */ = {isa = PBXFileReference; lastKnownFileType = sourcecode.swift; path = ShortsVideo.swift; sourceTree = "<group>"; };
		C71D86DC430DCF20167BD12A /* Double + Extension.swift */ = {isa = PBXFileReference; lastKnownFileType = sourcecode.swift; path = "Double + Extension.swift"; sourceTree = "<group>"; };
		C9A29E96D2C577BA19EBECDA /* ShopLiveShortformSDK-Info.plist */ = {isa = PBXFileReference; lastKnownFileType = text.plist; path = "ShopLiveShortformSDK-Info.plist"; sourceTree = "<group>"; };
		CDD61871322C21F7620C4ECD /* ShopliveShortformListViewCellDelegate.swift */ = {isa = PBXFileReference; lastKnownFileType = sourcecode.swift; path = ShopliveShortformListViewCellDelegate.swift; sourceTree = "<group>"; };
		CFDC6966AEBD26B914AF4CF4 /* Card.swift */ = {isa = PBXFileReference; lastKnownFileType = sourcecode.swift; path = Card.swift; sourceTree = "<group>"; };
		D87B08EF2EAF9141FEAF321E /* SLCollectionView.swift */ = {isa = PBXFileReference; lastKnownFileType = sourcecode.swift; path = SLCollectionView.swift; sourceTree = "<group>"; };
		DCA5E1B4F9ECF14F87E13C09 /* ShortsCollectionBaseView.swift */ = {isa = PBXFileReference; lastKnownFileType = sourcecode.swift; path = ShortsCollectionBaseView.swift; sourceTree = "<group>"; };
		DCC9B0D60EDCA0D6C855F6D1 /* LatestShortsCell.swift */ = {isa = PBXFileReference; lastKnownFileType = sourcecode.swift; path = LatestShortsCell.swift; sourceTree = "<group>"; };
		DCE11E282C266633F8DE0893 /* ShopLiveShortformVerticalTypeView.swift */ = {isa = PBXFileReference; lastKnownFileType = sourcecode.swift; path = ShopLiveShortformVerticalTypeView.swift; sourceTree = "<group>"; };
		DF9688ABAA87EFC19073C70B /* ShortsCollectionModel.swift */ = {isa = PBXFileReference; lastKnownFileType = sourcecode.swift; path = ShortsCollectionModel.swift; sourceTree = "<group>"; };
		E15F994B950B11A820D2DE87 /* ShopLiveBridgeInterface.swift */ = {isa = PBXFileReference; lastKnownFileType = sourcecode.swift; path = ShopLiveBridgeInterface.swift; sourceTree = "<group>"; };
		E20477141BCB3A7F47750EE8 /* ShortsWebInterface.swift */ = {isa = PBXFileReference; lastKnownFileType = sourcecode.swift; path = ShortsWebInterface.swift; sourceTree = "<group>"; };
		E31CB198F422C2E057B1D0F2 /* ShopLiveShortformCollectionData.swift */ = {isa = PBXFileReference; lastKnownFileType = sourcecode.swift; path = ShopLiveShortformCollectionData.swift; sourceTree = "<group>"; };
		E87AEB7D533823DFD95ADD82 /* ShortsView.swift */ = {isa = PBXFileReference; lastKnownFileType = sourcecode.swift; path = ShortsView.swift; sourceTree = "<group>"; };
		EA685F00092DAF2BF0D482A4 /* ShopLiveShortformBaseListTypeOverlayType1.swift */ = {isa = PBXFileReference; lastKnownFileType = sourcecode.swift; path = ShopLiveShortformBaseListTypeOverlayType1.swift; sourceTree = "<group>"; };
		EAA7EFD481244C7D1994BBEF /* ShopLiveChatView.swift */ = {isa = PBXFileReference; lastKnownFileType = sourcecode.swift; path = ShopLiveChatView.swift; sourceTree = "<group>"; };
		EC0D4C01E8E8D9DDDACBA3E4 /* ShortsModel.swift */ = {isa = PBXFileReference; lastKnownFileType = sourcecode.swift; path = ShortsModel.swift; sourceTree = "<group>"; };
		EF684FCF1D49CFE2CBEB6A40 /* Test.xib */ = {isa = PBXFileReference; lastKnownFileType = file.xib; path = Test.xib; sourceTree = "<group>"; };
		F1E46FD5D60452E076603917 /* ShopLiveChattingWriteView.swift */ = {isa = PBXFileReference; lastKnownFileType = sourcecode.swift; path = ShopLiveChattingWriteView.swift; sourceTree = "<group>"; };
		F3C8362B8C4BAAE4042B21B9 /* ShortsCollectionBaseView + ShortsCellDelegate.swift */ = {isa = PBXFileReference; lastKnownFileType = sourcecode.swift; path = "ShortsCollectionBaseView + ShortsCellDelegate.swift"; sourceTree = "<group>"; };
		F7DED72281A9AF050112630C /* Product.swift */ = {isa = PBXFileReference; lastKnownFileType = sourcecode.swift; path = Product.swift; sourceTree = "<group>"; };
		FBC7775828A05A8AB119A443 /* CardViewInterface.swift */ = {isa = PBXFileReference; lastKnownFileType = sourcecode.swift; path = CardViewInterface.swift; sourceTree = "<group>"; };
		FCDC6DE3593E09694903BC28 /* ShopLiveShortformHorizontalTypeView.swift */ = {isa = PBXFileReference; lastKnownFileType = sourcecode.swift; path = ShopLiveShortformHorizontalTypeView.swift; sourceTree = "<group>"; };
		FF9531B21DE04AADB7E00553 /* Author.swift */ = {isa = PBXFileReference; lastKnownFileType = sourcecode.swift; path = Author.swift; sourceTree = "<group>"; };
/* End PBXFileReference section */

/* Begin PBXFrameworksBuildPhase section */
		1F009AE932A9B171E76BF358 /* Frameworks */ = {
			isa = PBXFrameworksBuildPhase;
			buildActionMask = 2147483647;
			files = (
			);
			runOnlyForDeploymentPostprocessing = 0;
		};
		A5C085A3003B45ACD66CB987 /* Frameworks */ = {
			isa = PBXFrameworksBuildPhase;
			buildActionMask = 2147483647;
			files = (
				C34F28C6E649902BD1408454 /* ShopliveSDKCommon.framework in Frameworks */,
			);
			runOnlyForDeploymentPostprocessing = 0;
		};
/* End PBXFrameworksBuildPhase section */

/* Begin PBXGroup section */
		034D14AD3BADF0227456856E /* FullTypelist */ = {
			isa = PBXGroup;
			children = (
				A8D555651334B5E99B865700 /* Base */,
				38DC3F0EFB31FEDF3E83CD1D /* V1 */,
				40EF4840584089ED0AADAEDA /* V2 */,
				DCC9B0D60EDCA0D6C855F6D1 /* LatestShortsCell.swift */,
				6033D0695B535A11098CD011 /* ShortsCell.swift */,
				E87AEB7D533823DFD95ADD82 /* ShortsView.swift */,
				D87B08EF2EAF9141FEAF321E /* SLCollectionView.swift */,
				6B5D545E2DFCAEF81FE8DF2A /* SLShortFormWindow.swift */,
			);
			path = FullTypelist;
			sourceTree = "<group>";
		};
		05AE604866F32A739E93BB70 /* ConfigAndAuth */ = {
			isa = PBXGroup;
			children = (
				411BC1835EE5ED78356DB192 /* ShortFormAuthManager.swift */,
				7A6EA2FEAE029BEE899AE256 /* ShortFormConfigurationInfoModel.swift */,
				4FE5DD484ACAED930E42E1FE /* ShortFormConfigurationInfos.swift */,
			);
			path = ConfigAndAuth;
			sourceTree = "<group>";
		};
		06312635D60200BBBC68478E /* baseview */ = {
			isa = PBXGroup;
			children = (
				2B6353DF03F5B9134E63FB70 /* ShopLiveShortBaseTypeView.swift */,
				606026C33CE505547B4AB365 /* ShopLiveShortformBaseEmptyDataView.swift */,
				EA685F00092DAF2BF0D482A4 /* ShopLiveShortformBaseListTypeOverlayType1.swift */,
				464AD053E1C3E62B5BE118CB /* ShopLiveShortformBaseListTypeOverlayType2.swift */,
				751DC1D1FA63D0DFA5746F88 /* ShopLiveShortformBaseListTypeViewCell.swift */,
				448975E9955BC1B82C808B08 /* ShopLiveShortformBaseTypeCardView.swift */,
				1551B08EA0D63DA6CA3FC5E8 /* ShopLiveShortformBaseTypePlayerView.swift */,
			);
			path = baseview;
			sourceTree = "<group>";
		};
		06E6AAFCCBF21994B11EFD06 /* Sources */ = {
			isa = PBXGroup;
			children = (
				F713805FEB88792FB4C7005E /* api */,
				A7D752925FD45D3C2EC2BB27 /* common */,
				ADBDE8EC15C5CAF8E69E27D3 /* data */,
				BD4E7F74545B1174298043CF /* interface */,
				A882CD15D7B4F55FDE70E7B7 /* Manager */,
				FBB1CD6BAC0B8F751F744F92 /* view */,
				0F25FCDCDB679BAD6C43596E /* AppStateNotificationObserver.swift */,
				121C83500E119F03B99AA965 /* AudioRouteObserver.swift */,
				41317E26462A3744AAEEA565 /* CardModel+extension.swift */,
				43562A06714756B2BE452757 /* JWTTool.swift */,
				2FCB40A26C48E7A7E3DD6494 /* PreloadWebView.swift */,
				79F50D191E896B12E6368D1C /* ShopLiveShareMetaData.swift */,
				BF289623B8E406004BED1E7A /* ShortsConfiguration.swift */,
			);
			path = Sources;
			sourceTree = "<group>";
		};
		0B1B33B9199D3CE36EE06DE4 /* model */ = {
			isa = PBXGroup;
			children = (
				1542A09E6D42418BF3886B21 /* Activity.swift */,
				FF9531B21DE04AADB7E00553 /* Author.swift */,
				40EDFED9A9A3D4E2A5AF5637 /* BrandModel.swift */,
				032B64BB87E1819A503F33D9 /* CardModel.swift */,
				F7DED72281A9AF050112630C /* Product.swift */,
				BD0688FFE389D34E5C63F338 /* ProductBanner.swift */,
				DF9688ABAA87EFC19073C70B /* ShortsCollectionModel.swift */,
				08B6BAD35CBF4FA97B11BAD0 /* ShortsDetail.swift */,
				EC0D4C01E8E8D9DDDACBA3E4 /* ShortsModel.swift */,
				00E9AB1872B375F49476A3BB /* ShortsSettingConfigJson.swift */,
				3C5E60EF496D787E5949917B /* UserObject.swift */,
			);
			path = model;
			sourceTree = "<group>";
		};
		0DB826E0F338DC1DF2329B6B /* reactor */ = {
			isa = PBXGroup;
			children = (
				C0F64194934F8B57FE013032 /* ShopLiveShortformHorizontalTypeViewReactor.swift */,
			);
			path = reactor;
			sourceTree = "<group>";
		};
		16F16DE7C06A0E17C17725E5 /* HorizontalTypeView */ = {
			isa = PBXGroup;
			children = (
				0DB826E0F338DC1DF2329B6B /* reactor */,
				4471851C156C125D094ECDAF /* view */,
			);
			path = HorizontalTypeView;
			sourceTree = "<group>";
		};
		2323A7209DA84498C6D18409 = {
			isa = PBXGroup;
			children = (
				5A4845C7144473D681807EA1 /* Project */,
				AE7F069E6B4D0F711B65EBD9 /* Compiled */,
				54F228BB2730B764BC381ABB /* Products */,
			);
			sourceTree = "<group>";
		};
		304D267538CC20BA7F01367A /* extension */ = {
			isa = PBXGroup;
			children = (
				C71D86DC430DCF20167BD12A /* Double + Extension.swift */,
				8416978CD2275F79EA580BAC /* String + extension.swift */,
				8053592A5575DA1C549434F6 /* UIColor + extension.swift */,
				AB9DC6CFEF2222A983CA6A8D /* UIFont + extension.swift */,
			);
			path = extension;
			sourceTree = "<group>";
		};
		311F5EDDA6EFC3A4FE47CFA0 /* Resources */ = {
			isa = PBXGroup;
			children = (
				A5BA3B3EB798D29541E7A9BD /* Localizable.strings */,
				6846687957BAA35E8FAE872A /* Assets.xcassets */,
				EF684FCF1D49CFE2CBEB6A40 /* Test.xib */,
			);
			path = Resources;
			sourceTree = "<group>";
		};
		36339B9F5D934F9EB5FA0020 /* card */ = {
			isa = PBXGroup;
			children = (
				73692AD0E8DCD57A8DC58CB5 /* ImageCardView.swift */,
				81307B4C11050A67CAA14424 /* VideoCardView.swift */,
			);
			path = card;
			sourceTree = "<group>";
		};
		38DC3F0EFB31FEDF3E83CD1D /* V1 */ = {
			isa = PBXGroup;
			children = (
				6AF2F0E324F012A9EC747028 /* V1ShortsCollectionView.swift */,
				24695457F6F0ECDB19F6C520 /* V1ShortsCollectionViewModel.swift */,
			);
			path = V1;
			sourceTree = "<group>";
		};
		40EF4840584089ED0AADAEDA /* V2 */ = {
			isa = PBXGroup;
			children = (
				3E7057B6ECF1508B67DFF373 /* V2ShortsCollectionView.swift */,
				1ACC2C7914921C275D1A161E /* V2ShortsCollectionViewModel.swift */,
			);
			path = V2;
			sourceTree = "<group>";
		};
		4471851C156C125D094ECDAF /* view */ = {
			isa = PBXGroup;
			children = (
				FCDC6DE3593E09694903BC28 /* ShopLiveShortformHorizontalTypeView.swift */,
			);
			path = view;
			sourceTree = "<group>";
		};
		4F5993D929CCE5A9827DD86B /* player */ = {
			isa = PBXGroup;
			children = (
				C36C0474B29A796C66F12D39 /* ShortsVideo.swift */,
				3740B9984F461B2577A97004 /* ShortsVideoPlayer.swift */,
				B42B3EEF59B306DA70A79C82 /* SLAVLoopPlayer.swift */,
			);
			path = player;
			sourceTree = "<group>";
		};
		503774806361EBD2D94A105E /* chat */ = {
			isa = PBXGroup;
			children = (
				F1E46FD5D60452E076603917 /* ShopLiveChattingWriteView.swift */,
				EAA7EFD481244C7D1994BBEF /* ShopLiveChatView.swift */,
			);
			path = chat;
			sourceTree = "<group>";
		};
		52910ABADBA41192D50F73BC /* InfoPlists */ = {
			isa = PBXGroup;
			children = (
				1461494AFA7D6D55669087E7 /* ShopLiveShortformSDK_ShopLiveShortformSDK-Info.plist */,
				C9A29E96D2C577BA19EBECDA /* ShopLiveShortformSDK-Info.plist */,
			);
			path = InfoPlists;
			sourceTree = "<group>";
		};
		54F228BB2730B764BC381ABB /* Products */ = {
			isa = PBXGroup;
			children = (
				08AE97A817BCE7781A1C704A /* ShopliveSDKCommon.framework */,
				689C08DE47C12BA36D04D78B /* ShopLiveShortformSDK_ShopLiveShortformSDK.bundle */,
				3B8D5F143A9863A0DDAA6EAF /* ShopLiveShortformSDK.framework */,
			);
			name = Products;
			sourceTree = "<group>";
		};
		5A4845C7144473D681807EA1 /* Project */ = {
			isa = PBXGroup;
			children = (
				F833C38E5D2D8656288B6507 /* Derived */,
				311F5EDDA6EFC3A4FE47CFA0 /* Resources */,
				06E6AAFCCBF21994B11EFD06 /* Sources */,
			);
			name = Project;
			sourceTree = "<group>";
		};
		61BFD2B959684917EEB806CD /* Subview */ = {
			isa = PBXGroup;
			children = (
				BB07D6DDC188F15B5E034DF2 /* FullTypeEmptyDataView.swift */,
				24A6ADA9494ACD3EBE5DA6DF /* FullTypeErrorView.swift */,
			);
			path = Subview;
			sourceTree = "<group>";
		};
		6D5DFD8D593F80245F73724A /* Sources */ = {
			isa = PBXGroup;
			children = (
				5F250ABF5E77CB5B5C1F7A83 /* TuistAssets+ShopLiveShortformSDK.swift */,
				00B08195D2DCA33A9B5943B8 /* TuistBundle+ShopLiveShortformSDK.swift */,
				3E1E62669443334F0B927550 /* TuistStrings+ShopLiveShortformSDK.swift */,
			);
			path = Sources;
			sourceTree = "<group>";
		};
		7BEACAC478EF0DC987F1405C /* view */ = {
			isa = PBXGroup;
			children = (
				DCE11E282C266633F8DE0893 /* ShopLiveShortformVerticalTypeView.swift */,
			);
			path = view;
			sourceTree = "<group>";
		};
		83AC7FBE013BE89D2032683D /* ListViewInterface */ = {
			isa = PBXGroup;
			children = (
				52BE0C8588109EFA4DAABE25 /* ShopLiveShortformBaseBuilder.swift */,
				9181ADE7FB93F919B6E79400 /* ShopLiveShortformListViewInterface.swift */,
			);
			path = ListViewInterface;
			sourceTree = "<group>";
		};
		8DD2B9A8F1D3A7156D4B9B03 /* ViewOptionModel */ = {
			isa = PBXGroup;
			children = (
				82FAAC26A95F29DA4989CAA3 /* ListViewHideOptionModel.swift */,
				B09639E560716F80672C51DC /* ShopLiveShortformVisibleFullTypeData.swift */,
			);
			path = ViewOptionModel;
			sourceTree = "<group>";
		};
		A07C9E4AA2C68E6A58A3CF28 /* cardTypeView */ = {
			isa = PBXGroup;
			children = (
				FD2491FE422C65C940016AA2 /* reactor */,
				E7E8A96D687D9D91EA12F991 /* view */,
			);
			path = cardTypeView;
			sourceTree = "<group>";
		};
		A7D752925FD45D3C2EC2BB27 /* common */ = {
			isa = PBXGroup;
			children = (
				B30D0A0A75AD58F82CC96CF2 /* Throttle.swift */,
			);
			path = common;
			sourceTree = "<group>";
		};
		A882CD15D7B4F55FDE70E7B7 /* Manager */ = {
			isa = PBXGroup;
			children = (
				B23041AD97F3FA3B350F803E /* ShortformEventTraceManager.swift */,
				95ED0B65E0CEAAFE8650DB32 /* ShortformNativeOnEventsManager.swift */,
			);
			path = Manager;
			sourceTree = "<group>";
		};
		A8D555651334B5E99B865700 /* Base */ = {
			isa = PBXGroup;
			children = (
				61BFD2B959684917EEB806CD /* Subview */,
				DE83E605C1B5B529AB3FD539 /* View */,
				B5EDC1F696EDA07E1E65B522 /* ViewModel */,
			);
			path = Base;
			sourceTree = "<group>";
		};
		ADBDE8EC15C5CAF8E69E27D3 /* data */ = {
			isa = PBXGroup;
			children = (
				CFDC6966AEBD26B914AF4CF4 /* Card.swift */,
				BA5770B258E7187520E0D97A /* ShortsType.swift */,
			);
			path = data;
			sourceTree = "<group>";
		};
		AE7F069E6B4D0F711B65EBD9 /* Compiled */ = {
			isa = PBXGroup;
			children = (
			);
			name = Compiled;
			sourceTree = "<group>";
		};
		B23A5284BE85F5D1BD110299 /* request */ = {
			isa = PBXGroup;
			children = (
				262AE1BBC59C266CFCFF569E /* ShortsCollectionAPI.swift */,
				931EFF2389266B7A467299AE /* ShortsEventTraceAPI.swift */,
				A2B4B43194E7775C870AF57B /* ShortsIdsListAPI.swift */,
				918FB28246AC33361AAD1696 /* ShortsRelatedCollectionAPI.swift */,
			);
			path = request;
			sourceTree = "<group>";
		};
		B5EDC1F696EDA07E1E65B522 /* ViewModel */ = {
			isa = PBXGroup;
			children = (
				6E9847928370D5728D94A868 /* ShortsCollectionBaseViewModel.swift */,
			);
			path = ViewModel;
			sourceTree = "<group>";
		};
		B90DC092628C7FA8114EB620 /* shortformList */ = {
			isa = PBXGroup;
			children = (
				06312635D60200BBBC68478E /* baseview */,
				A07C9E4AA2C68E6A58A3CF28 /* cardTypeView */,
				FA6DADD166101137AE3EFAD3 /* component */,
				304D267538CC20BA7F01367A /* extension */,
				16F16DE7C06A0E17C17725E5 /* HorizontalTypeView */,
				B97C2BE63CCBDC9F88447574 /* VerticalTypeView */,
				8DD2B9A8F1D3A7156D4B9B03 /* ViewOptionModel */,
			);
			path = shortformList;
			sourceTree = "<group>";
		};
		B97C2BE63CCBDC9F88447574 /* VerticalTypeView */ = {
			isa = PBXGroup;
			children = (
				E35B8988E939253A53C8E118 /* reactor */,
				7BEACAC478EF0DC987F1405C /* view */,
			);
			path = VerticalTypeView;
			sourceTree = "<group>";
		};
		BD4E7F74545B1174298043CF /* interface */ = {
			isa = PBXGroup;
			children = (
				05AE604866F32A739E93BB70 /* ConfigAndAuth */,
				83AC7FBE013BE89D2032683D /* ListViewInterface */,
				FBC7775828A05A8AB119A443 /* CardViewInterface.swift */,
				E15F994B950B11A820D2DE87 /* ShopLiveBridgeInterface.swift */,
				8A25BEDF519B4F7E6158E0CF /* ShopLiveShortform.swift */,
				B49BB4265C7699ACDF65318B /* ShortsReceiveInterface.swift */,
				E20477141BCB3A7F47750EE8 /* ShortsWebInterface.swift */,
			);
			path = interface;
			sourceTree = "<group>";
		};
		D4DB97BEBB92749288A41100 /* RequestModels */ = {
			isa = PBXGroup;
			children = (
				E31CB198F422C2E057B1D0F2 /* ShopLiveShortformCollectionData.swift */,
				2BB36D65BFA0F8CE5AFF275C /* ShopLiveShortformIdsData.swift */,
				57329EDC70374B1ED0335B72 /* ShopLiveShortformIdsMoreData.swift */,
				928E4EBCBEDB2D5FEB1229DB /* ShopLiveShortformRelatedData.swift */,
				4335BE6BABAD81BA71AE38BF /* ShopLiveShortformSDKOptionsData.swift */,
			);
			path = RequestModels;
			sourceTree = "<group>";
		};
		DE83E605C1B5B529AB3FD539 /* View */ = {
			isa = PBXGroup;
			children = (
				6635417210FE4AE55EC466E5 /* ShortsCollectionBaseView + Observer.swift */,
				27D3E78CE7A65EE618D65579 /* ShortsCollectionBaseView + rotation.swift */,
				F3C8362B8C4BAAE4042B21B9 /* ShortsCollectionBaseView + ShortsCellDelegate.swift */,
				DCA5E1B4F9ECF14F87E13C09 /* ShortsCollectionBaseView.swift */,
			);
			path = View;
			sourceTree = "<group>";
		};
		E35B8988E939253A53C8E118 /* reactor */ = {
			isa = PBXGroup;
			children = (
				086F9B5CE58A1A34C90A6965 /* ShopLiveShortformVerticalTypeViewReactor.swift */,
			);
			path = reactor;
			sourceTree = "<group>";
		};
		E7E8A96D687D9D91EA12F991 /* view */ = {
			isa = PBXGroup;
			children = (
				4868F9D48B8F35DB3E969E3C /* ShopLiveShortformCardTypeView.swift */,
				C369DD6FBD360A9924371997 /* ShopLiveShortformCardViewCell.swift */,
				15B23A53A12AED8394098770 /* ShopLiveShortformOverlayCardViewType0.swift */,
				389D6D44B12C38EC86D461F3 /* ShopLiveShortformOverlayCardViewType1.swift */,
				1DA6AA2440BA48ADD14F524C /* ShopLiveShortformOverlayCardViewType2.swift */,
			);
			path = view;
			sourceTree = "<group>";
		};
		F713805FEB88792FB4C7005E /* api */ = {
			isa = PBXGroup;
			children = (
				0B1B33B9199D3CE36EE06DE4 /* model */,
				B23A5284BE85F5D1BD110299 /* request */,
				D4DB97BEBB92749288A41100 /* RequestModels */,
			);
			path = api;
			sourceTree = "<group>";
		};
		F833C38E5D2D8656288B6507 /* Derived */ = {
			isa = PBXGroup;
			children = (
				52910ABADBA41192D50F73BC /* InfoPlists */,
				6D5DFD8D593F80245F73724A /* Sources */,
			);
			path = Derived;
			sourceTree = "<group>";
		};
		FA6DADD166101137AE3EFAD3 /* component */ = {
			isa = PBXGroup;
			children = (
				CDD61871322C21F7620C4ECD /* ShopliveShortformListViewCellDelegate.swift */,
			);
			path = component;
			sourceTree = "<group>";
		};
		FBB1CD6BAC0B8F751F744F92 /* view */ = {
			isa = PBXGroup;
			children = (
				36339B9F5D934F9EB5FA0020 /* card */,
				503774806361EBD2D94A105E /* chat */,
				034D14AD3BADF0227456856E /* FullTypelist */,
				4F5993D929CCE5A9827DD86B /* player */,
				B90DC092628C7FA8114EB620 /* shortformList */,
				10E93368CE5E67DF6E3CE3E7 /* FullTypeRootViewController.swift */,
			);
			path = view;
			sourceTree = "<group>";
		};
		FD2491FE422C65C940016AA2 /* reactor */ = {
			isa = PBXGroup;
			children = (
				BA98725F9327449A23B4EF26 /* ShopLiveShortCardTypeViewReactor.swift */,
			);
			path = reactor;
			sourceTree = "<group>";
		};
/* End PBXGroup section */

/* Begin PBXNativeTarget section */
		39EF557508BA9A1F6538964D /* ShopLiveShortformSDK_ShopLiveShortformSDK */ = {
			isa = PBXNativeTarget;
			buildConfigurationList = E129224274CEBCF5373CDB47 /* Build configuration list for PBXNativeTarget "ShopLiveShortformSDK_ShopLiveShortformSDK" */;
			buildPhases = (
				16ECC2FE2679E9D3E514B192 /* Resources */,
				3F0FE5796E5651B2EFD86901 /* Embed Frameworks */,
				1F009AE932A9B171E76BF358 /* Frameworks */,
			);
			buildRules = (
			);
			dependencies = (
			);
			name = ShopLiveShortformSDK_ShopLiveShortformSDK;
			productName = ShopLiveShortformSDK_ShopLiveShortformSDK;
			productReference = 689C08DE47C12BA36D04D78B /* ShopLiveShortformSDK_ShopLiveShortformSDK.bundle */;
			productType = "com.apple.product-type.bundle";
		};
		8CE8861AC8A88868A87F8C52 /* ShopLiveShortformSDK */ = {
			isa = PBXNativeTarget;
			buildConfigurationList = DDC7F939DF07B961031F5235 /* Build configuration list for PBXNativeTarget "ShopLiveShortformSDK" */;
			buildPhases = (
				A816998EF1765D002DC97E17 /* Sources */,
				F48D0239D5DE772CAAB1C8BD /* Resources */,
				E6D5AEA3C0FD1F33D85C488A /* Embed Frameworks */,
				A5C085A3003B45ACD66CB987 /* Frameworks */,
			);
			buildRules = (
			);
			dependencies = (
				1B7004C1414C18A149CFF31B /* PBXTargetDependency */,
			);
			name = ShopLiveShortformSDK;
			productName = ShopLiveShortformSDK;
			productReference = 3B8D5F143A9863A0DDAA6EAF /* ShopLiveShortformSDK.framework */;
			productType = "com.apple.product-type.framework";
		};
/* End PBXNativeTarget section */

/* Begin PBXProject section */
		694983368A64303CB65AA393 /* Project object */ = {
			isa = PBXProject;
			attributes = {
				BuildIndependentTargetsInParallel = YES;
				ORGANIZATIONNAME = com.app;
				TargetAttributes = {
				};
			};
			buildConfigurationList = A8226E0EC4C8457D1C26FB0D /* Build configuration list for PBXProject "ShopLiveShortformSDK" */;
			compatibilityVersion = "Xcode 14.0";
			developmentRegion = en;
			hasScannedForEncodings = 0;
			knownRegions = (
				Base,
				en,
				ko,
			);
			mainGroup = 2323A7209DA84498C6D18409;
			productRefGroup = 54F228BB2730B764BC381ABB /* Products */;
			projectDirPath = "";
			projectRoot = "";
			targets = (
				8CE8861AC8A88868A87F8C52 /* ShopLiveShortformSDK */,
				39EF557508BA9A1F6538964D /* ShopLiveShortformSDK_ShopLiveShortformSDK */,
			);
		};
/* End PBXProject section */

/* Begin PBXResourcesBuildPhase section */
		16ECC2FE2679E9D3E514B192 /* Resources */ = {
			isa = PBXResourcesBuildPhase;
			buildActionMask = 2147483647;
			files = (
				A03281C56F59C361FCF8767F /* Assets.xcassets in Resources */,
				55E855414C3F644CC82FF317 /* Test.xib in Resources */,
				E8E1AC908CEF63A37B757375 /* Localizable.strings in Resources */,
			);
			runOnlyForDeploymentPostprocessing = 0;
		};
		F48D0239D5DE772CAAB1C8BD /* Resources */ = {
			isa = PBXResourcesBuildPhase;
			buildActionMask = 2147483647;
			files = (
			);
			runOnlyForDeploymentPostprocessing = 0;
		};
/* End PBXResourcesBuildPhase section */

/* Begin PBXSourcesBuildPhase section */
		A816998EF1765D002DC97E17 /* Sources */ = {
			isa = PBXSourcesBuildPhase;
			buildActionMask = 2147483647;
			files = (
				484B520960DB46600B7CE702 /* TuistAssets+ShopLiveShortformSDK.swift in Sources */,
				033193A244FA41A357C47CB1 /* TuistBundle+ShopLiveShortformSDK.swift in Sources */,
				D7AFC63DC38F02C1D26192C0 /* TuistStrings+ShopLiveShortformSDK.swift in Sources */,
				53F45CB69E1C50F6342FF4A7 /* AppStateNotificationObserver.swift in Sources */,
				18926C2E3C154C3CA991F4A9 /* AudioRouteObserver.swift in Sources */,
				AB899952045F69491CE68E5E /* CardModel+extension.swift in Sources */,
				5CD18437ABF8B02041FDE626 /* JWTTool.swift in Sources */,
				81B150B7FA22B14F1EFFA602 /* ShortformEventTraceManager.swift in Sources */,
				CBC624D4C777404DC8ED9890 /* ShortformNativeOnEventsManager.swift in Sources */,
				37ABB9B0F14D82A40B416217 /* PreloadWebView.swift in Sources */,
				B0446A20B809530F28C7577B /* ShopLiveShareMetaData.swift in Sources */,
				0A43058264B2F08417A4D50C /* ShortsConfiguration.swift in Sources */,
				1CFA7C774919D3BCE773FB01 /* ShopLiveShortformCollectionData.swift in Sources */,
				23B7E3AE95019BE63C289902 /* ShopLiveShortformIdsData.swift in Sources */,
				BC19B7983AB7C5CD39A3AC4B /* ShopLiveShortformIdsMoreData.swift in Sources */,
				72E37FCA2562128DCA384FF9 /* ShopLiveShortformRelatedData.swift in Sources */,
				1C0FFDDD137CFC8B81ED1030 /* ShopLiveShortformSDKOptionsData.swift in Sources */,
				B52F0AD180CEE043C72C3082 /* Activity.swift in Sources */,
				FD1A24D20EE21DF057644487 /* Author.swift in Sources */,
				42614CC2BAABD8CF0CB5D37D /* BrandModel.swift in Sources */,
				BA66F1916DE1D8C0AFE86A14 /* CardModel.swift in Sources */,
				5283A5D92C7FBB2AD9510410 /* Product.swift in Sources */,
				43AA42EDDCB95E1687242BB5 /* ProductBanner.swift in Sources */,
				018859CD5CE1CE0248397E31 /* ShortsCollectionModel.swift in Sources */,
				58F26C101431C032F9685C68 /* ShortsDetail.swift in Sources */,
				A3E487483F84DE073366B6D8 /* ShortsModel.swift in Sources */,
				EE0919E211C85BFA67538F43 /* ShortsSettingConfigJson.swift in Sources */,
				7CF4ED758808EE0DF274211C /* UserObject.swift in Sources */,
				51629E86B3FA30EA6A7959C1 /* ShortsCollectionAPI.swift in Sources */,
				F2E165AC00FD35F8D9A38AED /* ShortsEventTraceAPI.swift in Sources */,
				A21CB9AFA103F41965296D13 /* ShortsIdsListAPI.swift in Sources */,
				A6E66EF401C200C649247E5A /* ShortsRelatedCollectionAPI.swift in Sources */,
				E597C3F943B4B8DDA0D58ACF /* Throttle.swift in Sources */,
				0B0A37C2758CC4C468065E53 /* Card.swift in Sources */,
				41F6C253F54345309503F3D8 /* ShortsType.swift in Sources */,
				337BA9E688A7F1BC97E67412 /* CardViewInterface.swift in Sources */,
				B0B301D71BC59274A4C8877F /* ShortFormAuthManager.swift in Sources */,
				87090531B78E6757BF970BB4 /* ShortFormConfigurationInfoModel.swift in Sources */,
				384C1FE779849FAF7FFF0469 /* ShortFormConfigurationInfos.swift in Sources */,
				22826157225C1A59D4C8E406 /* ShopLiveShortformBaseBuilder.swift in Sources */,
				4E62450C72360744BE0D7B69 /* ShopLiveShortformListViewInterface.swift in Sources */,
				F63DE56E33180840D17571A3 /* ShopLiveBridgeInterface.swift in Sources */,
				3DB17F41E205AD7DA6D66651 /* ShopLiveShortform.swift in Sources */,
				17D11624059466E1AB726254 /* ShortsReceiveInterface.swift in Sources */,
				B5B2ECBBDD2B247C6882133E /* ShortsWebInterface.swift in Sources */,
				83B1418FFC2B84C986E9CEB6 /* FullTypeRootViewController.swift in Sources */,
				7DC31A1044082513689F32AA /* FullTypeEmptyDataView.swift in Sources */,
				19FF966177C1E0805FFD206A /* FullTypeErrorView.swift in Sources */,
				8B778F90BEC739280C6CDF28 /* ShortsCollectionBaseView + Observer.swift in Sources */,
				04E5648D5D45ED3BA0834D42 /* ShortsCollectionBaseView + ShortsCellDelegate.swift in Sources */,
				3E77A0E4233E88050CBF5AD3 /* ShortsCollectionBaseView + rotation.swift in Sources */,
				826D1DCA05B6F3EB07B9F718 /* ShortsCollectionBaseView.swift in Sources */,
				E0693EDDD3D5F6E8F28F0E8A /* ShortsCollectionBaseViewModel.swift in Sources */,
				1A9C66E545A86E48E6555EB7 /* LatestShortsCell.swift in Sources */,
				6DC2671489281C170BA5AA1D /* SLCollectionView.swift in Sources */,
				72FE5313EFEB2D5CBE7E9F7E /* SLShortFormWindow.swift in Sources */,
				2A365E6658E3BAF429409DAA /* ShortsCell.swift in Sources */,
				FA258A922E957231ADABEF35 /* ShortsView.swift in Sources */,
				9A84DACB57EFA314CE1262D7 /* V1ShortsCollectionView.swift in Sources */,
				E72FA7E7A6EE175FE9A6DB1A /* V1ShortsCollectionViewModel.swift in Sources */,
				EA372DE3C7631E99C80B4239 /* V2ShortsCollectionView.swift in Sources */,
				E556BE938CFC5679A7F69EC8 /* V2ShortsCollectionViewModel.swift in Sources */,
				BA400F7D2E2B0535DCAAEB0B /* ImageCardView.swift in Sources */,
				302256C8BA27EA7387C91415 /* VideoCardView.swift in Sources */,
				AF926C295BB124494A837B13 /* ShopLiveChatView.swift in Sources */,
				88DF459106687EDA8630371B /* ShopLiveChattingWriteView.swift in Sources */,
				9E4EB0E331ECE073DB995670 /* SLAVLoopPlayer.swift in Sources */,
				913B5E367D0DDB958F5D80A8 /* ShortsVideo.swift in Sources */,
				CC8F31D30721D2B87BDFEA66 /* ShortsVideoPlayer.swift in Sources */,
				935F6BC1DF63000E5A2E148E /* ShopLiveShortformHorizontalTypeViewReactor.swift in Sources */,
				9FF294F809C4E08C838FEED9 /* ShopLiveShortformHorizontalTypeView.swift in Sources */,
				A39EDF1CC83A55581A07A684 /* ShopLiveShortformVerticalTypeViewReactor.swift in Sources */,
				B45A2B21D48FFC157471B240 /* ShopLiveShortformVerticalTypeView.swift in Sources */,
				DB726CB175394BEC285D01DA /* ListViewHideOptionModel.swift in Sources */,
				174669B8985B55ADE8D3B07C /* ShopLiveShortformVisibleFullTypeData.swift in Sources */,
				6FD7384A8269FB065F61FA3C /* ShopLiveShortBaseTypeView.swift in Sources */,
				3BEDFB2E5270656DE4F05701 /* ShopLiveShortformBaseEmptyDataView.swift in Sources */,
				E596214670A0E69CE3C70360 /* ShopLiveShortformBaseListTypeOverlayType1.swift in Sources */,
				B595AA35731252736668AAB4 /* ShopLiveShortformBaseListTypeOverlayType2.swift in Sources */,
				0695C57BDC3CCEA086CE494E /* ShopLiveShortformBaseListTypeViewCell.swift in Sources */,
				0A46FA4028D932BFB67FBAFC /* ShopLiveShortformBaseTypeCardView.swift in Sources */,
				9A590552330ABB00E32B63BA /* ShopLiveShortformBaseTypePlayerView.swift in Sources */,
				1ABA98C8AACDC43FE05EC0D9 /* ShopLiveShortCardTypeViewReactor.swift in Sources */,
				46F887594601FC1B20D41C52 /* ShopLiveShortformCardTypeView.swift in Sources */,
				DB9E61E8395F28E6BB96AACE /* ShopLiveShortformCardViewCell.swift in Sources */,
				4FABE1BE7FBF9053EC459CC4 /* ShopLiveShortformOverlayCardViewType0.swift in Sources */,
				8729ACCFF97D92611B766DD7 /* ShopLiveShortformOverlayCardViewType1.swift in Sources */,
				D3C77A1859B042BCA644481E /* ShopLiveShortformOverlayCardViewType2.swift in Sources */,
				CCD8B683AE78495BD8A4DC38 /* ShopliveShortformListViewCellDelegate.swift in Sources */,
				9D3BC20FB12C935CAB0293A4 /* Double + Extension.swift in Sources */,
				9570827F61015E329B1D82B7 /* String + extension.swift in Sources */,
				660634FC86C2738453687BDB /* UIColor + extension.swift in Sources */,
				E952AA857BF38958DBF75E4F /* UIFont + extension.swift in Sources */,
			);
			runOnlyForDeploymentPostprocessing = 0;
		};
/* End PBXSourcesBuildPhase section */

/* Begin PBXTargetDependency section */
		1B7004C1414C18A149CFF31B /* PBXTargetDependency */ = {
			isa = PBXTargetDependency;
			name = ShopLiveShortformSDK_ShopLiveShortformSDK;
			target = 39EF557508BA9A1F6538964D /* ShopLiveShortformSDK_ShopLiveShortformSDK */;
			targetProxy = AEB6C51764015182669D6BF5 /* PBXContainerItemProxy */;
		};
/* End PBXTargetDependency section */

/* Begin PBXVariantGroup section */
		A5BA3B3EB798D29541E7A9BD /* Localizable.strings */ = {
			isa = PBXVariantGroup;
			children = (
				910E646A5CC25FBED49C3CD9 /* en */,
				34FE9B8E6B0060F3DDBCE4C9 /* ko */,
			);
			name = Localizable.strings;
			sourceTree = "<group>";
		};
/* End PBXVariantGroup section */

/* Begin XCBuildConfiguration section */
		55FF5E93B9FCE7E63A0A0874 /* Debug */ = {
			isa = XCBuildConfiguration;
			buildSettings = {
				CODE_SIGN_IDENTITY = "";
				CURRENT_PROJECT_VERSION = 1;
				DEFINES_MODULE = YES;
				DYLIB_COMPATIBILITY_VERSION = 1;
				DYLIB_CURRENT_VERSION = 1;
				DYLIB_INSTALL_NAME_BASE = "@rpath";
				INFOPLIST_FILE = "Derived/InfoPlists/ShopLiveShortformSDK-Info.plist";
				INSTALL_PATH = "$(LOCAL_LIBRARY_DIR)/Frameworks";
				IPHONEOS_DEPLOYMENT_TARGET = 11.0;
				LD_RUNPATH_SEARCH_PATHS = (
					"$(inherited)",
					"@executable_path/Frameworks",
					"@loader_path/Frameworks",
				);
				MACH_O_TYPE = staticlib;
				PRODUCT_BUNDLE_IDENTIFIER = "cloud.shoplive.matrix-shortform-ios";
				PRODUCT_NAME = ShopLiveShortformSDK;
				SDKROOT = iphoneos;
				SKIP_INSTALL = YES;
				SUPPORTS_MACCATALYST = NO;
				SUPPORTS_MAC_DESIGNED_FOR_IPHONE_IPAD = YES;
				SUPPORTS_XR_DESIGNED_FOR_IPHONE_IPAD = NO;
				SWIFT_ACTIVE_COMPILATION_CONDITIONS = DEBUG;
				SWIFT_COMPILATION_MODE = singlefile;
				SWIFT_OPTIMIZATION_LEVEL = "-Onone";
				SWIFT_VERSION = 5.0;
				TARGETED_DEVICE_FAMILY = 1;
				VERSIONING_SYSTEM = "apple-generic";
				VERSION_INFO_PREFIX = "";
			};
			name = Debug;
		};
		806AAAFFA7184B06903C4A5E /* Debug */ = {
			isa = XCBuildConfiguration;
			buildSettings = {
				ALWAYS_SEARCH_USER_PATHS = NO;
				CLANG_ANALYZER_LOCALIZABILITY_NONLOCALIZED = YES;
				CLANG_ANALYZER_NONNULL = YES;
				CLANG_ANALYZER_NUMBER_OBJECT_CONVERSION = YES_AGGRESSIVE;
				CLANG_CXX_LANGUAGE_STANDARD = "gnu++14";
				CLANG_CXX_LIBRARY = "libc++";
				CLANG_ENABLE_MODULES = YES;
				CLANG_ENABLE_OBJC_ARC = YES;
				CLANG_ENABLE_OBJC_WEAK = YES;
				CLANG_WARN_BLOCK_CAPTURE_AUTORELEASING = YES;
				CLANG_WARN_BOOL_CONVERSION = YES;
				CLANG_WARN_COMMA = YES;
				CLANG_WARN_CONSTANT_CONVERSION = YES;
				CLANG_WARN_DEPRECATED_OBJC_IMPLEMENTATIONS = YES;
				CLANG_WARN_DIRECT_OBJC_ISA_USAGE = YES_ERROR;
				CLANG_WARN_DOCUMENTATION_COMMENTS = YES;
				CLANG_WARN_EMPTY_BODY = YES;
				CLANG_WARN_ENUM_CONVERSION = YES;
				CLANG_WARN_INFINITE_RECURSION = YES;
				CLANG_WARN_INT_CONVERSION = YES;
				CLANG_WARN_NON_LITERAL_NULL_CONVERSION = YES;
				CLANG_WARN_OBJC_IMPLICIT_RETAIN_SELF = YES;
				CLANG_WARN_OBJC_LITERAL_CONVERSION = YES;
				CLANG_WARN_OBJC_ROOT_CLASS = YES_ERROR;
				CLANG_WARN_QUOTED_INCLUDE_IN_FRAMEWORK_HEADER = YES;
				CLANG_WARN_RANGE_LOOP_ANALYSIS = YES;
				CLANG_WARN_STRICT_PROTOTYPES = YES;
				CLANG_WARN_SUSPICIOUS_MOVE = YES;
				CLANG_WARN_UNGUARDED_AVAILABILITY = YES_AGGRESSIVE;
				CLANG_WARN_UNREACHABLE_CODE = YES;
				CLANG_WARN__DUPLICATE_METHOD_MATCH = YES;
				COPY_PHASE_STRIP = NO;
				DEAD_CODE_STRIPPING = YES;
				DEBUG_INFORMATION_FORMAT = dwarf;
				ENABLE_STRICT_OBJC_MSGSEND = YES;
				ENABLE_TESTABILITY = YES;
				GCC_C_LANGUAGE_STANDARD = gnu11;
				GCC_DYNAMIC_NO_PIC = NO;
				GCC_NO_COMMON_BLOCKS = YES;
				GCC_OPTIMIZATION_LEVEL = 0;
				GCC_PREPROCESSOR_DEFINITIONS = (
					"DEBUG=1",
					"$(inherited)",
				);
				GCC_WARN_64_TO_32_BIT_CONVERSION = YES;
				GCC_WARN_ABOUT_RETURN_TYPE = YES_ERROR;
				GCC_WARN_UNDECLARED_SELECTOR = YES;
				GCC_WARN_UNINITIALIZED_AUTOS = YES_AGGRESSIVE;
				GCC_WARN_UNUSED_FUNCTION = YES;
				GCC_WARN_UNUSED_VARIABLE = YES;
				MTL_ENABLE_DEBUG_INFO = YES;
				ONLY_ACTIVE_ARCH = YES;
				PRODUCT_NAME = "$(TARGET_NAME)";
			};
			name = Debug;
		};
		A03CACC8E14678275E932475 /* Debug */ = {
			isa = XCBuildConfiguration;
			buildSettings = {
				CODE_SIGNING_ALLOWED = NO;
				CODE_SIGN_IDENTITY = "iPhone Developer";
				INFOPLIST_FILE = "Derived/InfoPlists/ShopLiveShortformSDK_ShopLiveShortformSDK-Info.plist";
				IPHONEOS_DEPLOYMENT_TARGET = 11.0;
				PRODUCT_BUNDLE_IDENTIFIER = "cloud.shoplive.matrix-shortform-ios.resources";
				PRODUCT_NAME = ShopLiveShortformSDK_ShopLiveShortformSDK;
				SDKROOT = iphoneos;
				SUPPORTS_MACCATALYST = NO;
				SUPPORTS_MAC_DESIGNED_FOR_IPHONE_IPAD = YES;
				SUPPORTS_XR_DESIGNED_FOR_IPHONE_IPAD = NO;
				SWIFT_ACTIVE_COMPILATION_CONDITIONS = DEBUG;
				SWIFT_COMPILATION_MODE = singlefile;
				SWIFT_OPTIMIZATION_LEVEL = "-Onone";
				SWIFT_VERSION = 5.0;
				TARGETED_DEVICE_FAMILY = 1;
			};
			name = Debug;
		};
		B3E8E1642FCAEEB11EF888F5 /* Release */ = {
			isa = XCBuildConfiguration;
			buildSettings = {
				CODE_SIGN_IDENTITY = "";
				CURRENT_PROJECT_VERSION = 1;
				DEFINES_MODULE = YES;
				DYLIB_COMPATIBILITY_VERSION = 1;
				DYLIB_CURRENT_VERSION = 1;
				DYLIB_INSTALL_NAME_BASE = "@rpath";
				INFOPLIST_FILE = "Derived/InfoPlists/ShopLiveShortformSDK-Info.plist";
				INSTALL_PATH = "$(LOCAL_LIBRARY_DIR)/Frameworks";
				IPHONEOS_DEPLOYMENT_TARGET = 11.0;
				LD_RUNPATH_SEARCH_PATHS = (
					"$(inherited)",
					"@executable_path/Frameworks",
					"@loader_path/Frameworks",
				);
				MACH_O_TYPE = staticlib;
				PRODUCT_BUNDLE_IDENTIFIER = "cloud.shoplive.matrix-shortform-ios";
				PRODUCT_NAME = ShopLiveShortformSDK;
				SDKROOT = iphoneos;
				SKIP_INSTALL = YES;
				SUPPORTS_MACCATALYST = NO;
				SUPPORTS_MAC_DESIGNED_FOR_IPHONE_IPAD = YES;
				SUPPORTS_XR_DESIGNED_FOR_IPHONE_IPAD = NO;
				SWIFT_COMPILATION_MODE = wholemodule;
				SWIFT_OPTIMIZATION_LEVEL = "-Owholemodule";
				SWIFT_VERSION = 5.0;
				TARGETED_DEVICE_FAMILY = 1;
				VERSIONING_SYSTEM = "apple-generic";
				VERSION_INFO_PREFIX = "";
			};
			name = Release;
		};
		D4C9D394DE9613A0796B6364 /* Release */ = {
			isa = XCBuildConfiguration;
			buildSettings = {
				CODE_SIGNING_ALLOWED = NO;
				CODE_SIGN_IDENTITY = "iPhone Developer";
				INFOPLIST_FILE = "Derived/InfoPlists/ShopLiveShortformSDK_ShopLiveShortformSDK-Info.plist";
				IPHONEOS_DEPLOYMENT_TARGET = 11.0;
				PRODUCT_BUNDLE_IDENTIFIER = "cloud.shoplive.matrix-shortform-ios.resources";
				PRODUCT_NAME = ShopLiveShortformSDK_ShopLiveShortformSDK;
				SDKROOT = iphoneos;
				SUPPORTS_MACCATALYST = NO;
				SUPPORTS_MAC_DESIGNED_FOR_IPHONE_IPAD = YES;
				SUPPORTS_XR_DESIGNED_FOR_IPHONE_IPAD = NO;
				SWIFT_COMPILATION_MODE = wholemodule;
				SWIFT_OPTIMIZATION_LEVEL = "-Owholemodule";
				SWIFT_VERSION = 5.0;
				TARGETED_DEVICE_FAMILY = 1;
			};
			name = Release;
		};
		F638C0E71B4D373DFA16AF37 /* Release */ = {
			isa = XCBuildConfiguration;
			buildSettings = {
				ALWAYS_SEARCH_USER_PATHS = NO;
				CLANG_ANALYZER_LOCALIZABILITY_NONLOCALIZED = YES;
				CLANG_ANALYZER_NONNULL = YES;
				CLANG_ANALYZER_NUMBER_OBJECT_CONVERSION = YES_AGGRESSIVE;
				CLANG_CXX_LANGUAGE_STANDARD = "gnu++14";
				CLANG_CXX_LIBRARY = "libc++";
				CLANG_ENABLE_MODULES = YES;
				CLANG_ENABLE_OBJC_ARC = YES;
				CLANG_ENABLE_OBJC_WEAK = YES;
				CLANG_WARN_BLOCK_CAPTURE_AUTORELEASING = YES;
				CLANG_WARN_BOOL_CONVERSION = YES;
				CLANG_WARN_COMMA = YES;
				CLANG_WARN_CONSTANT_CONVERSION = YES;
				CLANG_WARN_DEPRECATED_OBJC_IMPLEMENTATIONS = YES;
				CLANG_WARN_DIRECT_OBJC_ISA_USAGE = YES_ERROR;
				CLANG_WARN_DOCUMENTATION_COMMENTS = YES;
				CLANG_WARN_EMPTY_BODY = YES;
				CLANG_WARN_ENUM_CONVERSION = YES;
				CLANG_WARN_INFINITE_RECURSION = YES;
				CLANG_WARN_INT_CONVERSION = YES;
				CLANG_WARN_NON_LITERAL_NULL_CONVERSION = YES;
				CLANG_WARN_OBJC_IMPLICIT_RETAIN_SELF = YES;
				CLANG_WARN_OBJC_LITERAL_CONVERSION = YES;
				CLANG_WARN_OBJC_ROOT_CLASS = YES_ERROR;
				CLANG_WARN_QUOTED_INCLUDE_IN_FRAMEWORK_HEADER = YES;
				CLANG_WARN_RANGE_LOOP_ANALYSIS = YES;
				CLANG_WARN_STRICT_PROTOTYPES = YES;
				CLANG_WARN_SUSPICIOUS_MOVE = YES;
				CLANG_WARN_UNGUARDED_AVAILABILITY = YES_AGGRESSIVE;
				CLANG_WARN_UNREACHABLE_CODE = YES;
				CLANG_WARN__DUPLICATE_METHOD_MATCH = YES;
				COPY_PHASE_STRIP = NO;
				DEAD_CODE_STRIPPING = YES;
				DEBUG_INFORMATION_FORMAT = "dwarf-with-dsym";
				ENABLE_NS_ASSERTIONS = NO;
				ENABLE_STRICT_OBJC_MSGSEND = YES;
				GCC_C_LANGUAGE_STANDARD = gnu11;
				GCC_NO_COMMON_BLOCKS = YES;
				GCC_WARN_64_TO_32_BIT_CONVERSION = YES;
				GCC_WARN_ABOUT_RETURN_TYPE = YES_ERROR;
				GCC_WARN_UNDECLARED_SELECTOR = YES;
				GCC_WARN_UNINITIALIZED_AUTOS = YES_AGGRESSIVE;
				GCC_WARN_UNUSED_FUNCTION = YES;
				GCC_WARN_UNUSED_VARIABLE = YES;
				MTL_ENABLE_DEBUG_INFO = NO;
				PRODUCT_NAME = "$(TARGET_NAME)";
				VALIDATE_PRODUCT = YES;
			};
			name = Release;
		};
/* End XCBuildConfiguration section */

/* Begin XCConfigurationList section */
		A8226E0EC4C8457D1C26FB0D /* Build configuration list for PBXProject "ShopLiveShortformSDK" */ = {
			isa = XCConfigurationList;
			buildConfigurations = (
				806AAAFFA7184B06903C4A5E /* Debug */,
				F638C0E71B4D373DFA16AF37 /* Release */,
			);
			defaultConfigurationIsVisible = 0;
			defaultConfigurationName = Release;
		};
		DDC7F939DF07B961031F5235 /* Build configuration list for PBXNativeTarget "ShopLiveShortformSDK" */ = {
			isa = XCConfigurationList;
			buildConfigurations = (
				55FF5E93B9FCE7E63A0A0874 /* Debug */,
				B3E8E1642FCAEEB11EF888F5 /* Release */,
			);
			defaultConfigurationIsVisible = 0;
			defaultConfigurationName = Release;
		};
		E129224274CEBCF5373CDB47 /* Build configuration list for PBXNativeTarget "ShopLiveShortformSDK_ShopLiveShortformSDK" */ = {
			isa = XCConfigurationList;
			buildConfigurations = (
				A03CACC8E14678275E932475 /* Debug */,
				D4C9D394DE9613A0796B6364 /* Release */,
			);
			defaultConfigurationIsVisible = 0;
			defaultConfigurationName = Release;
		};
/* End XCConfigurationList section */
	};
	rootObject = 694983368A64303CB65AA393 /* Project object */;
}
