// !$*UTF8*$!
{
	archiveVersion = 1;
	classes = {
	};
	objectVersion = 55;
	objects = {

/* Begin PBXBuildFile section */
		1713E63A19770C2F9FD78C53 /* ShopliveSDKCommon.framework in Embed Frameworks */ = {isa = PBXBuildFile; fileRef = 33E3B6C0026AA9F7B72BAB21 /* ShopliveSDKCommon.framework */; settings = {ATTRIBUTES = (CodeSignOnCopy, RemoveHeadersOnCopy, ); }; };
		1E7819BAD4EC094BDF4E8601 /* ShopliveSDKCommon.framework in Frameworks */ = {isa = PBXBuildFile; fileRef = 33E3B6C0026AA9F7B72BAB21 /* ShopliveSDKCommon.framework */; };
		2B719CE069A81D8668795339 /* ShopLiveSDK.framework in Frameworks */ = {isa = PBXBuildFile; fileRef = 0DD487C1FC1F33A87CF2FC97 /* ShopLiveSDK.framework */; };
		3B657ADCE4B66EA624F93FB6 /* ShopLiveShortformSDK.framework in Frameworks */ = {isa = PBXBuildFile; fileRef = B4DB09C93108AC8C307524BD /* ShopLiveShortformSDK.framework */; };
		3ECB873CEAD08372BD8355EC /* ShopLiveShortformSDK_ShopLiveShortformSDK.bundle in Dependencies */ = {isa = PBXBuildFile; fileRef = 227D1F221AD87E4BBC351802 /* ShopLiveShortformSDK_ShopLiveShortformSDK.bundle */; };
		5B3E659EAEEBCAC5CB5F7C48 /* SceneDelegate.swift in Sources */ = {isa = PBXBuildFile; fileRef = 16F362CAA93BBFA4BEDD5B08 /* SceneDelegate.swift */; };
		9E5356DC4B0607D7342B9953 /* ShopLiveShortformSDK_ShopLiveShortformSDK.bundle in Resources */ = {isa = PBXBuildFile; fileRef = 227D1F221AD87E4BBC351802 /* ShopLiveShortformSDK_ShopLiveShortformSDK.bundle */; };
		A9AF357C3D91DB20004F48AA /* ShopLiveSDK.framework in Embed Frameworks */ = {isa = PBXBuildFile; fileRef = 0DD487C1FC1F33A87CF2FC97 /* ShopLiveSDK.framework */; settings = {ATTRIBUTES = (CodeSignOnCopy, RemoveHeadersOnCopy, ); }; };
		BFC9DF95729CA75C00A61ED7 /* AppDelegate.swift in Sources */ = {isa = PBXBuildFile; fileRef = CEE0E8C3D94E68AE245926AC /* AppDelegate.swift */; };
/* End PBXBuildFile section */

/* Begin PBXCopyFilesBuildPhase section */
		DDD7A71329CCB93A2739F93A /* Dependencies */ = {
			isa = PBXCopyFilesBuildPhase;
			buildActionMask = 8;
			dstSubfolderSpec = 16;
			files = (
				3ECB873CEAD08372BD8355EC /* ShopLiveShortformSDK_ShopLiveShortformSDK.bundle in Dependencies */,
			);
			name = Dependencies;
			runOnlyForDeploymentPostprocessing = 1;
		};
		F1A257552F90C8E9D77794C9 /* Embed Frameworks */ = {
			isa = PBXCopyFilesBuildPhase;
			buildActionMask = 2147483647;
			dstPath = "";
			dstSubfolderSpec = 10;
			files = (
				A9AF357C3D91DB20004F48AA /* ShopLiveSDK.framework in Embed Frameworks */,
				1713E63A19770C2F9FD78C53 /* ShopliveSDKCommon.framework in Embed Frameworks */,
			);
			name = "Embed Frameworks";
			runOnlyForDeploymentPostprocessing = 0;
		};
/* End PBXCopyFilesBuildPhase section */

/* Begin PBXFileReference section */
		0DD487C1FC1F33A87CF2FC97 /* ShopLiveSDK.framework */ = {isa = PBXFileReference; explicitFileType = wrapper.framework; includeInIndex = 0; path = ShopLiveSDK.framework; sourceTree = BUILT_PRODUCTS_DIR; };
		16F362CAA93BBFA4BEDD5B08 /* SceneDelegate.swift */ = {isa = PBXFileReference; lastKnownFileType = sourcecode.swift; path = SceneDelegate.swift; sourceTree = "<group>"; };
		227D1F221AD87E4BBC351802 /* ShopLiveShortformSDK_ShopLiveShortformSDK.bundle */ = {isa = PBXFileReference; explicitFileType = wrapper.cfbundle; includeInIndex = 0; path = ShopLiveShortformSDK_ShopLiveShortformSDK.bundle; sourceTree = BUILT_PRODUCTS_DIR; };
		33E3B6C0026AA9F7B72BAB21 /* ShopliveSDKCommon.framework */ = {isa = PBXFileReference; explicitFileType = wrapper.framework; includeInIndex = 0; path = ShopliveSDKCommon.framework; sourceTree = BUILT_PRODUCTS_DIR; };
		798BE44A8D49143BA2B2754B /* ShopLiveDemo-Info.plist */ = {isa = PBXFileReference; lastKnownFileType = text.plist; path = "ShopLiveDemo-Info.plist"; sourceTree = "<group>"; };
		AC2778A3EB02BC1A13EA22AA /* ShopLiveDemo.app */ = {isa = PBXFileReference; explicitFileType = wrapper.application; includeInIndex = 0; path = ShopLiveDemo.app; sourceTree = BUILT_PRODUCTS_DIR; };
		B4DB09C93108AC8C307524BD /* ShopLiveShortformSDK.framework */ = {isa = PBXFileReference; explicitFileType = wrapper.framework; includeInIndex = 0; path = ShopLiveShortformSDK.framework; sourceTree = BUILT_PRODUCTS_DIR; };
		CEE0E8C3D94E68AE245926AC /* AppDelegate.swift */ = {isa = PBXFileReference; lastKnownFileType = sourcecode.swift; path = AppDelegate.swift; sourceTree = "<group>"; };
/* End PBXFileReference section */

/* Begin PBXFrameworksBuildPhase section */
		22895903E3F2F61369EB2773 /* Frameworks */ = {
			isa = PBXFrameworksBuildPhase;
			buildActionMask = 2147483647;
			files = (
				2B719CE069A81D8668795339 /* ShopLiveSDK.framework in Frameworks */,
				3B657ADCE4B66EA624F93FB6 /* ShopLiveShortformSDK.framework in Frameworks */,
				1E7819BAD4EC094BDF4E8601 /* ShopliveSDKCommon.framework in Frameworks */,
			);
			runOnlyForDeploymentPostprocessing = 0;
		};
/* End PBXFrameworksBuildPhase section */

/* Begin PBXGroup section */
		11FF3F4B4DB1501BDEF070BA /* Project */ = {
			isa = PBXGroup;
			children = (
				1C760B2FA54828665F150558 /* Derived */,
				319AF7B14A4E3756A66DD33A /* Sources */,
			);
			name = Project;
			sourceTree = "<group>";
		};
		1934F3452ADB232B8C241871 /* InfoPlists */ = {
			isa = PBXGroup;
			children = (
				798BE44A8D49143BA2B2754B /* ShopLiveDemo-Info.plist */,
			);
			path = InfoPlists;
			sourceTree = "<group>";
		};
		1C760B2FA54828665F150558 /* Derived */ = {
			isa = PBXGroup;
			children = (
				1934F3452ADB232B8C241871 /* InfoPlists */,
			);
			path = Derived;
			sourceTree = "<group>";
		};
		2A8FCFC71C33FD42D8E439B9 /* Products */ = {
			isa = PBXGroup;
			children = (
				AC2778A3EB02BC1A13EA22AA /* ShopLiveDemo.app */,
				0DD487C1FC1F33A87CF2FC97 /* ShopLiveSDK.framework */,
				33E3B6C0026AA9F7B72BAB21 /* ShopliveSDKCommon.framework */,
				227D1F221AD87E4BBC351802 /* ShopLiveShortformSDK_ShopLiveShortformSDK.bundle */,
				B4DB09C93108AC8C307524BD /* ShopLiveShortformSDK.framework */,
			);
			name = Products;
			sourceTree = "<group>";
		};
		319AF7B14A4E3756A66DD33A /* Sources */ = {
			isa = PBXGroup;
			children = (
				CEE0E8C3D94E68AE245926AC /* AppDelegate.swift */,
				16F362CAA93BBFA4BEDD5B08 /* SceneDelegate.swift */,
			);
			path = Sources;
			sourceTree = "<group>";
		};
		3A7EFA611E811CFA9439D12F = {
			isa = PBXGroup;
			children = (
				11FF3F4B4DB1501BDEF070BA /* Project */,
				417107F6FD4945E4104CD276 /* Compiled */,
				2A8FCFC71C33FD42D8E439B9 /* Products */,
			);
			sourceTree = "<group>";
		};
		417107F6FD4945E4104CD276 /* Compiled */ = {
			isa = PBXGroup;
			children = (
			);
			name = Compiled;
			sourceTree = "<group>";
		};
/* End PBXGroup section */

/* Begin PBXNativeTarget section */
		9CC63F6EA8A74FB262061A29 /* ShopLiveDemo */ = {
			isa = PBXNativeTarget;
			buildConfigurationList = 6BF630DBC053BC8B63DCC651 /* Build configuration list for PBXNativeTarget "ShopLiveDemo" */;
			buildPhases = (
				028B703443A9A5C021515FFA /* Sources */,
				1636C5C0C7BE4B99ABD37871 /* Resources */,
				F1A257552F90C8E9D77794C9 /* Embed Frameworks */,
				22895903E3F2F61369EB2773 /* Frameworks */,
				DDD7A71329CCB93A2739F93A /* Dependencies */,
			);
			buildRules = (
			);
			dependencies = (
			);
			name = ShopLiveDemo;
			productName = ShopLiveDemo;
			productReference = AC2778A3EB02BC1A13EA22AA /* ShopLiveDemo.app */;
			productType = "com.apple.product-type.application";
		};
/* End PBXNativeTarget section */

/* Begin PBXProject section */
		7EEAFBEABE744A5A79A1E872 /* Project object */ = {
			isa = PBXProject;
			attributes = {
				BuildIndependentTargetsInParallel = YES;
				ORGANIZATIONNAME = com.app;
				TargetAttributes = {
				};
			};
			buildConfigurationList = D0B28E331A7F3583F6609A5E /* Build configuration list for PBXProject "ShopLiveDemo" */;
			compatibilityVersion = "Xcode 14.0";
			developmentRegion = en;
			hasScannedForEncodings = 0;
			knownRegions = (
				Base,
				en,
			);
			mainGroup = 3A7EFA611E811CFA9439D12F;
			productRefGroup = 2A8FCFC71C33FD42D8E439B9 /* Products */;
			projectDirPath = "";
			projectRoot = "";
			targets = (
				9CC63F6EA8A74FB262061A29 /* ShopLiveDemo */,
			);
		};
/* End PBXProject section */

/* Begin PBXResourcesBuildPhase section */
		1636C5C0C7BE4B99ABD37871 /* Resources */ = {
			isa = PBXResourcesBuildPhase;
			buildActionMask = 2147483647;
			files = (
				9E5356DC4B0607D7342B9953 /* ShopLiveShortformSDK_ShopLiveShortformSDK.bundle in Resources */,
			);
			runOnlyForDeploymentPostprocessing = 0;
		};
/* End PBXResourcesBuildPhase section */

/* Begin PBXSourcesBuildPhase section */
		028B703443A9A5C021515FFA /* Sources */ = {
			isa = PBXSourcesBuildPhase;
			buildActionMask = 2147483647;
			files = (
				BFC9DF95729CA75C00A61ED7 /* AppDelegate.swift in Sources */,
				5B3E659EAEEBCAC5CB5F7C48 /* SceneDelegate.swift in Sources */,
			);
			runOnlyForDeploymentPostprocessing = 0;
		};
/* End PBXSourcesBuildPhase section */

/* Begin XCBuildConfiguration section */
		023E0CC6D224302B611DDA78 /* Release */ = {
			isa = XCBuildConfiguration;
			buildSettings = {
				ASSETCATALOG_COMPILER_APPICON_NAME = AppIcon;
				CODE_SIGN_IDENTITY = "iPhone Developer";
				ENABLE_PREVIEWS = YES;
				INFOPLIST_FILE = "Derived/InfoPlists/ShopLiveDemo-Info.plist";
				IPHONEOS_DEPLOYMENT_TARGET = 12.0;
				LD_RUNPATH_SEARCH_PATHS = (
					"$(inherited)",
					"@executable_path/Frameworks",
				);
				PRODUCT_BUNDLE_IDENTIFIER = com.app.shoplive.whole.demo;
				PRODUCT_NAME = ShopLiveDemo;
				SDKROOT = iphoneos;
				SUPPORTS_MACCATALYST = NO;
				SUPPORTS_MAC_DESIGNED_FOR_IPHONE_IPAD = YES;
				SUPPORTS_XR_DESIGNED_FOR_IPHONE_IPAD = NO;
				SWIFT_COMPILATION_MODE = wholemodule;
				SWIFT_OPTIMIZATION_LEVEL = "-Owholemodule";
				SWIFT_VERSION = 5.0;
				TARGETED_DEVICE_FAMILY = 1;
			};
			name = Release;
		};
		41A9C2BADFF3D940FE5FB991 /* Release */ = {
			isa = XCBuildConfiguration;
			buildSettings = {
				ALWAYS_SEARCH_USER_PATHS = NO;
				CLANG_ANALYZER_LOCALIZABILITY_NONLOCALIZED = YES;
				CLANG_ANALYZER_NONNULL = YES;
				CLANG_ANALYZER_NUMBER_OBJECT_CONVERSION = YES_AGGRESSIVE;
				CLANG_CXX_LANGUAGE_STANDARD = "gnu++14";
				CLANG_CXX_LIBRARY = "libc++";
				CLANG_ENABLE_MODULES = YES;
				CLANG_ENABLE_OBJC_ARC = YES;
				CLANG_ENABLE_OBJC_WEAK = YES;
				CLANG_WARN_BLOCK_CAPTURE_AUTORELEASING = YES;
				CLANG_WARN_BOOL_CONVERSION = YES;
				CLANG_WARN_COMMA = YES;
				CLANG_WARN_CONSTANT_CONVERSION = YES;
				CLANG_WARN_DEPRECATED_OBJC_IMPLEMENTATIONS = YES;
				CLANG_WARN_DIRECT_OBJC_ISA_USAGE = YES_ERROR;
				CLANG_WARN_DOCUMENTATION_COMMENTS = YES;
				CLANG_WARN_EMPTY_BODY = YES;
				CLANG_WARN_ENUM_CONVERSION = YES;
				CLANG_WARN_INFINITE_RECURSION = YES;
				CLANG_WARN_INT_CONVERSION = YES;
				CLANG_WARN_NON_LITERAL_NULL_CONVERSION = YES;
				CLANG_WARN_OBJC_IMPLICIT_RETAIN_SELF = YES;
				CLANG_WARN_OBJC_LITERAL_CONVERSION = YES;
				CLANG_WARN_OBJC_ROOT_CLASS = YES_ERROR;
				CLANG_WARN_QUOTED_INCLUDE_IN_FRAMEWORK_HEADER = YES;
				CLANG_WARN_RANGE_LOOP_ANALYSIS = YES;
				CLANG_WARN_STRICT_PROTOTYPES = YES;
				CLANG_WARN_SUSPICIOUS_MOVE = YES;
				CLANG_WARN_UNGUARDED_AVAILABILITY = YES_AGGRESSIVE;
				CLANG_WARN_UNREACHABLE_CODE = YES;
				CLANG_WARN__DUPLICATE_METHOD_MATCH = YES;
				COPY_PHASE_STRIP = NO;
				DEAD_CODE_STRIPPING = YES;
				DEBUG_INFORMATION_FORMAT = "dwarf-with-dsym";
				ENABLE_NS_ASSERTIONS = NO;
				ENABLE_STRICT_OBJC_MSGSEND = YES;
				GCC_C_LANGUAGE_STANDARD = gnu11;
				GCC_NO_COMMON_BLOCKS = YES;
				GCC_WARN_64_TO_32_BIT_CONVERSION = YES;
				GCC_WARN_ABOUT_RETURN_TYPE = YES_ERROR;
				GCC_WARN_UNDECLARED_SELECTOR = YES;
				GCC_WARN_UNINITIALIZED_AUTOS = YES_AGGRESSIVE;
				GCC_WARN_UNUSED_FUNCTION = YES;
				GCC_WARN_UNUSED_VARIABLE = YES;
				MTL_ENABLE_DEBUG_INFO = NO;
				PRODUCT_NAME = "$(TARGET_NAME)";
				VALIDATE_PRODUCT = YES;
			};
			name = Release;
		};
		56F0FA0F065B733CED112DCD /* Debug */ = {
			isa = XCBuildConfiguration;
			buildSettings = {
				ALWAYS_SEARCH_USER_PATHS = NO;
				CLANG_ANALYZER_LOCALIZABILITY_NONLOCALIZED = YES;
				CLANG_ANALYZER_NONNULL = YES;
				CLANG_ANALYZER_NUMBER_OBJECT_CONVERSION = YES_AGGRESSIVE;
				CLANG_CXX_LANGUAGE_STANDARD = "gnu++14";
				CLANG_CXX_LIBRARY = "libc++";
				CLANG_ENABLE_MODULES = YES;
				CLANG_ENABLE_OBJC_ARC = YES;
				CLANG_ENABLE_OBJC_WEAK = YES;
				CLANG_WARN_BLOCK_CAPTURE_AUTORELEASING = YES;
				CLANG_WARN_BOOL_CONVERSION = YES;
				CLANG_WARN_COMMA = YES;
				CLANG_WARN_CONSTANT_CONVERSION = YES;
				CLANG_WARN_DEPRECATED_OBJC_IMPLEMENTATIONS = YES;
				CLANG_WARN_DIRECT_OBJC_ISA_USAGE = YES_ERROR;
				CLANG_WARN_DOCUMENTATION_COMMENTS = YES;
				CLANG_WARN_EMPTY_BODY = YES;
				CLANG_WARN_ENUM_CONVERSION = YES;
				CLANG_WARN_INFINITE_RECURSION = YES;
				CLANG_WARN_INT_CONVERSION = YES;
				CLANG_WARN_NON_LITERAL_NULL_CONVERSION = YES;
				CLANG_WARN_OBJC_IMPLICIT_RETAIN_SELF = YES;
				CLANG_WARN_OBJC_LITERAL_CONVERSION = YES;
				CLANG_WARN_OBJC_ROOT_CLASS = YES_ERROR;
				CLANG_WARN_QUOTED_INCLUDE_IN_FRAMEWORK_HEADER = YES;
				CLANG_WARN_RANGE_LOOP_ANALYSIS = YES;
				CLANG_WARN_STRICT_PROTOTYPES = YES;
				CLANG_WARN_SUSPICIOUS_MOVE = YES;
				CLANG_WARN_UNGUARDED_AVAILABILITY = YES_AGGRESSIVE;
				CLANG_WARN_UNREACHABLE_CODE = YES;
				CLANG_WARN__DUPLICATE_METHOD_MATCH = YES;
				COPY_PHASE_STRIP = NO;
				DEAD_CODE_STRIPPING = YES;
				DEBUG_INFORMATION_FORMAT = dwarf;
				ENABLE_STRICT_OBJC_MSGSEND = YES;
				ENABLE_TESTABILITY = YES;
				GCC_C_LANGUAGE_STANDARD = gnu11;
				GCC_DYNAMIC_NO_PIC = NO;
				GCC_NO_COMMON_BLOCKS = YES;
				GCC_OPTIMIZATION_LEVEL = 0;
				GCC_PREPROCESSOR_DEFINITIONS = (
					"DEBUG=1",
					"$(inherited)",
				);
				GCC_WARN_64_TO_32_BIT_CONVERSION = YES;
				GCC_WARN_ABOUT_RETURN_TYPE = YES_ERROR;
				GCC_WARN_UNDECLARED_SELECTOR = YES;
				GCC_WARN_UNINITIALIZED_AUTOS = YES_AGGRESSIVE;
				GCC_WARN_UNUSED_FUNCTION = YES;
				GCC_WARN_UNUSED_VARIABLE = YES;
				MTL_ENABLE_DEBUG_INFO = YES;
				ONLY_ACTIVE_ARCH = YES;
				PRODUCT_NAME = "$(TARGET_NAME)";
			};
			name = Debug;
		};
		D874AF52C330AA1B6C56064C /* Debug */ = {
			isa = XCBuildConfiguration;
			buildSettings = {
				ASSETCATALOG_COMPILER_APPICON_NAME = AppIcon;
				CODE_SIGN_IDENTITY = "iPhone Developer";
				ENABLE_PREVIEWS = YES;
				INFOPLIST_FILE = "Derived/InfoPlists/ShopLiveDemo-Info.plist";
				IPHONEOS_DEPLOYMENT_TARGET = 12.0;
				LD_RUNPATH_SEARCH_PATHS = (
					"$(inherited)",
					"@executable_path/Frameworks",
				);
				PRODUCT_BUNDLE_IDENTIFIER = com.app.shoplive.whole.demo;
				PRODUCT_NAME = ShopLiveDemo;
				SDKROOT = iphoneos;
				SUPPORTS_MACCATALYST = NO;
				SUPPORTS_MAC_DESIGNED_FOR_IPHONE_IPAD = YES;
				SUPPORTS_XR_DESIGNED_FOR_IPHONE_IPAD = NO;
				SWIFT_ACTIVE_COMPILATION_CONDITIONS = DEBUG;
				SWIFT_COMPILATION_MODE = singlefile;
				SWIFT_OPTIMIZATION_LEVEL = "-Onone";
				SWIFT_VERSION = 5.0;
				TARGETED_DEVICE_FAMILY = 1;
			};
			name = Debug;
		};
/* End XCBuildConfiguration section */

/* Begin XCConfigurationList section */
		6BF630DBC053BC8B63DCC651 /* Build configuration list for PBXNativeTarget "ShopLiveDemo" */ = {
			isa = XCConfigurationList;
			buildConfigurations = (
				D874AF52C330AA1B6C56064C /* Debug */,
				023E0CC6D224302B611DDA78 /* Release */,
			);
			defaultConfigurationIsVisible = 0;
			defaultConfigurationName = Release;
		};
		D0B28E331A7F3583F6609A5E /* Build configuration list for PBXProject "ShopLiveDemo" */ = {
			isa = XCConfigurationList;
			buildConfigurations = (
				56F0FA0F065B733CED112DCD /* Debug */,
				41A9C2BADFF3D940FE5FB991 /* Release */,
			);
			defaultConfigurationIsVisible = 0;
			defaultConfigurationName = Release;
		};
/* End XCConfigurationList section */
	};
	rootObject = 7EEAFBEABE744A5A79A1E872 /* Project object */;
}
